// !$*UTF8*$!
{
	archiveVersion = 1;
	classes = {
	};
	objectVersion = 46;
	objects = {

/* Begin PBXBuildFile section */
		373F0CBD1F2A0CFE001ED2C3 /* AppDelegate.swift in Sources */ = {isa = PBXBuildFile; fileRef = 373F0CBC1F2A0CFE001ED2C3 /* AppDelegate.swift */; };
		373F0CBF1F2A0CFE001ED2C3 /* ViewController.swift in Sources */ = {isa = PBXBuildFile; fileRef = 373F0CBE1F2A0CFE001ED2C3 /* ViewController.swift */; };
		373F0CC21F2A0CFE001ED2C3 /* Main.storyboard in Resources */ = {isa = PBXBuildFile; fileRef = 373F0CC01F2A0CFE001ED2C3 /* Main.storyboard */; };
		373F0CC41F2A0CFE001ED2C3 /* Assets.xcassets in Resources */ = {isa = PBXBuildFile; fileRef = 373F0CC31F2A0CFE001ED2C3 /* Assets.xcassets */; };
		373F0CC71F2A0CFE001ED2C3 /* LaunchScreen.storyboard in Resources */ = {isa = PBXBuildFile; fileRef = 373F0CC51F2A0CFE001ED2C3 /* LaunchScreen.storyboard */; };
		373F0CD21F2A0CFE001ED2C3 /* PermanentDataStorageTests.swift in Sources */ = {isa = PBXBuildFile; fileRef = 373F0CD11F2A0CFE001ED2C3 /* PermanentDataStorageTests.swift */; };
		373F0CDD1F2A0CFE001ED2C3 /* PermanentDataStorageUITests.swift in Sources */ = {isa = PBXBuildFile; fileRef = 373F0CDC1F2A0CFE001ED2C3 /* PermanentDataStorageUITests.swift */; };
/* End PBXBuildFile section */

/* Begin PBXContainerItemProxy section */
		373F0CCE1F2A0CFE001ED2C3 /* PBXContainerItemProxy */ = {
			isa = PBXContainerItemProxy;
			containerPortal = 373F0CB11F2A0CFE001ED2C3 /* Project object */;
			proxyType = 1;
			remoteGlobalIDString = 373F0CB81F2A0CFE001ED2C3;
			remoteInfo = PermanentDataStorage;
		};
		373F0CD91F2A0CFE001ED2C3 /* PBXContainerItemProxy */ = {
			isa = PBXContainerItemProxy;
			containerPortal = 373F0CB11F2A0CFE001ED2C3 /* Project object */;
			proxyType = 1;
			remoteGlobalIDString = 373F0CB81F2A0CFE001ED2C3;
			remoteInfo = PermanentDataStorage;
		};
/* End PBXContainerItemProxy section */

/* Begin PBXFileReference section */
		373F0CB91F2A0CFE001ED2C3 /* PermanentDataStorage.app */ = {isa = PBXFileReference; explicitFileType = wrapper.application; includeInIndex = 0; path = PermanentDataStorage.app; sourceTree = BUILT_PRODUCTS_DIR; };
		373F0CBC1F2A0CFE001ED2C3 /* AppDelegate.swift */ = {isa = PBXFileReference; lastKnownFileType = sourcecode.swift; path = AppDelegate.swift; sourceTree = "<group>"; };
		373F0CBE1F2A0CFE001ED2C3 /* ViewController.swift */ = {isa = PBXFileReference; lastKnownFileType = sourcecode.swift; path = ViewController.swift; sourceTree = "<group>"; };
		373F0CC11F2A0CFE001ED2C3 /* Base */ = {isa = PBXFileReference; lastKnownFileType = file.storyboard; name = Base; path = Base.lproj/Main.storyboard; sourceTree = "<group>"; };
		373F0CC31F2A0CFE001ED2C3 /* Assets.xcassets */ = {isa = PBXFileReference; lastKnownFileType = folder.assetcatalog; path = Assets.xcassets; sourceTree = "<group>"; };
		373F0CC61F2A0CFE001ED2C3 /* Base */ = {isa = PBXFileReference; lastKnownFileType = file.storyboard; name = Base; path = Base.lproj/LaunchScreen.storyboard; sourceTree = "<group>"; };
		373F0CC81F2A0CFE001ED2C3 /* Info.plist */ = {isa = PBXFileReference; lastKnownFileType = text.plist.xml; path = Info.plist; sourceTree = "<group>"; };
		373F0CCD1F2A0CFE001ED2C3 /* PermanentDataStorageTests.xctest */ = {isa = PBXFileReference; explicitFileType = wrapper.cfbundle; includeInIndex = 0; path = PermanentDataStorageTests.xctest; sourceTree = BUILT_PRODUCTS_DIR; };
		373F0CD11F2A0CFE001ED2C3 /* PermanentDataStorageTests.swift */ = {isa = PBXFileReference; lastKnownFileType = sourcecode.swift; path = PermanentDataStorageTests.swift; sourceTree = "<group>"; };
		373F0CD31F2A0CFE001ED2C3 /* Info.plist */ = {isa = PBXFileReference; lastKnownFileType = text.plist.xml; path = Info.plist; sourceTree = "<group>"; };
		373F0CD81F2A0CFE001ED2C3 /* PermanentDataStorageUITests.xctest */ = {isa = PBXFileReference; explicitFileType = wrapper.cfbundle; includeInIndex = 0; path = PermanentDataStorageUITests.xctest; sourceTree = BUILT_PRODUCTS_DIR; };
		373F0CDC1F2A0CFE001ED2C3 /* PermanentDataStorageUITests.swift */ = {isa = PBXFileReference; lastKnownFileType = sourcecode.swift; path = PermanentDataStorageUITests.swift; sourceTree = "<group>"; };
		373F0CDE1F2A0CFE001ED2C3 /* Info.plist */ = {isa = PBXFileReference; lastKnownFileType = text.plist.xml; path = Info.plist; sourceTree = "<group>"; };
/* End PBXFileReference section */

/* Begin PBXFrameworksBuildPhase section */
		373F0CB61F2A0CFE001ED2C3 /* Frameworks */ = {
			isa = PBXFrameworksBuildPhase;
			buildActionMask = 2147483647;
			files = (
			);
			runOnlyForDeploymentPostprocessing = 0;
		};
		373F0CCA1F2A0CFE001ED2C3 /* Frameworks */ = {
			isa = PBXFrameworksBuildPhase;
			buildActionMask = 2147483647;
			files = (
			);
			runOnlyForDeploymentPostprocessing = 0;
		};
		373F0CD51F2A0CFE001ED2C3 /* Frameworks */ = {
			isa = PBXFrameworksBuildPhase;
			buildActionMask = 2147483647;
			files = (
			);
			runOnlyForDeploymentPostprocessing = 0;
		};
/* End PBXFrameworksBuildPhase section */

/* Begin PBXGroup section */
		373F0CB01F2A0CFE001ED2C3 = {
			isa = PBXGroup;
			children = (
				373F0CBB1F2A0CFE001ED2C3 /* PermanentDataStorage */,
				373F0CD01F2A0CFE001ED2C3 /* PermanentDataStorageTests */,
				373F0CDB1F2A0CFE001ED2C3 /* PermanentDataStorageUITests */,
				373F0CBA1F2A0CFE001ED2C3 /* Products */,
			);
			sourceTree = "<group>";
		};
		373F0CBA1F2A0CFE001ED2C3 /* Products */ = {
			isa = PBXGroup;
			children = (
				373F0CB91F2A0CFE001ED2C3 /* PermanentDataStorage.app */,
				373F0CCD1F2A0CFE001ED2C3 /* PermanentDataStorageTests.xctest */,
				373F0CD81F2A0CFE001ED2C3 /* PermanentDataStorageUITests.xctest */,
			);
			name = Products;
			sourceTree = "<group>";
		};
		373F0CBB1F2A0CFE001ED2C3 /* PermanentDataStorage */ = {
			isa = PBXGroup;
			children = (
				373F0CBC1F2A0CFE001ED2C3 /* AppDelegate.swift */,
				373F0CBE1F2A0CFE001ED2C3 /* ViewController.swift */,
				373F0CC01F2A0CFE001ED2C3 /* Main.storyboard */,
				373F0CC31F2A0CFE001ED2C3 /* Assets.xcassets */,
				373F0CC51F2A0CFE001ED2C3 /* LaunchScreen.storyboard */,
				373F0CC81F2A0CFE001ED2C3 /* Info.plist */,
			);
			path = PermanentDataStorage;
			sourceTree = "<group>";
		};
		373F0CD01F2A0CFE001ED2C3 /* PermanentDataStorageTests */ = {
			isa = PBXGroup;
			children = (
				373F0CD11F2A0CFE001ED2C3 /* PermanentDataStorageTests.swift */,
				373F0CD31F2A0CFE001ED2C3 /* Info.plist */,
			);
			path = PermanentDataStorageTests;
			sourceTree = "<group>";
		};
		373F0CDB1F2A0CFE001ED2C3 /* PermanentDataStorageUITests */ = {
			isa = PBXGroup;
			children = (
				373F0CDC1F2A0CFE001ED2C3 /* PermanentDataStorageUITests.swift */,
				373F0CDE1F2A0CFE001ED2C3 /* Info.plist */,
			);
			path = PermanentDataStorageUITests;
			sourceTree = "<group>";
		};
/* End PBXGroup section */

/* Begin PBXNativeTarget section */
		373F0CB81F2A0CFE001ED2C3 /* PermanentDataStorage */ = {
			isa = PBXNativeTarget;
			buildConfigurationList = 373F0CE11F2A0CFE001ED2C3 /* Build configuration list for PBXNativeTarget "PermanentDataStorage" */;
			buildPhases = (
				373F0CB51F2A0CFE001ED2C3 /* Sources */,
				373F0CB61F2A0CFE001ED2C3 /* Frameworks */,
				373F0CB71F2A0CFE001ED2C3 /* Resources */,
			);
			buildRules = (
			);
			dependencies = (
			);
			name = PermanentDataStorage;
			productName = PermanentDataStorage;
			productReference = 373F0CB91F2A0CFE001ED2C3 /* PermanentDataStorage.app */;
			productType = "com.apple.product-type.application";
		};
		373F0CCC1F2A0CFE001ED2C3 /* PermanentDataStorageTests */ = {
			isa = PBXNativeTarget;
			buildConfigurationList = 373F0CE41F2A0CFE001ED2C3 /* Build configuration list for PBXNativeTarget "PermanentDataStorageTests" */;
			buildPhases = (
				373F0CC91F2A0CFE001ED2C3 /* Sources */,
				373F0CCA1F2A0CFE001ED2C3 /* Frameworks */,
				373F0CCB1F2A0CFE001ED2C3 /* Resources */,
			);
			buildRules = (
			);
			dependencies = (
				373F0CCF1F2A0CFE001ED2C3 /* PBXTargetDependency */,
			);
			name = PermanentDataStorageTests;
			productName = PermanentDataStorageTests;
			productReference = 373F0CCD1F2A0CFE001ED2C3 /* PermanentDataStorageTests.xctest */;
			productType = "com.apple.product-type.bundle.unit-test";
		};
		373F0CD71F2A0CFE001ED2C3 /* PermanentDataStorageUITests */ = {
			isa = PBXNativeTarget;
			buildConfigurationList = 373F0CE71F2A0CFE001ED2C3 /* Build configuration list for PBXNativeTarget "PermanentDataStorageUITests" */;
			buildPhases = (
				373F0CD41F2A0CFE001ED2C3 /* Sources */,
				373F0CD51F2A0CFE001ED2C3 /* Frameworks */,
				373F0CD61F2A0CFE001ED2C3 /* Resources */,
			);
			buildRules = (
			);
			dependencies = (
				373F0CDA1F2A0CFE001ED2C3 /* PBXTargetDependency */,
			);
			name = PermanentDataStorageUITests;
			productName = PermanentDataStorageUITests;
			productReference = 373F0CD81F2A0CFE001ED2C3 /* PermanentDataStorageUITests.xctest */;
			productType = "com.apple.product-type.bundle.ui-testing";
		};
/* End PBXNativeTarget section */

/* Begin PBXProject section */
		373F0CB11F2A0CFE001ED2C3 /* Project object */ = {
			isa = PBXProject;
			attributes = {
				LastSwiftUpdateCheck = 0830;
				LastUpgradeCheck = 0830;
				ORGANIZATIONNAME = Ezorro;
				TargetAttributes = {
					373F0CB81F2A0CFE001ED2C3 = {
						CreatedOnToolsVersion = 8.3.1;
						DevelopmentTeam = 9456N4A52E;
						ProvisioningStyle = Automatic;
					};
					373F0CCC1F2A0CFE001ED2C3 = {
						CreatedOnToolsVersion = 8.3.1;
						ProvisioningStyle = Automatic;
						TestTargetID = 373F0CB81F2A0CFE001ED2C3;
					};
					373F0CD71F2A0CFE001ED2C3 = {
						CreatedOnToolsVersion = 8.3.1;
						ProvisioningStyle = Automatic;
						TestTargetID = 373F0CB81F2A0CFE001ED2C3;
					};
				};
			};
			buildConfigurationList = 373F0CB41F2A0CFE001ED2C3 /* Build configuration list for PBXProject "PermanentDataStorage" */;
			compatibilityVersion = "Xcode 3.2";
			developmentRegion = English;
			hasScannedForEncodings = 0;
			knownRegions = (
				en,
				Base,
			);
			mainGroup = 373F0CB01F2A0CFE001ED2C3;
			productRefGroup = 373F0CBA1F2A0CFE001ED2C3 /* Products */;
			projectDirPath = "";
			projectRoot = "";
			targets = (
				373F0CB81F2A0CFE001ED2C3 /* PermanentDataStorage */,
				373F0CCC1F2A0CFE001ED2C3 /* PermanentDataStorageTests */,
				373F0CD71F2A0CFE001ED2C3 /* PermanentDataStorageUITests */,
			);
		};
/* End PBXProject section */

/* Begin PBXResourcesBuildPhase section */
		373F0CB71F2A0CFE001ED2C3 /* Resources */ = {
			isa = PBXResourcesBuildPhase;
			buildActionMask = 2147483647;
			files = (
				373F0CC71F2A0CFE001ED2C3 /* LaunchScreen.storyboard in Resources */,
				373F0CC41F2A0CFE001ED2C3 /* Assets.xcassets in Resources */,
				373F0CC21F2A0CFE001ED2C3 /* Main.storyboard in Resources */,
			);
			runOnlyForDeploymentPostprocessing = 0;
		};
		373F0CCB1F2A0CFE001ED2C3 /* Resources */ = {
			isa = PBXResourcesBuildPhase;
			buildActionMask = 2147483647;
			files = (
			);
			runOnlyForDeploymentPostprocessing = 0;
		};
		373F0CD61F2A0CFE001ED2C3 /* Resources */ = {
			isa = PBXResourcesBuildPhase;
			buildActionMask = 2147483647;
			files = (
			);
			runOnlyForDeploymentPostprocessing = 0;
		};
/* End PBXResourcesBuildPhase section */

/* Begin PBXSourcesBuildPhase section */
		373F0CB51F2A0CFE001ED2C3 /* Sources */ = {
			isa = PBXSourcesBuildPhase;
			buildActionMask = 2147483647;
			files = (
				373F0CBF1F2A0CFE001ED2C3 /* ViewController.swift in Sources */,
				373F0CBD1F2A0CFE001ED2C3 /* AppDelegate.swift in Sources */,
			);
			runOnlyForDeploymentPostprocessing = 0;
		};
		373F0CC91F2A0CFE001ED2C3 /* Sources */ = {
			isa = PBXSourcesBuildPhase;
			buildActionMask = 2147483647;
			files = (
				373F0CD21F2A0CFE001ED2C3 /* PermanentDataStorageTests.swift in Sources */,
			);
			runOnlyForDeploymentPostprocessing = 0;
		};
		373F0CD41F2A0CFE001ED2C3 /* Sources */ = {
			isa = PBXSourcesBuildPhase;
			buildActionMask = 2147483647;
			files = (
				373F0CDD1F2A0CFE001ED2C3 /* PermanentDataStorageUITests.swift in Sources */,
			);
			runOnlyForDeploymentPostprocessing = 0;
		};
/* End PBXSourcesBuildPhase section */

/* Begin PBXTargetDependency section */
		373F0CCF1F2A0CFE001ED2C3 /* PBXTargetDependency */ = {
			isa = PBXTargetDependency;
			target = 373F0CB81F2A0CFE001ED2C3 /* PermanentDataStorage */;
			targetProxy = 373F0CCE1F2A0CFE001ED2C3 /* PBXContainerItemProxy */;
		};
		373F0CDA1F2A0CFE001ED2C3 /* PBXTargetDependency */ = {
			isa = PBXTargetDependency;
			target = 373F0CB81F2A0CFE001ED2C3 /* PermanentDataStorage */;
			targetProxy = 373F0CD91F2A0CFE001ED2C3 /* PBXContainerItemProxy */;
		};
/* End PBXTargetDependency section */

/* Begin PBXVariantGroup section */
		373F0CC01F2A0CFE001ED2C3 /* Main.storyboard */ = {
			isa = PBXVariantGroup;
			children = (
				373F0CC11F2A0CFE001ED2C3 /* Base */,
			);
			name = Main.storyboard;
			sourceTree = "<group>";
		};
		373F0CC51F2A0CFE001ED2C3 /* LaunchScreen.storyboard */ = {
			isa = PBXVariantGroup;
			children = (
				373F0CC61F2A0CFE001ED2C3 /* Base */,
			);
			name = LaunchScreen.storyboard;
			sourceTree = "<group>";
		};
/* End PBXVariantGroup section */

/* Begin XCBuildConfiguration section */
		373F0CDF1F2A0CFE001ED2C3 /* Debug */ = {
			isa = XCBuildConfiguration;
			buildSettings = {
				ALWAYS_SEARCH_USER_PATHS = NO;
				CLANG_ANALYZER_NONNULL = YES;
				CLANG_ANALYZER_NUMBER_OBJECT_CONVERSION = YES_AGGRESSIVE;
				CLANG_CXX_LANGUAGE_STANDARD = "gnu++0x";
				CLANG_CXX_LIBRARY = "libc++";
				CLANG_ENABLE_MODULES = YES;
				CLANG_ENABLE_OBJC_ARC = YES;
				CLANG_WARN_BOOL_CONVERSION = YES;
				CLANG_WARN_CONSTANT_CONVERSION = YES;
				CLANG_WARN_DIRECT_OBJC_ISA_USAGE = YES_ERROR;
				CLANG_WARN_DOCUMENTATION_COMMENTS = YES;
				CLANG_WARN_EMPTY_BODY = YES;
				CLANG_WARN_ENUM_CONVERSION = YES;
				CLANG_WARN_INFINITE_RECURSION = YES;
				CLANG_WARN_INT_CONVERSION = YES;
				CLANG_WARN_OBJC_ROOT_CLASS = YES_ERROR;
				CLANG_WARN_SUSPICIOUS_MOVE = YES;
				CLANG_WARN_UNREACHABLE_CODE = YES;
				CLANG_WARN__DUPLICATE_METHOD_MATCH = YES;
				"CODE_SIGN_IDENTITY[sdk=iphoneos*]" = "iPhone Developer";
				COPY_PHASE_STRIP = NO;
				DEBUG_INFORMATION_FORMAT = dwarf;
				ENABLE_STRICT_OBJC_MSGSEND = YES;
				ENABLE_TESTABILITY = YES;
				GCC_C_LANGUAGE_STANDARD = gnu99;
				GCC_DYNAMIC_NO_PIC = NO;
				GCC_NO_COMMON_BLOCKS = YES;
				GCC_OPTIMIZATION_LEVEL = 0;
				GCC_PREPROCESSOR_DEFINITIONS = (
					"DEBUG=1",
					"$(inherited)",
				);
				GCC_WARN_64_TO_32_BIT_CONVERSION = YES;
				GCC_WARN_ABOUT_RETURN_TYPE = YES_ERROR;
				GCC_WARN_UNDECLARED_SELECTOR = YES;
				GCC_WARN_UNINITIALIZED_AUTOS = YES_AGGRESSIVE;
				GCC_WARN_UNUSED_FUNCTION = YES;
				GCC_WARN_UNUSED_VARIABLE = YES;
				IPHONEOS_DEPLOYMENT_TARGET = 10.3;
				MTL_ENABLE_DEBUG_INFO = YES;
				ONLY_ACTIVE_ARCH = YES;
				SDKROOT = iphoneos;
				SWIFT_ACTIVE_COMPILATION_CONDITIONS = DEBUG;
				SWIFT_OPTIMIZATION_LEVEL = "-Onone";
			};
			name = Debug;
		};
		373F0CE01F2A0CFE001ED2C3 /* Release */ = {
			isa = XCBuildConfiguration;
			buildSettings = {
				ALWAYS_SEARCH_USER_PATHS = NO;
				CLANG_ANALYZER_NONNULL = YES;
				CLANG_ANALYZER_NUMBER_OBJECT_CONVERSION = YES_AGGRESSIVE;
				CLANG_CXX_LANGUAGE_STANDARD = "gnu++0x";
				CLANG_CXX_LIBRARY = "libc++";
				CLANG_ENABLE_MODULES = YES;
				CLANG_ENABLE_OBJC_ARC = YES;
				CLANG_WARN_BOOL_CONVERSION = YES;
				CLANG_WARN_CONSTANT_CONVERSION = YES;
				CLANG_WARN_DIRECT_OBJC_ISA_USAGE = YES_ERROR;
				CLANG_WARN_DOCUMENTATION_COMMENTS = YES;
				CLANG_WARN_EMPTY_BODY = YES;
				CLANG_WARN_ENUM_CONVERSION = YES;
				CLANG_WARN_INFINITE_RECURSION = YES;
				CLANG_WARN_INT_CONVERSION = YES;
				CLANG_WARN_OBJC_ROOT_CLASS = YES_ERROR;
				CLANG_WARN_SUSPICIOUS_MOVE = YES;
				CLANG_WARN_UNREACHABLE_CODE = YES;
				CLANG_WARN__DUPLICATE_METHOD_MATCH = YES;
				"CODE_SIGN_IDENTITY[sdk=iphoneos*]" = "iPhone Developer";
				COPY_PHASE_STRIP = NO;
				DEBUG_INFORMATION_FORMAT = "dwarf-with-dsym";
				ENABLE_NS_ASSERTIONS = NO;
				ENABLE_STRICT_OBJC_MSGSEND = YES;
				GCC_C_LANGUAGE_STANDARD = gnu99;
				GCC_NO_COMMON_BLOCKS = YES;
				GCC_WARN_64_TO_32_BIT_CONVERSION = YES;
				GCC_WARN_ABOUT_RETURN_TYPE = YES_ERROR;
				GCC_WARN_UNDECLARED_SELECTOR = YES;
				GCC_WARN_UNINITIALIZED_AUTOS = YES_AGGRESSIVE;
				GCC_WARN_UNUSED_FUNCTION = YES;
				GCC_WARN_UNUSED_VARIABLE = YES;
				IPHONEOS_DEPLOYMENT_TARGET = 10.3;
				MTL_ENABLE_DEBUG_INFO = NO;
				SDKROOT = iphoneos;
				SWIFT_OPTIMIZATION_LEVEL = "-Owholemodule";
				VALIDATE_PRODUCT = YES;
			};
			name = Release;
		};
		373F0CE21F2A0CFE001ED2C3 /* Debug */ = {
			isa = XCBuildConfiguration;
			buildSettings = {
				ASSETCATALOG_COMPILER_APPICON_NAME = AppIcon;
				DEVELOPMENT_TEAM = 9456N4A52E;
				INFOPLIST_FILE = PermanentDataStorage/Info.plist;
				LD_RUNPATH_SEARCH_PATHS = "$(inherited) @executable_path/Frameworks";
				PRODUCT_BUNDLE_IDENTIFIER = com.ezorro.PermanentDataStorage;
				PRODUCT_NAME = "$(TARGET_NAME)";
				SWIFT_VERSION = 3.0;
			};
			name = Debug;
		};
		373F0CE31F2A0CFE001ED2C3 /* Release */ = {
			isa = XCBuildConfiguration;
			buildSettings = {
				ASSETCATALOG_COMPILER_APPICON_NAME = AppIcon;
				DEVELOPMENT_TEAM = 9456N4A52E;
				INFOPLIST_FILE = PermanentDataStorage/Info.plist;
				LD_RUNPATH_SEARCH_PATHS = "$(inherited) @executable_path/Frameworks";
				PRODUCT_BUNDLE_IDENTIFIER = com.ezorro.PermanentDataStorage;
				PRODUCT_NAME = "$(TARGET_NAME)";
				SWIFT_VERSION = 3.0;
			};
			name = Release;
		};
		373F0CE51F2A0CFE001ED2C3 /* Debug */ = {
			isa = XCBuildConfiguration;
			buildSettings = {
				ALWAYS_EMBED_SWIFT_STANDARD_LIBRARIES = YES;
				BUNDLE_LOADER = "$(TEST_HOST)";
				INFOPLIST_FILE = PermanentDataStorageTests/Info.plist;
				LD_RUNPATH_SEARCH_PATHS = "$(inherited) @executable_path/Frameworks @loader_path/Frameworks";
				PRODUCT_BUNDLE_IDENTIFIER = com.ezorro.PermanentDataStorageTests;
				PRODUCT_NAME = "$(TARGET_NAME)";
				SWIFT_VERSION = 3.0;
				TEST_HOST = "$(BUILT_PRODUCTS_DIR)/PermanentDataStorage.app/PermanentDataStorage";
			};
			name = Debug;
		};
		373F0CE61F2A0CFE001ED2C3 /* Release */ = {
			isa = XCBuildConfiguration;
			buildSettings = {
				ALWAYS_EMBED_SWIFT_STANDARD_LIBRARIES = YES;
				BUNDLE_LOADER = "$(TEST_HOST)";
				INFOPLIST_FILE = PermanentDataStorageTests/Info.plist;
				LD_RUNPATH_SEARCH_PATHS = "$(inherited) @executable_path/Frameworks @loader_path/Frameworks";
				PRODUCT_BUNDLE_IDENTIFIER = com.ezorro.PermanentDataStorageTests;
				PRODUCT_NAME = "$(TARGET_NAME)";
				SWIFT_VERSION = 3.0;
				TEST_HOST = "$(BUILT_PRODUCTS_DIR)/PermanentDataStorage.app/PermanentDataStorage";
			};
			name = Release;
		};
		373F0CE81F2A0CFE001ED2C3 /* Debug */ = {
			isa = XCBuildConfiguration;
			buildSettings = {
				ALWAYS_EMBED_SWIFT_STANDARD_LIBRARIES = YES;
				INFOPLIST_FILE = PermanentDataStorageUITests/Info.plist;
				LD_RUNPATH_SEARCH_PATHS = "$(inherited) @executable_path/Frameworks @loader_path/Frameworks";
				PRODUCT_BUNDLE_IDENTIFIER = com.ezorro.PermanentDataStorageUITests;
				PRODUCT_NAME = "$(TARGET_NAME)";
				SWIFT_VERSION = 3.0;
				TEST_TARGET_NAME = PermanentDataStorage;
			};
			name = Debug;
		};
		373F0CE91F2A0CFE001ED2C3 /* Release */ = {
			isa = XCBuildConfiguration;
			buildSettings = {
				ALWAYS_EMBED_SWIFT_STANDARD_LIBRARIES = YES;
				INFOPLIST_FILE = PermanentDataStorageUITests/Info.plist;
				LD_RUNPATH_SEARCH_PATHS = "$(inherited) @executable_path/Frameworks @loader_path/Frameworks";
				PRODUCT_BUNDLE_IDENTIFIER = com.ezorro.PermanentDataStorageUITests;
				PRODUCT_NAME = "$(TARGET_NAME)";
				SWIFT_VERSION = 3.0;
				TEST_TARGET_NAME = PermanentDataStorage;
			};
			name = Release;
		};
/* End XCBuildConfiguration section */

/* Begin XCConfigurationList section */
		373F0CB41F2A0CFE001ED2C3 /* Build configuration list for PBXProject "PermanentDataStorage" */ = {
			isa = XCConfigurationList;
			buildConfigurations = (
				373F0CDF1F2A0CFE001ED2C3 /* Debug */,
				373F0CE01F2A0CFE001ED2C3 /* Release */,
			);
			defaultConfigurationIsVisible = 0;
			defaultConfigurationName = Release;
		};
		373F0CE11F2A0CFE001ED2C3 /* Build configuration list for PBXNativeTarget "PermanentDataStorage" */ = {
			isa = XCConfigurationList;
			buildConfigurations = (
				373F0CE21F2A0CFE001ED2C3 /* Debug */,
				373F0CE31F2A0CFE001ED2C3 /* Release */,
			);
			defaultConfigurationIsVisible = 0;
		};
		373F0CE41F2A0CFE001ED2C3 /* Build configuration list for PBXNativeTarget "PermanentDataStorageTests" */ = {
			isa = XCConfigurationList;
			buildConfigurations = (
				373F0CE51F2A0CFE001ED2C3 /* Debug */,
				373F0CE61F2A0CFE001ED2C3 /* Release */,
			);
			defaultConfigurationIsVisible = 0;
		};
		373F0CE71F2A0CFE001ED2C3 /* Build configuration list for PBXNativeTarget "PermanentDataStorageUITests" */ = {
			isa = XCConfigurationList;
			buildConfigurations = (
				373F0CE81F2A0CFE001ED2C3 /* Debug */,
				373F0CE91F2A0CFE001ED2C3 /* Release */,
			);
			defaultConfigurationIsVisible = 0;
		};
/* End XCConfigurationList section */
	};
	rootObject = 373F0CB11F2A0CFE001ED2C3 /* Project object */;
}
