// !$*UTF8*$!
{
	archiveVersion = 1;
	classes = {
	};
	objectVersion = 46;
	objects = {

/* Begin PBXBuildFile section */
		370304C01F26188A006C8E7B /* AppDelegate.swift in Sources */ = {isa = PBXBuildFile; fileRef = 370304BF1F26188A006C8E7B /* AppDelegate.swift */; };
		370304C21F26188A006C8E7B /* ViewController.swift in Sources */ = {isa = PBXBuildFile; fileRef = 370304C11F26188A006C8E7B /* ViewController.swift */; };
		370304C51F26188A006C8E7B /* Main.storyboard in Resources */ = {isa = PBXBuildFile; fileRef = 370304C31F26188A006C8E7B /* Main.storyboard */; };
		370304C71F26188A006C8E7B /* Assets.xcassets in Resources */ = {isa = PBXBuildFile; fileRef = 370304C61F26188A006C8E7B /* Assets.xcassets */; };
		370304CA1F26188A006C8E7B /* LaunchScreen.storyboard in Resources */ = {isa = PBXBuildFile; fileRef = 370304C81F26188A006C8E7B /* LaunchScreen.storyboard */; };
		370304D51F26188A006C8E7B /* TaskTests.swift in Sources */ = {isa = PBXBuildFile; fileRef = 370304D41F26188A006C8E7B /* TaskTests.swift */; };
		370304E01F26188A006C8E7B /* TaskUITests.swift in Sources */ = {isa = PBXBuildFile; fileRef = 370304DF1F26188A006C8E7B /* TaskUITests.swift */; };
		370304EE1F2632C4006C8E7B /* Swift+Gif.swift in Sources */ = {isa = PBXBuildFile; fileRef = 370304ED1F2632C4006C8E7B /* Swift+Gif.swift */; };
		370305041F263D2F006C8E7B /* sidemenu.png in Resources */ = {isa = PBXBuildFile; fileRef = 370305031F263D2F006C8E7B /* sidemenu.png */; };
		376BF19F1F30D095008E5720 /* splashscreen.png in Resources */ = {isa = PBXBuildFile; fileRef = 376BF19E1F30D095008E5720 /* splashscreen.png */; };
		37B6FC361F2B5C0600EBAA17 /* 2.gif in Resources */ = {isa = PBXBuildFile; fileRef = 37B6FC2D1F2B5C0600EBAA17 /* 2.gif */; };
		37B6FC371F2B5C0600EBAA17 /* 3.gif in Resources */ = {isa = PBXBuildFile; fileRef = 37B6FC2E1F2B5C0600EBAA17 /* 3.gif */; };
		37B6FC381F2B5C0600EBAA17 /* 4.gif in Resources */ = {isa = PBXBuildFile; fileRef = 37B6FC2F1F2B5C0600EBAA17 /* 4.gif */; };
		37B6FC391F2B5C0600EBAA17 /* 5.gif in Resources */ = {isa = PBXBuildFile; fileRef = 37B6FC301F2B5C0600EBAA17 /* 5.gif */; };
		37B6FC3A1F2B5C0600EBAA17 /* 6.gif in Resources */ = {isa = PBXBuildFile; fileRef = 37B6FC311F2B5C0600EBAA17 /* 6.gif */; };
		37B6FC3B1F2B5C0600EBAA17 /* 7.gif in Resources */ = {isa = PBXBuildFile; fileRef = 37B6FC321F2B5C0600EBAA17 /* 7.gif */; };
		37B6FC3C1F2B5C0600EBAA17 /* 8.gif in Resources */ = {isa = PBXBuildFile; fileRef = 37B6FC331F2B5C0600EBAA17 /* 8.gif */; };
		37B6FC3D1F2B5C0600EBAA17 /* 9.gif in Resources */ = {isa = PBXBuildFile; fileRef = 37B6FC341F2B5C0600EBAA17 /* 9.gif */; };
		37B6FC3F1F2B5E2800EBAA17 /* 1.gif in Resources */ = {isa = PBXBuildFile; fileRef = 37B6FC3E1F2B5E2800EBAA17 /* 1.gif */; };
/* End PBXBuildFile section */

/* Begin PBXContainerItemProxy section */
		370304D11F26188A006C8E7B /* PBXContainerItemProxy */ = {
			isa = PBXContainerItemProxy;
			containerPortal = 370304B41F26188A006C8E7B /* Project object */;
			proxyType = 1;
			remoteGlobalIDString = 370304BB1F26188A006C8E7B;
			remoteInfo = Task;
		};
		370304DC1F26188A006C8E7B /* PBXContainerItemProxy */ = {
			isa = PBXContainerItemProxy;
			containerPortal = 370304B41F26188A006C8E7B /* Project object */;
			proxyType = 1;
			remoteGlobalIDString = 370304BB1F26188A006C8E7B;
			remoteInfo = Task;
		};
/* End PBXContainerItemProxy section */

/* Begin PBXFileReference section */
		370304BC1F26188A006C8E7B /* Task.app */ = {isa = PBXFileReference; explicitFileType = wrapper.application; includeInIndex = 0; path = Task.app; sourceTree = BUILT_PRODUCTS_DIR; };
		370304BF1F26188A006C8E7B /* AppDelegate.swift */ = {isa = PBXFileReference; lastKnownFileType = sourcecode.swift; path = AppDelegate.swift; sourceTree = "<group>"; };
		370304C11F26188A006C8E7B /* ViewController.swift */ = {isa = PBXFileReference; lastKnownFileType = sourcecode.swift; path = ViewController.swift; sourceTree = "<group>"; };
		370304C41F26188A006C8E7B /* Base */ = {isa = PBXFileReference; lastKnownFileType = file.storyboard; name = Base; path = Base.lproj/Main.storyboard; sourceTree = "<group>"; };
		370304C61F26188A006C8E7B /* Assets.xcassets */ = {isa = PBXFileReference; lastKnownFileType = folder.assetcatalog; path = Assets.xcassets; sourceTree = "<group>"; };
		370304C91F26188A006C8E7B /* Base */ = {isa = PBXFileReference; lastKnownFileType = file.storyboard; name = Base; path = Base.lproj/LaunchScreen.storyboard; sourceTree = "<group>"; };
		370304CB1F26188A006C8E7B /* Info.plist */ = {isa = PBXFileReference; lastKnownFileType = text.plist.xml; path = Info.plist; sourceTree = "<group>"; };
		370304D01F26188A006C8E7B /* TaskTests.xctest */ = {isa = PBXFileReference; explicitFileType = wrapper.cfbundle; includeInIndex = 0; path = TaskTests.xctest; sourceTree = BUILT_PRODUCTS_DIR; };
		370304D41F26188A006C8E7B /* TaskTests.swift */ = {isa = PBXFileReference; lastKnownFileType = sourcecode.swift; path = TaskTests.swift; sourceTree = "<group>"; };
		370304D61F26188A006C8E7B /* Info.plist */ = {isa = PBXFileReference; lastKnownFileType = text.plist.xml; path = Info.plist; sourceTree = "<group>"; };
		370304DB1F26188A006C8E7B /* TaskUITests.xctest */ = {isa = PBXFileReference; explicitFileType = wrapper.cfbundle; includeInIndex = 0; path = TaskUITests.xctest; sourceTree = BUILT_PRODUCTS_DIR; };
		370304DF1F26188A006C8E7B /* TaskUITests.swift */ = {isa = PBXFileReference; lastKnownFileType = sourcecode.swift; path = TaskUITests.swift; sourceTree = "<group>"; };
		370304E11F26188A006C8E7B /* Info.plist */ = {isa = PBXFileReference; lastKnownFileType = text.plist.xml; path = Info.plist; sourceTree = "<group>"; };
		370304ED1F2632C4006C8E7B /* Swift+Gif.swift */ = {isa = PBXFileReference; fileEncoding = 4; lastKnownFileType = sourcecode.swift; path = "Swift+Gif.swift"; sourceTree = "<group>"; };
		370305031F263D2F006C8E7B /* sidemenu.png */ = {isa = PBXFileReference; lastKnownFileType = image.png; path = sidemenu.png; sourceTree = "<group>"; };
		376BF19E1F30D095008E5720 /* splashscreen.png */ = {isa = PBXFileReference; lastKnownFileType = image.png; path = splashscreen.png; sourceTree = "<group>"; };
		37B6FC2D1F2B5C0600EBAA17 /* 2.gif */ = {isa = PBXFileReference; lastKnownFileType = image.gif; path = 2.gif; sourceTree = "<group>"; };
		37B6FC2E1F2B5C0600EBAA17 /* 3.gif */ = {isa = PBXFileReference; lastKnownFileType = image.gif; path = 3.gif; sourceTree = "<group>"; };
		37B6FC2F1F2B5C0600EBAA17 /* 4.gif */ = {isa = PBXFileReference; lastKnownFileType = image.gif; path = 4.gif; sourceTree = "<group>"; };
		37B6FC301F2B5C0600EBAA17 /* 5.gif */ = {isa = PBXFileReference; lastKnownFileType = image.gif; path = 5.gif; sourceTree = "<group>"; };
		37B6FC311F2B5C0600EBAA17 /* 6.gif */ = {isa = PBXFileReference; lastKnownFileType = image.gif; path = 6.gif; sourceTree = "<group>"; };
		37B6FC321F2B5C0600EBAA17 /* 7.gif */ = {isa = PBXFileReference; lastKnownFileType = image.gif; path = 7.gif; sourceTree = "<group>"; };
		37B6FC331F2B5C0600EBAA17 /* 8.gif */ = {isa = PBXFileReference; lastKnownFileType = image.gif; path = 8.gif; sourceTree = "<group>"; };
		37B6FC341F2B5C0600EBAA17 /* 9.gif */ = {isa = PBXFileReference; lastKnownFileType = image.gif; path = 9.gif; sourceTree = "<group>"; };
		37B6FC3E1F2B5E2800EBAA17 /* 1.gif */ = {isa = PBXFileReference; lastKnownFileType = image.gif; path = 1.gif; sourceTree = "<group>"; };
/* End PBXFileReference section */

/* Begin PBXFrameworksBuildPhase section */
		370304B91F26188A006C8E7B /* Frameworks */ = {
			isa = PBXFrameworksBuildPhase;
			buildActionMask = 2147483647;
			files = (
			);
			runOnlyForDeploymentPostprocessing = 0;
		};
		370304CD1F26188A006C8E7B /* Frameworks */ = {
			isa = PBXFrameworksBuildPhase;
			buildActionMask = 2147483647;
			files = (
			);
			runOnlyForDeploymentPostprocessing = 0;
		};
		370304D81F26188A006C8E7B /* Frameworks */ = {
			isa = PBXFrameworksBuildPhase;
			buildActionMask = 2147483647;
			files = (
			);
			runOnlyForDeploymentPostprocessing = 0;
		};
/* End PBXFrameworksBuildPhase section */

/* Begin PBXGroup section */
		370304B31F26188A006C8E7B = {
			isa = PBXGroup;
			children = (
				370304BE1F26188A006C8E7B /* Task */,
				370304D31F26188A006C8E7B /* TaskTests */,
				370304DE1F26188A006C8E7B /* TaskUITests */,
				370304BD1F26188A006C8E7B /* Products */,
			);
			sourceTree = "<group>";
		};
		370304BD1F26188A006C8E7B /* Products */ = {
			isa = PBXGroup;
			children = (
				370304BC1F26188A006C8E7B /* Task.app */,
				370304D01F26188A006C8E7B /* TaskTests.xctest */,
				370304DB1F26188A006C8E7B /* TaskUITests.xctest */,
			);
			name = Products;
			sourceTree = "<group>";
		};
		370304BE1F26188A006C8E7B /* Task */ = {
			isa = PBXGroup;
			children = (
				370304BF1F26188A006C8E7B /* AppDelegate.swift */,
				370304C11F26188A006C8E7B /* ViewController.swift */,
				370304ED1F2632C4006C8E7B /* Swift+Gif.swift */,
				370305031F263D2F006C8E7B /* sidemenu.png */,
				370304C31F26188A006C8E7B /* Main.storyboard */,
				37B6FC2D1F2B5C0600EBAA17 /* 2.gif */,
				37B6FC3E1F2B5E2800EBAA17 /* 1.gif */,
				37B6FC2E1F2B5C0600EBAA17 /* 3.gif */,
				37B6FC2F1F2B5C0600EBAA17 /* 4.gif */,
				37B6FC301F2B5C0600EBAA17 /* 5.gif */,
				37B6FC311F2B5C0600EBAA17 /* 6.gif */,
				37B6FC321F2B5C0600EBAA17 /* 7.gif */,
				37B6FC331F2B5C0600EBAA17 /* 8.gif */,
				37B6FC341F2B5C0600EBAA17 /* 9.gif */,
				376BF19E1F30D095008E5720 /* splashscreen.png */,
				370304C61F26188A006C8E7B /* Assets.xcassets */,
				370304C81F26188A006C8E7B /* LaunchScreen.storyboard */,
				370304CB1F26188A006C8E7B /* Info.plist */,
			);
			path = Task;
			sourceTree = "<group>";
		};
		370304D31F26188A006C8E7B /* TaskTests */ = {
			isa = PBXGroup;
			children = (
				370304D41F26188A006C8E7B /* TaskTests.swift */,
				370304D61F26188A006C8E7B /* Info.plist */,
			);
			path = TaskTests;
			sourceTree = "<group>";
		};
		370304DE1F26188A006C8E7B /* TaskUITests */ = {
			isa = PBXGroup;
			children = (
				370304DF1F26188A006C8E7B /* TaskUITests.swift */,
				370304E11F26188A006C8E7B /* Info.plist */,
			);
			path = TaskUITests;
			sourceTree = "<group>";
		};
/* End PBXGroup section */

/* Begin PBXNativeTarget section */
		370304BB1F26188A006C8E7B /* Task */ = {
			isa = PBXNativeTarget;
			buildConfigurationList = 370304E41F26188A006C8E7B /* Build configuration list for PBXNativeTarget "Task" */;
			buildPhases = (
				370304B81F26188A006C8E7B /* Sources */,
				370304B91F26188A006C8E7B /* Frameworks */,
				370304BA1F26188A006C8E7B /* Resources */,
			);
			buildRules = (
			);
			dependencies = (
			);
			name = Task;
			productName = Task;
			productReference = 370304BC1F26188A006C8E7B /* Task.app */;
			productType = "com.apple.product-type.application";
		};
		370304CF1F26188A006C8E7B /* TaskTests */ = {
			isa = PBXNativeTarget;
			buildConfigurationList = 370304E71F26188A006C8E7B /* Build configuration list for PBXNativeTarget "TaskTests" */;
			buildPhases = (
				370304CC1F26188A006C8E7B /* Sources */,
				370304CD1F26188A006C8E7B /* Frameworks */,
				370304CE1F26188A006C8E7B /* Resources */,
			);
			buildRules = (
			);
			dependencies = (
				370304D21F26188A006C8E7B /* PBXTargetDependency */,
			);
			name = TaskTests;
			productName = TaskTests;
			productReference = 370304D01F26188A006C8E7B /* TaskTests.xctest */;
			productType = "com.apple.product-type.bundle.unit-test";
		};
		370304DA1F26188A006C8E7B /* TaskUITests */ = {
			isa = PBXNativeTarget;
			buildConfigurationList = 370304EA1F26188A006C8E7B /* Build configuration list for PBXNativeTarget "TaskUITests" */;
			buildPhases = (
				370304D71F26188A006C8E7B /* Sources */,
				370304D81F26188A006C8E7B /* Frameworks */,
				370304D91F26188A006C8E7B /* Resources */,
			);
			buildRules = (
			);
			dependencies = (
				370304DD1F26188A006C8E7B /* PBXTargetDependency */,
			);
			name = TaskUITests;
			productName = TaskUITests;
			productReference = 370304DB1F26188A006C8E7B /* TaskUITests.xctest */;
			productType = "com.apple.product-type.bundle.ui-testing";
		};
/* End PBXNativeTarget section */

/* Begin PBXProject section */
		370304B41F26188A006C8E7B /* Project object */ = {
			isa = PBXProject;
			attributes = {
				LastSwiftUpdateCheck = 0830;
				LastUpgradeCheck = 0830;
				ORGANIZATIONNAME = Ezorro;
				TargetAttributes = {
					370304BB1F26188A006C8E7B = {
						CreatedOnToolsVersion = 8.3.1;
						DevelopmentTeam = 9456N4A52E;
						ProvisioningStyle = Automatic;
					};
					370304CF1F26188A006C8E7B = {
						CreatedOnToolsVersion = 8.3.1;
						ProvisioningStyle = Automatic;
						TestTargetID = 370304BB1F26188A006C8E7B;
					};
					370304DA1F26188A006C8E7B = {
						CreatedOnToolsVersion = 8.3.1;
						ProvisioningStyle = Automatic;
						TestTargetID = 370304BB1F26188A006C8E7B;
					};
				};
			};
			buildConfigurationList = 370304B71F26188A006C8E7B /* Build configuration list for PBXProject "Task" */;
			compatibilityVersion = "Xcode 3.2";
			developmentRegion = English;
			hasScannedForEncodings = 0;
			knownRegions = (
				en,
				Base,
			);
			mainGroup = 370304B31F26188A006C8E7B;
			productRefGroup = 370304BD1F26188A006C8E7B /* Products */;
			projectDirPath = "";
			projectRoot = "";
			targets = (
				370304BB1F26188A006C8E7B /* Task */,
				370304CF1F26188A006C8E7B /* TaskTests */,
				370304DA1F26188A006C8E7B /* TaskUITests */,
			);
		};
/* End PBXProject section */

/* Begin PBXResourcesBuildPhase section */
		370304BA1F26188A006C8E7B /* Resources */ = {
			isa = PBXResourcesBuildPhase;
			buildActionMask = 2147483647;
			files = (
				376BF19F1F30D095008E5720 /* splashscreen.png in Resources */,
				37B6FC3B1F2B5C0600EBAA17 /* 7.gif in Resources */,
				370304CA1F26188A006C8E7B /* LaunchScreen.storyboard in Resources */,
				370304C71F26188A006C8E7B /* Assets.xcassets in Resources */,
				37B6FC3D1F2B5C0600EBAA17 /* 9.gif in Resources */,
				37B6FC3F1F2B5E2800EBAA17 /* 1.gif in Resources */,
				370305041F263D2F006C8E7B /* sidemenu.png in Resources */,
				37B6FC3A1F2B5C0600EBAA17 /* 6.gif in Resources */,
				37B6FC391F2B5C0600EBAA17 /* 5.gif in Resources */,
				37B6FC371F2B5C0600EBAA17 /* 3.gif in Resources */,
				37B6FC361F2B5C0600EBAA17 /* 2.gif in Resources */,
				37B6FC381F2B5C0600EBAA17 /* 4.gif in Resources */,
				37B6FC3C1F2B5C0600EBAA17 /* 8.gif in Resources */,
				370304C51F26188A006C8E7B /* Main.storyboard in Resources */,
			);
			runOnlyForDeploymentPostprocessing = 0;
		};
		370304CE1F26188A006C8E7B /* Resources */ = {
			isa = PBXResourcesBuildPhase;
			buildActionMask = 2147483647;
			files = (
			);
			runOnlyForDeploymentPostprocessing = 0;
		};
		370304D91F26188A006C8E7B /* Resources */ = {
			isa = PBXResourcesBuildPhase;
			buildActionMask = 2147483647;
			files = (
			);
			runOnlyForDeploymentPostprocessing = 0;
		};
/* End PBXResourcesBuildPhase section */

/* Begin PBXSourcesBuildPhase section */
		370304B81F26188A006C8E7B /* Sources */ = {
			isa = PBXSourcesBuildPhase;
			buildActionMask = 2147483647;
			files = (
				370304C21F26188A006C8E7B /* ViewController.swift in Sources */,
				370304EE1F2632C4006C8E7B /* Swift+Gif.swift in Sources */,
				370304C01F26188A006C8E7B /* AppDelegate.swift in Sources */,
			);
			runOnlyForDeploymentPostprocessing = 0;
		};
		370304CC1F26188A006C8E7B /* Sources */ = {
			isa = PBXSourcesBuildPhase;
			buildActionMask = 2147483647;
			files = (
				370304D51F26188A006C8E7B /* TaskTests.swift in Sources */,
			);
			runOnlyForDeploymentPostprocessing = 0;
		};
		370304D71F26188A006C8E7B /* Sources */ = {
			isa = PBXSourcesBuildPhase;
			buildActionMask = 2147483647;
			files = (
				370304E01F26188A006C8E7B /* TaskUITests.swift in Sources */,
			);
			runOnlyForDeploymentPostprocessing = 0;
		};
/* End PBXSourcesBuildPhase section */

/* Begin PBXTargetDependency section */
		370304D21F26188A006C8E7B /* PBXTargetDependency */ = {
			isa = PBXTargetDependency;
			target = 370304BB1F26188A006C8E7B /* Task */;
			targetProxy = 370304D11F26188A006C8E7B /* PBXContainerItemProxy */;
		};
		370304DD1F26188A006C8E7B /* PBXTargetDependency */ = {
			isa = PBXTargetDependency;
			target = 370304BB1F26188A006C8E7B /* Task */;
			targetProxy = 370304DC1F26188A006C8E7B /* PBXContainerItemProxy */;
		};
/* End PBXTargetDependency section */

/* Begin PBXVariantGroup section */
		370304C31F26188A006C8E7B /* Main.storyboard */ = {
			isa = PBXVariantGroup;
			children = (
				370304C41F26188A006C8E7B /* Base */,
			);
			name = Main.storyboard;
			sourceTree = "<group>";
		};
		370304C81F26188A006C8E7B /* LaunchScreen.storyboard */ = {
			isa = PBXVariantGroup;
			children = (
				370304C91F26188A006C8E7B /* Base */,
			);
			name = LaunchScreen.storyboard;
			sourceTree = "<group>";
		};
/* End PBXVariantGroup section */

/* Begin XCBuildConfiguration section */
		370304E21F26188A006C8E7B /* Debug */ = {
			isa = XCBuildConfiguration;
			buildSettings = {
				ALWAYS_SEARCH_USER_PATHS = NO;
				CLANG_ANALYZER_NONNULL = YES;
				CLANG_ANALYZER_NUMBER_OBJECT_CONVERSION = YES_AGGRESSIVE;
				CLANG_CXX_LANGUAGE_STANDARD = "gnu++0x";
				CLANG_CXX_LIBRARY = "libc++";
				CLANG_ENABLE_MODULES = YES;
				CLANG_ENABLE_OBJC_ARC = YES;
				CLANG_WARN_BOOL_CONVERSION = YES;
				CLANG_WARN_CONSTANT_CONVERSION = YES;
				CLANG_WARN_DIRECT_OBJC_ISA_USAGE = YES_ERROR;
				CLANG_WARN_DOCUMENTATION_COMMENTS = YES;
				CLANG_WARN_EMPTY_BODY = YES;
				CLANG_WARN_ENUM_CONVERSION = YES;
				CLANG_WARN_INFINITE_RECURSION = YES;
				CLANG_WARN_INT_CONVERSION = YES;
				CLANG_WARN_OBJC_ROOT_CLASS = YES_ERROR;
				CLANG_WARN_SUSPICIOUS_MOVE = YES;
				CLANG_WARN_UNREACHABLE_CODE = YES;
				CLANG_WARN__DUPLICATE_METHOD_MATCH = YES;
				"CODE_SIGN_IDENTITY[sdk=iphoneos*]" = "iPhone Developer";
				COPY_PHASE_STRIP = NO;
				DEBUG_INFORMATION_FORMAT = dwarf;
				ENABLE_STRICT_OBJC_MSGSEND = YES;
				ENABLE_TESTABILITY = YES;
				GCC_C_LANGUAGE_STANDARD = gnu99;
				GCC_DYNAMIC_NO_PIC = NO;
				GCC_NO_COMMON_BLOCKS = YES;
				GCC_OPTIMIZATION_LEVEL = 0;
				GCC_PREPROCESSOR_DEFINITIONS = (
					"DEBUG=1",
					"$(inherited)",
				);
				GCC_WARN_64_TO_32_BIT_CONVERSION = YES;
				GCC_WARN_ABOUT_RETURN_TYPE = YES_ERROR;
				GCC_WARN_UNDECLARED_SELECTOR = YES;
				GCC_WARN_UNINITIALIZED_AUTOS = YES_AGGRESSIVE;
				GCC_WARN_UNUSED_FUNCTION = YES;
				GCC_WARN_UNUSED_VARIABLE = YES;
				IPHONEOS_DEPLOYMENT_TARGET = 10.3;
				MTL_ENABLE_DEBUG_INFO = YES;
				ONLY_ACTIVE_ARCH = YES;
				SDKROOT = iphoneos;
				SWIFT_ACTIVE_COMPILATION_CONDITIONS = DEBUG;
				SWIFT_OPTIMIZATION_LEVEL = "-Onone";
			};
			name = Debug;
		};
		370304E31F26188A006C8E7B /* Release */ = {
			isa = XCBuildConfiguration;
			buildSettings = {
				ALWAYS_SEARCH_USER_PATHS = NO;
				CLANG_ANALYZER_NONNULL = YES;
				CLANG_ANALYZER_NUMBER_OBJECT_CONVERSION = YES_AGGRESSIVE;
				CLANG_CXX_LANGUAGE_STANDARD = "gnu++0x";
				CLANG_CXX_LIBRARY = "libc++";
				CLANG_ENABLE_MODULES = YES;
				CLANG_ENABLE_OBJC_ARC = YES;
				CLANG_WARN_BOOL_CONVERSION = YES;
				CLANG_WARN_CONSTANT_CONVERSION = YES;
				CLANG_WARN_DIRECT_OBJC_ISA_USAGE = YES_ERROR;
				CLANG_WARN_DOCUMENTATION_COMMENTS = YES;
				CLANG_WARN_EMPTY_BODY = YES;
				CLANG_WARN_ENUM_CONVERSION = YES;
				CLANG_WARN_INFINITE_RECURSION = YES;
				CLANG_WARN_INT_CONVERSION = YES;
				CLANG_WARN_OBJC_ROOT_CLASS = YES_ERROR;
				CLANG_WARN_SUSPICIOUS_MOVE = YES;
				CLANG_WARN_UNREACHABLE_CODE = YES;
				CLANG_WARN__DUPLICATE_METHOD_MATCH = YES;
				"CODE_SIGN_IDENTITY[sdk=iphoneos*]" = "iPhone Developer";
				COPY_PHASE_STRIP = NO;
				DEBUG_INFORMATION_FORMAT = "dwarf-with-dsym";
				ENABLE_NS_ASSERTIONS = NO;
				ENABLE_STRICT_OBJC_MSGSEND = YES;
				GCC_C_LANGUAGE_STANDARD = gnu99;
				GCC_NO_COMMON_BLOCKS = YES;
				GCC_WARN_64_TO_32_BIT_CONVERSION = YES;
				GCC_WARN_ABOUT_RETURN_TYPE = YES_ERROR;
				GCC_WARN_UNDECLARED_SELECTOR = YES;
				GCC_WARN_UNINITIALIZED_AUTOS = YES_AGGRESSIVE;
				GCC_WARN_UNUSED_FUNCTION = YES;
				GCC_WARN_UNUSED_VARIABLE = YES;
				IPHONEOS_DEPLOYMENT_TARGET = 10.3;
				MTL_ENABLE_DEBUG_INFO = NO;
				SDKROOT = iphoneos;
				SWIFT_OPTIMIZATION_LEVEL = "-Owholemodule";
				VALIDATE_PRODUCT = YES;
			};
			name = Release;
		};
		370304E51F26188A006C8E7B /* Debug */ = {
			isa = XCBuildConfiguration;
			buildSettings = {
				ASSETCATALOG_COMPILER_APPICON_NAME = AppIcon;
				ASSETCATALOG_COMPILER_LAUNCHIMAGE_NAME = LaunchImage;
				DEVELOPMENT_TEAM = 9456N4A52E;
				INFOPLIST_FILE = Task/Info.plist;
				LD_RUNPATH_SEARCH_PATHS = "$(inherited) @executable_path/Frameworks";
				PRODUCT_BUNDLE_IDENTIFIER = com.ezorro.Task;
				PRODUCT_NAME = "$(TARGET_NAME)";
				SWIFT_VERSION = 3.0;
			};
			name = Debug;
		};
		370304E61F26188A006C8E7B /* Release */ = {
			isa = XCBuildConfiguration;
			buildSettings = {
				ASSETCATALOG_COMPILER_APPICON_NAME = AppIcon;
				ASSETCATALOG_COMPILER_LAUNCHIMAGE_NAME = LaunchImage;
				DEVELOPMENT_TEAM = 9456N4A52E;
				INFOPLIST_FILE = Task/Info.plist;
				LD_RUNPATH_SEARCH_PATHS = "$(inherited) @executable_path/Frameworks";
				PRODUCT_BUNDLE_IDENTIFIER = com.ezorro.Task;
				PRODUCT_NAME = "$(TARGET_NAME)";
				SWIFT_VERSION = 3.0;
			};
			name = Release;
		};
		370304E81F26188A006C8E7B /* Debug */ = {
			isa = XCBuildConfiguration;
			buildSettings = {
				ALWAYS_EMBED_SWIFT_STANDARD_LIBRARIES = YES;
				BUNDLE_LOADER = "$(TEST_HOST)";
				INFOPLIST_FILE = TaskTests/Info.plist;
				LD_RUNPATH_SEARCH_PATHS = "$(inherited) @executable_path/Frameworks @loader_path/Frameworks";
				PRODUCT_BUNDLE_IDENTIFIER = com.ezorro.TaskTests;
				PRODUCT_NAME = "$(TARGET_NAME)";
				SWIFT_VERSION = 3.0;
				TEST_HOST = "$(BUILT_PRODUCTS_DIR)/Task.app/Task";
			};
			name = Debug;
		};
		370304E91F26188A006C8E7B /* Release */ = {
			isa = XCBuildConfiguration;
			buildSettings = {
				ALWAYS_EMBED_SWIFT_STANDARD_LIBRARIES = YES;
				BUNDLE_LOADER = "$(TEST_HOST)";
				INFOPLIST_FILE = TaskTests/Info.plist;
				LD_RUNPATH_SEARCH_PATHS = "$(inherited) @executable_path/Frameworks @loader_path/Frameworks";
				PRODUCT_BUNDLE_IDENTIFIER = com.ezorro.TaskTests;
				PRODUCT_NAME = "$(TARGET_NAME)";
				SWIFT_VERSION = 3.0;
				TEST_HOST = "$(BUILT_PRODUCTS_DIR)/Task.app/Task";
			};
			name = Release;
		};
		370304EB1F26188A006C8E7B /* Debug */ = {
			isa = XCBuildConfiguration;
			buildSettings = {
				ALWAYS_EMBED_SWIFT_STANDARD_LIBRARIES = YES;
				INFOPLIST_FILE = TaskUITests/Info.plist;
				LD_RUNPATH_SEARCH_PATHS = "$(inherited) @executable_path/Frameworks @loader_path/Frameworks";
				PRODUCT_BUNDLE_IDENTIFIER = com.ezorro.TaskUITests;
				PRODUCT_NAME = "$(TARGET_NAME)";
				SWIFT_VERSION = 3.0;
				TEST_TARGET_NAME = Task;
			};
			name = Debug;
		};
		370304EC1F26188A006C8E7B /* Release */ = {
			isa = XCBuildConfiguration;
			buildSettings = {
				ALWAYS_EMBED_SWIFT_STANDARD_LIBRARIES = YES;
				INFOPLIST_FILE = TaskUITests/Info.plist;
				LD_RUNPATH_SEARCH_PATHS = "$(inherited) @executable_path/Frameworks @loader_path/Frameworks";
				PRODUCT_BUNDLE_IDENTIFIER = com.ezorro.TaskUITests;
				PRODUCT_NAME = "$(TARGET_NAME)";
				SWIFT_VERSION = 3.0;
				TEST_TARGET_NAME = Task;
			};
			name = Release;
		};
/* End XCBuildConfiguration section */

/* Begin XCConfigurationList section */
		370304B71F26188A006C8E7B /* Build configuration list for PBXProject "Task" */ = {
			isa = XCConfigurationList;
			buildConfigurations = (
				370304E21F26188A006C8E7B /* Debug */,
				370304E31F26188A006C8E7B /* Release */,
			);
			defaultConfigurationIsVisible = 0;
			defaultConfigurationName = Release;
		};
		370304E41F26188A006C8E7B /* Build configuration list for PBXNativeTarget "Task" */ = {
			isa = XCConfigurationList;
			buildConfigurations = (
				370304E51F26188A006C8E7B /* Debug */,
				370304E61F26188A006C8E7B /* Release */,
			);
			defaultConfigurationIsVisible = 0;
			defaultConfigurationName = Release;
		};
		370304E71F26188A006C8E7B /* Build configuration list for PBXNativeTarget "TaskTests" */ = {
			isa = XCConfigurationList;
			buildConfigurations = (
				370304E81F26188A006C8E7B /* Debug */,
				370304E91F26188A006C8E7B /* Release */,
			);
			defaultConfigurationIsVisible = 0;
			defaultConfigurationName = Release;
		};
		370304EA1F26188A006C8E7B /* Build configuration list for PBXNativeTarget "TaskUITests" */ = {
			isa = XCConfigurationList;
			buildConfigurations = (
				370304EB1F26188A006C8E7B /* Debug */,
				370304EC1F26188A006C8E7B /* Release */,
			);
			defaultConfigurationIsVisible = 0;
			defaultConfigurationName = Release;
		};
/* End XCConfigurationList section */
	};
	rootObject = 370304B41F26188A006C8E7B /* Project object */;
}
