// !$*UTF8*$!
{
	archiveVersion = 1;
	classes = {
	};
	objectVersion = 46;
	objects = {

/* Begin PBXBuildFile section */
		373F0CF71F2A1821001ED2C3 /* AppDelegate.swift in Sources */ = {isa = PBXBuildFile; fileRef = 373F0CF61F2A1821001ED2C3 /* AppDelegate.swift */; };
		373F0CF91F2A1821001ED2C3 /* ViewController.swift in Sources */ = {isa = PBXBuildFile; fileRef = 373F0CF81F2A1821001ED2C3 /* ViewController.swift */; };
		373F0CFC1F2A1821001ED2C3 /* Main.storyboard in Resources */ = {isa = PBXBuildFile; fileRef = 373F0CFA1F2A1821001ED2C3 /* Main.storyboard */; };
		373F0CFE1F2A1821001ED2C3 /* Assets.xcassets in Resources */ = {isa = PBXBuildFile; fileRef = 373F0CFD1F2A1821001ED2C3 /* Assets.xcassets */; };
		373F0D011F2A1821001ED2C3 /* LaunchScreen.storyboard in Resources */ = {isa = PBXBuildFile; fileRef = 373F0CFF1F2A1821001ED2C3 /* LaunchScreen.storyboard */; };
		373F0D0C1F2A1821001ED2C3 /* Whats_My_NumberTests.swift in Sources */ = {isa = PBXBuildFile; fileRef = 373F0D0B1F2A1821001ED2C3 /* Whats_My_NumberTests.swift */; };
		373F0D171F2A1821001ED2C3 /* Whats_My_NumberUITests.swift in Sources */ = {isa = PBXBuildFile; fileRef = 373F0D161F2A1821001ED2C3 /* Whats_My_NumberUITests.swift */; };
/* End PBXBuildFile section */

/* Begin PBXContainerItemProxy section */
		373F0D081F2A1821001ED2C3 /* PBXContainerItemProxy */ = {
			isa = PBXContainerItemProxy;
			containerPortal = 373F0CEB1F2A1821001ED2C3 /* Project object */;
			proxyType = 1;
			remoteGlobalIDString = 373F0CF21F2A1821001ED2C3;
			remoteInfo = "Whats My Number";
		};
		373F0D131F2A1821001ED2C3 /* PBXContainerItemProxy */ = {
			isa = PBXContainerItemProxy;
			containerPortal = 373F0CEB1F2A1821001ED2C3 /* Project object */;
			proxyType = 1;
			remoteGlobalIDString = 373F0CF21F2A1821001ED2C3;
			remoteInfo = "Whats My Number";
		};
/* End PBXContainerItemProxy section */

/* Begin PBXFileReference section */
		373F0CF31F2A1821001ED2C3 /* Whats My Number.app */ = {isa = PBXFileReference; explicitFileType = wrapper.application; includeInIndex = 0; path = "Whats My Number.app"; sourceTree = BUILT_PRODUCTS_DIR; };
		373F0CF61F2A1821001ED2C3 /* AppDelegate.swift */ = {isa = PBXFileReference; lastKnownFileType = sourcecode.swift; path = AppDelegate.swift; sourceTree = "<group>"; };
		373F0CF81F2A1821001ED2C3 /* ViewController.swift */ = {isa = PBXFileReference; lastKnownFileType = sourcecode.swift; path = ViewController.swift; sourceTree = "<group>"; };
		373F0CFB1F2A1821001ED2C3 /* Base */ = {isa = PBXFileReference; lastKnownFileType = file.storyboard; name = Base; path = Base.lproj/Main.storyboard; sourceTree = "<group>"; };
		373F0CFD1F2A1821001ED2C3 /* Assets.xcassets */ = {isa = PBXFileReference; lastKnownFileType = folder.assetcatalog; path = Assets.xcassets; sourceTree = "<group>"; };
		373F0D001F2A1821001ED2C3 /* Base */ = {isa = PBXFileReference; lastKnownFileType = file.storyboard; name = Base; path = Base.lproj/LaunchScreen.storyboard; sourceTree = "<group>"; };
		373F0D021F2A1821001ED2C3 /* Info.plist */ = {isa = PBXFileReference; lastKnownFileType = text.plist.xml; path = Info.plist; sourceTree = "<group>"; };
		373F0D071F2A1821001ED2C3 /* Whats My NumberTests.xctest */ = {isa = PBXFileReference; explicitFileType = wrapper.cfbundle; includeInIndex = 0; path = "Whats My NumberTests.xctest"; sourceTree = BUILT_PRODUCTS_DIR; };
		373F0D0B1F2A1821001ED2C3 /* Whats_My_NumberTests.swift */ = {isa = PBXFileReference; lastKnownFileType = sourcecode.swift; path = Whats_My_NumberTests.swift; sourceTree = "<group>"; };
		373F0D0D1F2A1821001ED2C3 /* Info.plist */ = {isa = PBXFileReference; lastKnownFileType = text.plist.xml; path = Info.plist; sourceTree = "<group>"; };
		373F0D121F2A1821001ED2C3 /* Whats My NumberUITests.xctest */ = {isa = PBXFileReference; explicitFileType = wrapper.cfbundle; includeInIndex = 0; path = "Whats My NumberUITests.xctest"; sourceTree = BUILT_PRODUCTS_DIR; };
		373F0D161F2A1821001ED2C3 /* Whats_My_NumberUITests.swift */ = {isa = PBXFileReference; lastKnownFileType = sourcecode.swift; path = Whats_My_NumberUITests.swift; sourceTree = "<group>"; };
		373F0D181F2A1821001ED2C3 /* Info.plist */ = {isa = PBXFileReference; lastKnownFileType = text.plist.xml; path = Info.plist; sourceTree = "<group>"; };
/* End PBXFileReference section */

/* Begin PBXFrameworksBuildPhase section */
		373F0CF01F2A1821001ED2C3 /* Frameworks */ = {
			isa = PBXFrameworksBuildPhase;
			buildActionMask = 2147483647;
			files = (
			);
			runOnlyForDeploymentPostprocessing = 0;
		};
		373F0D041F2A1821001ED2C3 /* Frameworks */ = {
			isa = PBXFrameworksBuildPhase;
			buildActionMask = 2147483647;
			files = (
			);
			runOnlyForDeploymentPostprocessing = 0;
		};
		373F0D0F1F2A1821001ED2C3 /* Frameworks */ = {
			isa = PBXFrameworksBuildPhase;
			buildActionMask = 2147483647;
			files = (
			);
			runOnlyForDeploymentPostprocessing = 0;
		};
/* End PBXFrameworksBuildPhase section */

/* Begin PBXGroup section */
		373F0CEA1F2A1821001ED2C3 = {
			isa = PBXGroup;
			children = (
				373F0CF51F2A1821001ED2C3 /* Whats My Number */,
				373F0D0A1F2A1821001ED2C3 /* Whats My NumberTests */,
				373F0D151F2A1821001ED2C3 /* Whats My NumberUITests */,
				373F0CF41F2A1821001ED2C3 /* Products */,
			);
			sourceTree = "<group>";
		};
		373F0CF41F2A1821001ED2C3 /* Products */ = {
			isa = PBXGroup;
			children = (
				373F0CF31F2A1821001ED2C3 /* Whats My Number.app */,
				373F0D071F2A1821001ED2C3 /* Whats My NumberTests.xctest */,
				373F0D121F2A1821001ED2C3 /* Whats My NumberUITests.xctest */,
			);
			name = Products;
			sourceTree = "<group>";
		};
		373F0CF51F2A1821001ED2C3 /* Whats My Number */ = {
			isa = PBXGroup;
			children = (
				373F0CF61F2A1821001ED2C3 /* AppDelegate.swift */,
				373F0CF81F2A1821001ED2C3 /* ViewController.swift */,
				373F0CFA1F2A1821001ED2C3 /* Main.storyboard */,
				373F0CFD1F2A1821001ED2C3 /* Assets.xcassets */,
				373F0CFF1F2A1821001ED2C3 /* LaunchScreen.storyboard */,
				373F0D021F2A1821001ED2C3 /* Info.plist */,
			);
			path = "Whats My Number";
			sourceTree = "<group>";
		};
		373F0D0A1F2A1821001ED2C3 /* Whats My NumberTests */ = {
			isa = PBXGroup;
			children = (
				373F0D0B1F2A1821001ED2C3 /* Whats_My_NumberTests.swift */,
				373F0D0D1F2A1821001ED2C3 /* Info.plist */,
			);
			path = "Whats My NumberTests";
			sourceTree = "<group>";
		};
		373F0D151F2A1821001ED2C3 /* Whats My NumberUITests */ = {
			isa = PBXGroup;
			children = (
				373F0D161F2A1821001ED2C3 /* Whats_My_NumberUITests.swift */,
				373F0D181F2A1821001ED2C3 /* Info.plist */,
			);
			path = "Whats My NumberUITests";
			sourceTree = "<group>";
		};
/* End PBXGroup section */

/* Begin PBXNativeTarget section */
		373F0CF21F2A1821001ED2C3 /* Whats My Number */ = {
			isa = PBXNativeTarget;
			buildConfigurationList = 373F0D1B1F2A1821001ED2C3 /* Build configuration list for PBXNativeTarget "Whats My Number" */;
			buildPhases = (
				373F0CEF1F2A1821001ED2C3 /* Sources */,
				373F0CF01F2A1821001ED2C3 /* Frameworks */,
				373F0CF11F2A1821001ED2C3 /* Resources */,
			);
			buildRules = (
			);
			dependencies = (
			);
			name = "Whats My Number";
			productName = "Whats My Number";
			productReference = 373F0CF31F2A1821001ED2C3 /* Whats My Number.app */;
			productType = "com.apple.product-type.application";
		};
		373F0D061F2A1821001ED2C3 /* Whats My NumberTests */ = {
			isa = PBXNativeTarget;
			buildConfigurationList = 373F0D1E1F2A1821001ED2C3 /* Build configuration list for PBXNativeTarget "Whats My NumberTests" */;
			buildPhases = (
				373F0D031F2A1821001ED2C3 /* Sources */,
				373F0D041F2A1821001ED2C3 /* Frameworks */,
				373F0D051F2A1821001ED2C3 /* Resources */,
			);
			buildRules = (
			);
			dependencies = (
				373F0D091F2A1821001ED2C3 /* PBXTargetDependency */,
			);
			name = "Whats My NumberTests";
			productName = "Whats My NumberTests";
			productReference = 373F0D071F2A1821001ED2C3 /* Whats My NumberTests.xctest */;
			productType = "com.apple.product-type.bundle.unit-test";
		};
		373F0D111F2A1821001ED2C3 /* Whats My NumberUITests */ = {
			isa = PBXNativeTarget;
			buildConfigurationList = 373F0D211F2A1821001ED2C3 /* Build configuration list for PBXNativeTarget "Whats My NumberUITests" */;
			buildPhases = (
				373F0D0E1F2A1821001ED2C3 /* Sources */,
				373F0D0F1F2A1821001ED2C3 /* Frameworks */,
				373F0D101F2A1821001ED2C3 /* Resources */,
			);
			buildRules = (
			);
			dependencies = (
				373F0D141F2A1821001ED2C3 /* PBXTargetDependency */,
			);
			name = "Whats My NumberUITests";
			productName = "Whats My NumberUITests";
			productReference = 373F0D121F2A1821001ED2C3 /* Whats My NumberUITests.xctest */;
			productType = "com.apple.product-type.bundle.ui-testing";
		};
/* End PBXNativeTarget section */

/* Begin PBXProject section */
		373F0CEB1F2A1821001ED2C3 /* Project object */ = {
			isa = PBXProject;
			attributes = {
				LastSwiftUpdateCheck = 0830;
				LastUpgradeCheck = 0830;
				ORGANIZATIONNAME = Ezorro;
				TargetAttributes = {
					373F0CF21F2A1821001ED2C3 = {
						CreatedOnToolsVersion = 8.3.1;
						DevelopmentTeam = 9456N4A52E;
						ProvisioningStyle = Automatic;
					};
					373F0D061F2A1821001ED2C3 = {
						CreatedOnToolsVersion = 8.3.1;
						ProvisioningStyle = Automatic;
						TestTargetID = 373F0CF21F2A1821001ED2C3;
					};
					373F0D111F2A1821001ED2C3 = {
						CreatedOnToolsVersion = 8.3.1;
						ProvisioningStyle = Automatic;
						TestTargetID = 373F0CF21F2A1821001ED2C3;
					};
				};
			};
			buildConfigurationList = 373F0CEE1F2A1821001ED2C3 /* Build configuration list for PBXProject "Whats My Number" */;
			compatibilityVersion = "Xcode 3.2";
			developmentRegion = English;
			hasScannedForEncodings = 0;
			knownRegions = (
				en,
				Base,
			);
			mainGroup = 373F0CEA1F2A1821001ED2C3;
			productRefGroup = 373F0CF41F2A1821001ED2C3 /* Products */;
			projectDirPath = "";
			projectRoot = "";
			targets = (
				373F0CF21F2A1821001ED2C3 /* Whats My Number */,
				373F0D061F2A1821001ED2C3 /* Whats My NumberTests */,
				373F0D111F2A1821001ED2C3 /* Whats My NumberUITests */,
			);
		};
/* End PBXProject section */

/* Begin PBXResourcesBuildPhase section */
		373F0CF11F2A1821001ED2C3 /* Resources */ = {
			isa = PBXResourcesBuildPhase;
			buildActionMask = 2147483647;
			files = (
				373F0D011F2A1821001ED2C3 /* LaunchScreen.storyboard in Resources */,
				373F0CFE1F2A1821001ED2C3 /* Assets.xcassets in Resources */,
				373F0CFC1F2A1821001ED2C3 /* Main.storyboard in Resources */,
			);
			runOnlyForDeploymentPostprocessing = 0;
		};
		373F0D051F2A1821001ED2C3 /* Resources */ = {
			isa = PBXResourcesBuildPhase;
			buildActionMask = 2147483647;
			files = (
			);
			runOnlyForDeploymentPostprocessing = 0;
		};
		373F0D101F2A1821001ED2C3 /* Resources */ = {
			isa = PBXResourcesBuildPhase;
			buildActionMask = 2147483647;
			files = (
			);
			runOnlyForDeploymentPostprocessing = 0;
		};
/* End PBXResourcesBuildPhase section */

/* Begin PBXSourcesBuildPhase section */
		373F0CEF1F2A1821001ED2C3 /* Sources */ = {
			isa = PBXSourcesBuildPhase;
			buildActionMask = 2147483647;
			files = (
				373F0CF91F2A1821001ED2C3 /* ViewController.swift in Sources */,
				373F0CF71F2A1821001ED2C3 /* AppDelegate.swift in Sources */,
			);
			runOnlyForDeploymentPostprocessing = 0;
		};
		373F0D031F2A1821001ED2C3 /* Sources */ = {
			isa = PBXSourcesBuildPhase;
			buildActionMask = 2147483647;
			files = (
				373F0D0C1F2A1821001ED2C3 /* Whats_My_NumberTests.swift in Sources */,
			);
			runOnlyForDeploymentPostprocessing = 0;
		};
		373F0D0E1F2A1821001ED2C3 /* Sources */ = {
			isa = PBXSourcesBuildPhase;
			buildActionMask = 2147483647;
			files = (
				373F0D171F2A1821001ED2C3 /* Whats_My_NumberUITests.swift in Sources */,
			);
			runOnlyForDeploymentPostprocessing = 0;
		};
/* End PBXSourcesBuildPhase section */

/* Begin PBXTargetDependency section */
		373F0D091F2A1821001ED2C3 /* PBXTargetDependency */ = {
			isa = PBXTargetDependency;
			target = 373F0CF21F2A1821001ED2C3 /* Whats My Number */;
			targetProxy = 373F0D081F2A1821001ED2C3 /* PBXContainerItemProxy */;
		};
		373F0D141F2A1821001ED2C3 /* PBXTargetDependency */ = {
			isa = PBXTargetDependency;
			target = 373F0CF21F2A1821001ED2C3 /* Whats My Number */;
			targetProxy = 373F0D131F2A1821001ED2C3 /* PBXContainerItemProxy */;
		};
/* End PBXTargetDependency section */

/* Begin PBXVariantGroup section */
		373F0CFA1F2A1821001ED2C3 /* Main.storyboard */ = {
			isa = PBXVariantGroup;
			children = (
				373F0CFB1F2A1821001ED2C3 /* Base */,
			);
			name = Main.storyboard;
			sourceTree = "<group>";
		};
		373F0CFF1F2A1821001ED2C3 /* LaunchScreen.storyboard */ = {
			isa = PBXVariantGroup;
			children = (
				373F0D001F2A1821001ED2C3 /* Base */,
			);
			name = LaunchScreen.storyboard;
			sourceTree = "<group>";
		};
/* End PBXVariantGroup section */

/* Begin XCBuildConfiguration section */
		373F0D191F2A1821001ED2C3 /* Debug */ = {
			isa = XCBuildConfiguration;
			buildSettings = {
				ALWAYS_SEARCH_USER_PATHS = NO;
				CLANG_ANALYZER_NONNULL = YES;
				CLANG_ANALYZER_NUMBER_OBJECT_CONVERSION = YES_AGGRESSIVE;
				CLANG_CXX_LANGUAGE_STANDARD = "gnu++0x";
				CLANG_CXX_LIBRARY = "libc++";
				CLANG_ENABLE_MODULES = YES;
				CLANG_ENABLE_OBJC_ARC = YES;
				CLANG_WARN_BOOL_CONVERSION = YES;
				CLANG_WARN_CONSTANT_CONVERSION = YES;
				CLANG_WARN_DIRECT_OBJC_ISA_USAGE = YES_ERROR;
				CLANG_WARN_DOCUMENTATION_COMMENTS = YES;
				CLANG_WARN_EMPTY_BODY = YES;
				CLANG_WARN_ENUM_CONVERSION = YES;
				CLANG_WARN_INFINITE_RECURSION = YES;
				CLANG_WARN_INT_CONVERSION = YES;
				CLANG_WARN_OBJC_ROOT_CLASS = YES_ERROR;
				CLANG_WARN_SUSPICIOUS_MOVE = YES;
				CLANG_WARN_UNREACHABLE_CODE = YES;
				CLANG_WARN__DUPLICATE_METHOD_MATCH = YES;
				"CODE_SIGN_IDENTITY[sdk=iphoneos*]" = "iPhone Developer";
				COPY_PHASE_STRIP = NO;
				DEBUG_INFORMATION_FORMAT = dwarf;
				ENABLE_STRICT_OBJC_MSGSEND = YES;
				ENABLE_TESTABILITY = YES;
				GCC_C_LANGUAGE_STANDARD = gnu99;
				GCC_DYNAMIC_NO_PIC = NO;
				GCC_NO_COMMON_BLOCKS = YES;
				GCC_OPTIMIZATION_LEVEL = 0;
				GCC_PREPROCESSOR_DEFINITIONS = (
					"DEBUG=1",
					"$(inherited)",
				);
				GCC_WARN_64_TO_32_BIT_CONVERSION = YES;
				GCC_WARN_ABOUT_RETURN_TYPE = YES_ERROR;
				GCC_WARN_UNDECLARED_SELECTOR = YES;
				GCC_WARN_UNINITIALIZED_AUTOS = YES_AGGRESSIVE;
				GCC_WARN_UNUSED_FUNCTION = YES;
				GCC_WARN_UNUSED_VARIABLE = YES;
				IPHONEOS_DEPLOYMENT_TARGET = 10.3;
				MTL_ENABLE_DEBUG_INFO = YES;
				ONLY_ACTIVE_ARCH = YES;
				SDKROOT = iphoneos;
				SWIFT_ACTIVE_COMPILATION_CONDITIONS = DEBUG;
				SWIFT_OPTIMIZATION_LEVEL = "-Onone";
			};
			name = Debug;
		};
		373F0D1A1F2A1821001ED2C3 /* Release */ = {
			isa = XCBuildConfiguration;
			buildSettings = {
				ALWAYS_SEARCH_USER_PATHS = NO;
				CLANG_ANALYZER_NONNULL = YES;
				CLANG_ANALYZER_NUMBER_OBJECT_CONVERSION = YES_AGGRESSIVE;
				CLANG_CXX_LANGUAGE_STANDARD = "gnu++0x";
				CLANG_CXX_LIBRARY = "libc++";
				CLANG_ENABLE_MODULES = YES;
				CLANG_ENABLE_OBJC_ARC = YES;
				CLANG_WARN_BOOL_CONVERSION = YES;
				CLANG_WARN_CONSTANT_CONVERSION = YES;
				CLANG_WARN_DIRECT_OBJC_ISA_USAGE = YES_ERROR;
				CLANG_WARN_DOCUMENTATION_COMMENTS = YES;
				CLANG_WARN_EMPTY_BODY = YES;
				CLANG_WARN_ENUM_CONVERSION = YES;
				CLANG_WARN_INFINITE_RECURSION = YES;
				CLANG_WARN_INT_CONVERSION = YES;
				CLANG_WARN_OBJC_ROOT_CLASS = YES_ERROR;
				CLANG_WARN_SUSPICIOUS_MOVE = YES;
				CLANG_WARN_UNREACHABLE_CODE = YES;
				CLANG_WARN__DUPLICATE_METHOD_MATCH = YES;
				"CODE_SIGN_IDENTITY[sdk=iphoneos*]" = "iPhone Developer";
				COPY_PHASE_STRIP = NO;
				DEBUG_INFORMATION_FORMAT = "dwarf-with-dsym";
				ENABLE_NS_ASSERTIONS = NO;
				ENABLE_STRICT_OBJC_MSGSEND = YES;
				GCC_C_LANGUAGE_STANDARD = gnu99;
				GCC_NO_COMMON_BLOCKS = YES;
				GCC_WARN_64_TO_32_BIT_CONVERSION = YES;
				GCC_WARN_ABOUT_RETURN_TYPE = YES_ERROR;
				GCC_WARN_UNDECLARED_SELECTOR = YES;
				GCC_WARN_UNINITIALIZED_AUTOS = YES_AGGRESSIVE;
				GCC_WARN_UNUSED_FUNCTION = YES;
				GCC_WARN_UNUSED_VARIABLE = YES;
				IPHONEOS_DEPLOYMENT_TARGET = 10.3;
				MTL_ENABLE_DEBUG_INFO = NO;
				SDKROOT = iphoneos;
				SWIFT_OPTIMIZATION_LEVEL = "-Owholemodule";
				VALIDATE_PRODUCT = YES;
			};
			name = Release;
		};
		373F0D1C1F2A1821001ED2C3 /* Debug */ = {
			isa = XCBuildConfiguration;
			buildSettings = {
				ASSETCATALOG_COMPILER_APPICON_NAME = AppIcon;
				DEVELOPMENT_TEAM = 9456N4A52E;
				INFOPLIST_FILE = "Whats My Number/Info.plist";
				LD_RUNPATH_SEARCH_PATHS = "$(inherited) @executable_path/Frameworks";
				PRODUCT_BUNDLE_IDENTIFIER = "com.ezorro.Whats-My-Number";
				PRODUCT_NAME = "$(TARGET_NAME)";
				SWIFT_VERSION = 3.0;
			};
			name = Debug;
		};
		373F0D1D1F2A1821001ED2C3 /* Release */ = {
			isa = XCBuildConfiguration;
			buildSettings = {
				ASSETCATALOG_COMPILER_APPICON_NAME = AppIcon;
				DEVELOPMENT_TEAM = 9456N4A52E;
				INFOPLIST_FILE = "Whats My Number/Info.plist";
				LD_RUNPATH_SEARCH_PATHS = "$(inherited) @executable_path/Frameworks";
				PRODUCT_BUNDLE_IDENTIFIER = "com.ezorro.Whats-My-Number";
				PRODUCT_NAME = "$(TARGET_NAME)";
				SWIFT_VERSION = 3.0;
			};
			name = Release;
		};
		373F0D1F1F2A1821001ED2C3 /* Debug */ = {
			isa = XCBuildConfiguration;
			buildSettings = {
				ALWAYS_EMBED_SWIFT_STANDARD_LIBRARIES = YES;
				BUNDLE_LOADER = "$(TEST_HOST)";
				INFOPLIST_FILE = "Whats My NumberTests/Info.plist";
				LD_RUNPATH_SEARCH_PATHS = "$(inherited) @executable_path/Frameworks @loader_path/Frameworks";
				PRODUCT_BUNDLE_IDENTIFIER = "com.ezorro.Whats-My-NumberTests";
				PRODUCT_NAME = "$(TARGET_NAME)";
				SWIFT_VERSION = 3.0;
				TEST_HOST = "$(BUILT_PRODUCTS_DIR)/Whats My Number.app/Whats My Number";
			};
			name = Debug;
		};
		373F0D201F2A1821001ED2C3 /* Release */ = {
			isa = XCBuildConfiguration;
			buildSettings = {
				ALWAYS_EMBED_SWIFT_STANDARD_LIBRARIES = YES;
				BUNDLE_LOADER = "$(TEST_HOST)";
				INFOPLIST_FILE = "Whats My NumberTests/Info.plist";
				LD_RUNPATH_SEARCH_PATHS = "$(inherited) @executable_path/Frameworks @loader_path/Frameworks";
				PRODUCT_BUNDLE_IDENTIFIER = "com.ezorro.Whats-My-NumberTests";
				PRODUCT_NAME = "$(TARGET_NAME)";
				SWIFT_VERSION = 3.0;
				TEST_HOST = "$(BUILT_PRODUCTS_DIR)/Whats My Number.app/Whats My Number";
			};
			name = Release;
		};
		373F0D221F2A1821001ED2C3 /* Debug */ = {
			isa = XCBuildConfiguration;
			buildSettings = {
				ALWAYS_EMBED_SWIFT_STANDARD_LIBRARIES = YES;
				INFOPLIST_FILE = "Whats My NumberUITests/Info.plist";
				LD_RUNPATH_SEARCH_PATHS = "$(inherited) @executable_path/Frameworks @loader_path/Frameworks";
				PRODUCT_BUNDLE_IDENTIFIER = "com.ezorro.Whats-My-NumberUITests";
				PRODUCT_NAME = "$(TARGET_NAME)";
				SWIFT_VERSION = 3.0;
				TEST_TARGET_NAME = "Whats My Number";
			};
			name = Debug;
		};
		373F0D231F2A1821001ED2C3 /* Release */ = {
			isa = XCBuildConfiguration;
			buildSettings = {
				ALWAYS_EMBED_SWIFT_STANDARD_LIBRARIES = YES;
				INFOPLIST_FILE = "Whats My NumberUITests/Info.plist";
				LD_RUNPATH_SEARCH_PATHS = "$(inherited) @executable_path/Frameworks @loader_path/Frameworks";
				PRODUCT_BUNDLE_IDENTIFIER = "com.ezorro.Whats-My-NumberUITests";
				PRODUCT_NAME = "$(TARGET_NAME)";
				SWIFT_VERSION = 3.0;
				TEST_TARGET_NAME = "Whats My Number";
			};
			name = Release;
		};
/* End XCBuildConfiguration section */

/* Begin XCConfigurationList section */
		373F0CEE1F2A1821001ED2C3 /* Build configuration list for PBXProject "Whats My Number" */ = {
			isa = XCConfigurationList;
			buildConfigurations = (
				373F0D191F2A1821001ED2C3 /* Debug */,
				373F0D1A1F2A1821001ED2C3 /* Release */,
			);
			defaultConfigurationIsVisible = 0;
			defaultConfigurationName = Release;
		};
		373F0D1B1F2A1821001ED2C3 /* Build configuration list for PBXNativeTarget "Whats My Number" */ = {
			isa = XCConfigurationList;
			buildConfigurations = (
				373F0D1C1F2A1821001ED2C3 /* Debug */,
				373F0D1D1F2A1821001ED2C3 /* Release */,
			);
			defaultConfigurationIsVisible = 0;
		};
		373F0D1E1F2A1821001ED2C3 /* Build configuration list for PBXNativeTarget "Whats My NumberTests" */ = {
			isa = XCConfigurationList;
			buildConfigurations = (
				373F0D1F1F2A1821001ED2C3 /* Debug */,
				373F0D201F2A1821001ED2C3 /* Release */,
			);
			defaultConfigurationIsVisible = 0;
		};
		373F0D211F2A1821001ED2C3 /* Build configuration list for PBXNativeTarget "Whats My NumberUITests" */ = {
			isa = XCConfigurationList;
			buildConfigurations = (
				373F0D221F2A1821001ED2C3 /* Debug */,
				373F0D231F2A1821001ED2C3 /* Release */,
			);
			defaultConfigurationIsVisible = 0;
		};
/* End XCConfigurationList section */
	};
	rootObject = 373F0CEB1F2A1821001ED2C3 /* Project object */;
}
