// !$*UTF8*$!
{
	archiveVersion = 1;
	classes = {
	};
	objectVersion = 48;
	objects = {

/* Begin PBXBuildFile section */
		3703C7291FFE5ED7000B38A6 /* SWRevealViewController.m in Sources */ = {isa = PBXBuildFile; fileRef = 37C6E64D1FFE5A99000C5660 /* SWRevealViewController.m */; };
		3703C72B1FFE6A5A000B38A6 /* GradientView.swift in Sources */ = {isa = PBXBuildFile; fileRef = 3703C72A1FFE6A5A000B38A6 /* GradientView.swift */; };
		379E1B3A1FFE499300D507CF /* AppDelegate.swift in Sources */ = {isa = PBXBuildFile; fileRef = 379E1B391FFE499300D507CF /* AppDelegate.swift */; };
		379E1B3F1FFE499300D507CF /* Main.storyboard in Resources */ = {isa = PBXBuildFile; fileRef = 379E1B3D1FFE499300D507CF /* Main.storyboard */; };
		379E1B411FFE499300D507CF /* Assets.xcassets in Resources */ = {isa = PBXBuildFile; fileRef = 379E1B401FFE499300D507CF /* Assets.xcassets */; };
		379E1B441FFE499300D507CF /* LaunchScreen.storyboard in Resources */ = {isa = PBXBuildFile; fileRef = 379E1B421FFE499300D507CF /* LaunchScreen.storyboard */; };
		379E1B531FFE518800D507CF /* ChatVC.swift in Sources */ = {isa = PBXBuildFile; fileRef = 379E1B521FFE518800D507CF /* ChatVC.swift */; };
		379E1B551FFE519700D507CF /* ChannelVC.swift in Sources */ = {isa = PBXBuildFile; fileRef = 379E1B541FFE519700D507CF /* ChannelVC.swift */; };
		89B318FF9FA89B7F110A06DC /* Pods_Smack.framework in Frameworks */ = {isa = PBXBuildFile; fileRef = B5F6B1389F5353F244F0DD5A /* Pods_Smack.framework */; };
/* End PBXBuildFile section */

/* Begin PBXFileReference section */
		3703C72A1FFE6A5A000B38A6 /* GradientView.swift */ = {isa = PBXFileReference; lastKnownFileType = sourcecode.swift; path = GradientView.swift; sourceTree = "<group>"; };
		379E1B361FFE499300D507CF /* Smack.app */ = {isa = PBXFileReference; explicitFileType = wrapper.application; includeInIndex = 0; path = Smack.app; sourceTree = BUILT_PRODUCTS_DIR; };
		379E1B391FFE499300D507CF /* AppDelegate.swift */ = {isa = PBXFileReference; lastKnownFileType = sourcecode.swift; path = AppDelegate.swift; sourceTree = "<group>"; };
		379E1B3E1FFE499300D507CF /* Base */ = {isa = PBXFileReference; lastKnownFileType = file.storyboard; name = Base; path = Base.lproj/Main.storyboard; sourceTree = "<group>"; };
		379E1B401FFE499300D507CF /* Assets.xcassets */ = {isa = PBXFileReference; lastKnownFileType = folder.assetcatalog; path = Assets.xcassets; sourceTree = "<group>"; };
		379E1B431FFE499300D507CF /* Base */ = {isa = PBXFileReference; lastKnownFileType = file.storyboard; name = Base; path = Base.lproj/LaunchScreen.storyboard; sourceTree = "<group>"; };
		379E1B451FFE499300D507CF /* Info.plist */ = {isa = PBXFileReference; lastKnownFileType = text.plist.xml; path = Info.plist; sourceTree = "<group>"; };
		379E1B521FFE518800D507CF /* ChatVC.swift */ = {isa = PBXFileReference; lastKnownFileType = sourcecode.swift; path = ChatVC.swift; sourceTree = "<group>"; };
		379E1B541FFE519700D507CF /* ChannelVC.swift */ = {isa = PBXFileReference; lastKnownFileType = sourcecode.swift; path = ChannelVC.swift; sourceTree = "<group>"; };
		37C6E64C1FFE5A98000C5660 /* Smack-Bridging-Header.h */ = {isa = PBXFileReference; lastKnownFileType = sourcecode.c.h; path = "Smack-Bridging-Header.h"; sourceTree = "<group>"; };
		37C6E64D1FFE5A99000C5660 /* SWRevealViewController.m */ = {isa = PBXFileReference; lastKnownFileType = sourcecode.c.objc; path = SWRevealViewController.m; sourceTree = "<group>"; };
		37C6E64E1FFE5A99000C5660 /* SWRevealViewController.h */ = {isa = PBXFileReference; lastKnownFileType = sourcecode.c.h; path = SWRevealViewController.h; sourceTree = "<group>"; };
		39B7044318452BF8D633F708 /* Pods-Smack.debug.xcconfig */ = {isa = PBXFileReference; includeInIndex = 1; lastKnownFileType = text.xcconfig; name = "Pods-Smack.debug.xcconfig"; path = "Pods/Target Support Files/Pods-Smack/Pods-Smack.debug.xcconfig"; sourceTree = "<group>"; };
		B4966A9AA522333C5AAFD194 /* Pods-Smack.release.xcconfig */ = {isa = PBXFileReference; includeInIndex = 1; lastKnownFileType = text.xcconfig; name = "Pods-Smack.release.xcconfig"; path = "Pods/Target Support Files/Pods-Smack/Pods-Smack.release.xcconfig"; sourceTree = "<group>"; };
		B5F6B1389F5353F244F0DD5A /* Pods_Smack.framework */ = {isa = PBXFileReference; explicitFileType = wrapper.framework; includeInIndex = 0; path = Pods_Smack.framework; sourceTree = BUILT_PRODUCTS_DIR; };
/* End PBXFileReference section */

/* Begin PBXFrameworksBuildPhase section */
		379E1B331FFE499300D507CF /* Frameworks */ = {
			isa = PBXFrameworksBuildPhase;
			buildActionMask = 2147483647;
			files = (
				89B318FF9FA89B7F110A06DC /* Pods_Smack.framework in Frameworks */,
			);
			runOnlyForDeploymentPostprocessing = 0;
		};
/* End PBXFrameworksBuildPhase section */

/* Begin PBXGroup section */
		379E1B2D1FFE499300D507CF = {
			isa = PBXGroup;
			children = (
				379E1B381FFE499300D507CF /* Smack */,
				379E1B371FFE499300D507CF /* Products */,
				F9C5A0787D8246BCCEC1A67F /* Pods */,
				996006E5D7419D6D62BEF0E8 /* Frameworks */,
			);
			sourceTree = "<group>";
		};
		379E1B371FFE499300D507CF /* Products */ = {
			isa = PBXGroup;
			children = (
				379E1B361FFE499300D507CF /* Smack.app */,
			);
			name = Products;
			sourceTree = "<group>";
		};
		379E1B381FFE499300D507CF /* Smack */ = {
			isa = PBXGroup;
			children = (
				379E1B511FFE516C00D507CF /* Model */,
				379E1B501FFE515E00D507CF /* View */,
				379E1B4F1FFE514E00D507CF /* Controller */,
				379E1B4B1FFE4F3800D507CF /* SupportingFiles */,
				379E1B391FFE499300D507CF /* AppDelegate.swift */,
				379E1B3D1FFE499300D507CF /* Main.storyboard */,
				379E1B401FFE499300D507CF /* Assets.xcassets */,
				379E1B421FFE499300D507CF /* LaunchScreen.storyboard */,
				379E1B451FFE499300D507CF /* Info.plist */,
			);
			path = Smack;
			sourceTree = "<group>";
		};
		379E1B4B1FFE4F3800D507CF /* SupportingFiles */ = {
			isa = PBXGroup;
			children = (
				37C6E64E1FFE5A99000C5660 /* SWRevealViewController.h */,
				37C6E64D1FFE5A99000C5660 /* SWRevealViewController.m */,
				37C6E64C1FFE5A98000C5660 /* Smack-Bridging-Header.h */,
			);
			path = SupportingFiles;
			sourceTree = "<group>";
		};
		379E1B4F1FFE514E00D507CF /* Controller */ = {
			isa = PBXGroup;
			children = (
				379E1B521FFE518800D507CF /* ChatVC.swift */,
				379E1B541FFE519700D507CF /* ChannelVC.swift */,
			);
			path = Controller;
			sourceTree = "<group>";
		};
		379E1B501FFE515E00D507CF /* View */ = {
			isa = PBXGroup;
			children = (
				3703C72A1FFE6A5A000B38A6 /* GradientView.swift */,
			);
			path = View;
			sourceTree = "<group>";
		};
		379E1B511FFE516C00D507CF /* Model */ = {
			isa = PBXGroup;
			children = (
			);
			path = Model;
			sourceTree = "<group>";
		};
		996006E5D7419D6D62BEF0E8 /* Frameworks */ = {
			isa = PBXGroup;
			children = (
				B5F6B1389F5353F244F0DD5A /* Pods_Smack.framework */,
			);
			name = Frameworks;
			sourceTree = "<group>";
		};
		F9C5A0787D8246BCCEC1A67F /* Pods */ = {
			isa = PBXGroup;
			children = (
				39B7044318452BF8D633F708 /* Pods-Smack.debug.xcconfig */,
				B4966A9AA522333C5AAFD194 /* Pods-Smack.release.xcconfig */,
			);
			name = Pods;
			sourceTree = "<group>";
		};
/* End PBXGroup section */

/* Begin PBXNativeTarget section */
		379E1B351FFE499300D507CF /* Smack */ = {
			isa = PBXNativeTarget;
			buildConfigurationList = 379E1B481FFE499300D507CF /* Build configuration list for PBXNativeTarget "Smack" */;
			buildPhases = (
				E672781284E30AA0FC3C997F /* [CP] Check Pods Manifest.lock */,
				379E1B321FFE499300D507CF /* Sources */,
				379E1B331FFE499300D507CF /* Frameworks */,
				379E1B341FFE499300D507CF /* Resources */,
				CB963C904FBCD53B4BB93D04 /* [CP] Embed Pods Frameworks */,
				72BC20A0FA1C56F9ED8F6005 /* [CP] Copy Pods Resources */,
			);
			buildRules = (
			);
			dependencies = (
			);
			name = Smack;
			productName = Smack;
			productReference = 379E1B361FFE499300D507CF /* Smack.app */;
			productType = "com.apple.product-type.application";
		};
/* End PBXNativeTarget section */

/* Begin PBXProject section */
		379E1B2E1FFE499300D507CF /* Project object */ = {
			isa = PBXProject;
			attributes = {
				LastSwiftUpdateCheck = 0900;
				LastUpgradeCheck = 0900;
				ORGANIZATIONNAME = nothing;
				TargetAttributes = {
					379E1B351FFE499300D507CF = {
						CreatedOnToolsVersion = 9.0;
						LastSwiftMigration = 0900;
						ProvisioningStyle = Automatic;
					};
				};
			};
			buildConfigurationList = 379E1B311FFE499300D507CF /* Build configuration list for PBXProject "Smack" */;
			compatibilityVersion = "Xcode 8.0";
			developmentRegion = en;
			hasScannedForEncodings = 0;
			knownRegions = (
				en,
				Base,
			);
			mainGroup = 379E1B2D1FFE499300D507CF;
			productRefGroup = 379E1B371FFE499300D507CF /* Products */;
			projectDirPath = "";
			projectRoot = "";
			targets = (
				379E1B351FFE499300D507CF /* Smack */,
			);
		};
/* End PBXProject section */

/* Begin PBXResourcesBuildPhase section */
		379E1B341FFE499300D507CF /* Resources */ = {
			isa = PBXResourcesBuildPhase;
			buildActionMask = 2147483647;
			files = (
				379E1B441FFE499300D507CF /* LaunchScreen.storyboard in Resources */,
				379E1B411FFE499300D507CF /* Assets.xcassets in Resources */,
				379E1B3F1FFE499300D507CF /* Main.storyboard in Resources */,
			);
			runOnlyForDeploymentPostprocessing = 0;
		};
/* End PBXResourcesBuildPhase section */

/* Begin PBXShellScriptBuildPhase section */
		72BC20A0FA1C56F9ED8F6005 /* [CP] Copy Pods Resources */ = {
			isa = PBXShellScriptBuildPhase;
			buildActionMask = 2147483647;
			files = (
			);
			inputPaths = (
			);
			name = "[CP] Copy Pods Resources";
			outputPaths = (
			);
			runOnlyForDeploymentPostprocessing = 0;
			shellPath = /bin/sh;
			shellScript = "\"${SRCROOT}/Pods/Target Support Files/Pods-Smack/Pods-Smack-resources.sh\"\n";
			showEnvVarsInLog = 0;
		};
		CB963C904FBCD53B4BB93D04 /* [CP] Embed Pods Frameworks */ = {
			isa = PBXShellScriptBuildPhase;
			buildActionMask = 2147483647;
			files = (
			);
			inputPaths = (
			);
			name = "[CP] Embed Pods Frameworks";
			outputPaths = (
			);
			runOnlyForDeploymentPostprocessing = 0;
			shellPath = /bin/sh;
			shellScript = "\"${SRCROOT}/Pods/Target Support Files/Pods-Smack/Pods-Smack-frameworks.sh\"\n";
			showEnvVarsInLog = 0;
		};
		E672781284E30AA0FC3C997F /* [CP] Check Pods Manifest.lock */ = {
			isa = PBXShellScriptBuildPhase;
			buildActionMask = 2147483647;
			files = (
			);
			inputPaths = (
			);
			name = "[CP] Check Pods Manifest.lock";
			outputPaths = (
			);
			runOnlyForDeploymentPostprocessing = 0;
			shellPath = /bin/sh;
			shellScript = "diff \"${PODS_ROOT}/../Podfile.lock\" \"${PODS_ROOT}/Manifest.lock\" > /dev/null\nif [ $? != 0 ] ; then\n    # print error to STDERR\n    echo \"error: The sandbox is not in sync with the Podfile.lock. Run 'pod install' or update your CocoaPods installation.\" >&2\n    exit 1\nfi\n";
			showEnvVarsInLog = 0;
		};
/* End PBXShellScriptBuildPhase section */

/* Begin PBXSourcesBuildPhase section */
		379E1B321FFE499300D507CF /* Sources */ = {
			isa = PBXSourcesBuildPhase;
			buildActionMask = 2147483647;
			files = (
				3703C7291FFE5ED7000B38A6 /* SWRevealViewController.m in Sources */,
				379E1B531FFE518800D507CF /* ChatVC.swift in Sources */,
				3703C72B1FFE6A5A000B38A6 /* GradientView.swift in Sources */,
				379E1B551FFE519700D507CF /* ChannelVC.swift in Sources */,
				379E1B3A1FFE499300D507CF /* AppDelegate.swift in Sources */,
			);
			runOnlyForDeploymentPostprocessing = 0;
		};
/* End PBXSourcesBuildPhase section */

/* Begin PBXVariantGroup section */
		379E1B3D1FFE499300D507CF /* Main.storyboard */ = {
			isa = PBXVariantGroup;
			children = (
				379E1B3E1FFE499300D507CF /* Base */,
			);
			name = Main.storyboard;
			sourceTree = "<group>";
		};
		379E1B421FFE499300D507CF /* LaunchScreen.storyboard */ = {
			isa = PBXVariantGroup;
			children = (
				379E1B431FFE499300D507CF /* Base */,
			);
			name = LaunchScreen.storyboard;
			sourceTree = "<group>";
		};
/* End PBXVariantGroup section */

/* Begin XCBuildConfiguration section */
		379E1B461FFE499300D507CF /* Debug */ = {
			isa = XCBuildConfiguration;
			buildSettings = {
				ALWAYS_SEARCH_USER_PATHS = NO;
				CLANG_ANALYZER_NONNULL = YES;
				CLANG_ANALYZER_NUMBER_OBJECT_CONVERSION = YES_AGGRESSIVE;
				CLANG_CXX_LANGUAGE_STANDARD = "gnu++14";
				CLANG_CXX_LIBRARY = "libc++";
				CLANG_ENABLE_MODULES = YES;
				CLANG_ENABLE_OBJC_ARC = YES;
				CLANG_WARN_BLOCK_CAPTURE_AUTORELEASING = YES;
				CLANG_WARN_BOOL_CONVERSION = YES;
				CLANG_WARN_COMMA = YES;
				CLANG_WARN_CONSTANT_CONVERSION = YES;
				CLANG_WARN_DIRECT_OBJC_ISA_USAGE = YES_ERROR;
				CLANG_WARN_DOCUMENTATION_COMMENTS = YES;
				CLANG_WARN_EMPTY_BODY = YES;
				CLANG_WARN_ENUM_CONVERSION = YES;
				CLANG_WARN_INFINITE_RECURSION = YES;
				CLANG_WARN_INT_CONVERSION = YES;
				CLANG_WARN_NON_LITERAL_NULL_CONVERSION = YES;
				CLANG_WARN_OBJC_LITERAL_CONVERSION = YES;
				CLANG_WARN_OBJC_ROOT_CLASS = YES_ERROR;
				CLANG_WARN_RANGE_LOOP_ANALYSIS = YES;
				CLANG_WARN_STRICT_PROTOTYPES = YES;
				CLANG_WARN_SUSPICIOUS_MOVE = YES;
				CLANG_WARN_UNGUARDED_AVAILABILITY = YES_AGGRESSIVE;
				CLANG_WARN_UNREACHABLE_CODE = YES;
				CLANG_WARN__DUPLICATE_METHOD_MATCH = YES;
				CODE_SIGN_IDENTITY = "iPhone Developer";
				COPY_PHASE_STRIP = NO;
				DEBUG_INFORMATION_FORMAT = dwarf;
				ENABLE_STRICT_OBJC_MSGSEND = YES;
				ENABLE_TESTABILITY = YES;
				GCC_C_LANGUAGE_STANDARD = gnu11;
				GCC_DYNAMIC_NO_PIC = NO;
				GCC_NO_COMMON_BLOCKS = YES;
				GCC_OPTIMIZATION_LEVEL = 0;
				GCC_PREPROCESSOR_DEFINITIONS = (
					"DEBUG=1",
					"$(inherited)",
				);
				GCC_WARN_64_TO_32_BIT_CONVERSION = YES;
				GCC_WARN_ABOUT_RETURN_TYPE = YES_ERROR;
				GCC_WARN_UNDECLARED_SELECTOR = YES;
				GCC_WARN_UNINITIALIZED_AUTOS = YES_AGGRESSIVE;
				GCC_WARN_UNUSED_FUNCTION = YES;
				GCC_WARN_UNUSED_VARIABLE = YES;
				IPHONEOS_DEPLOYMENT_TARGET = 11.0;
				MTL_ENABLE_DEBUG_INFO = YES;
				ONLY_ACTIVE_ARCH = YES;
				SDKROOT = iphoneos;
				SWIFT_ACTIVE_COMPILATION_CONDITIONS = DEBUG;
				SWIFT_OPTIMIZATION_LEVEL = "-Onone";
			};
			name = Debug;
		};
		379E1B471FFE499300D507CF /* Release */ = {
			isa = XCBuildConfiguration;
			buildSettings = {
				ALWAYS_SEARCH_USER_PATHS = NO;
				CLANG_ANALYZER_NONNULL = YES;
				CLANG_ANALYZER_NUMBER_OBJECT_CONVERSION = YES_AGGRESSIVE;
				CLANG_CXX_LANGUAGE_STANDARD = "gnu++14";
				CLANG_CXX_LIBRARY = "libc++";
				CLANG_ENABLE_MODULES = YES;
				CLANG_ENABLE_OBJC_ARC = YES;
				CLANG_WARN_BLOCK_CAPTURE_AUTORELEASING = YES;
				CLANG_WARN_BOOL_CONVERSION = YES;
				CLANG_WARN_COMMA = YES;
				CLANG_WARN_CONSTANT_CONVERSION = YES;
				CLANG_WARN_DIRECT_OBJC_ISA_USAGE = YES_ERROR;
				CLANG_WARN_DOCUMENTATION_COMMENTS = YES;
				CLANG_WARN_EMPTY_BODY = YES;
				CLANG_WARN_ENUM_CONVERSION = YES;
				CLANG_WARN_INFINITE_RECURSION = YES;
				CLANG_WARN_INT_CONVERSION = YES;
				CLANG_WARN_NON_LITERAL_NULL_CONVERSION = YES;
				CLANG_WARN_OBJC_LITERAL_CONVERSION = YES;
				CLANG_WARN_OBJC_ROOT_CLASS = YES_ERROR;
				CLANG_WARN_RANGE_LOOP_ANALYSIS = YES;
				CLANG_WARN_STRICT_PROTOTYPES = YES;
				CLANG_WARN_SUSPICIOUS_MOVE = YES;
				CLANG_WARN_UNGUARDED_AVAILABILITY = YES_AGGRESSIVE;
				CLANG_WARN_UNREACHABLE_CODE = YES;
				CLANG_WARN__DUPLICATE_METHOD_MATCH = YES;
				CODE_SIGN_IDENTITY = "iPhone Developer";
				COPY_PHASE_STRIP = NO;
				DEBUG_INFORMATION_FORMAT = "dwarf-with-dsym";
				ENABLE_NS_ASSERTIONS = NO;
				ENABLE_STRICT_OBJC_MSGSEND = YES;
				GCC_C_LANGUAGE_STANDARD = gnu11;
				GCC_NO_COMMON_BLOCKS = YES;
				GCC_WARN_64_TO_32_BIT_CONVERSION = YES;
				GCC_WARN_ABOUT_RETURN_TYPE = YES_ERROR;
				GCC_WARN_UNDECLARED_SELECTOR = YES;
				GCC_WARN_UNINITIALIZED_AUTOS = YES_AGGRESSIVE;
				GCC_WARN_UNUSED_FUNCTION = YES;
				GCC_WARN_UNUSED_VARIABLE = YES;
				IPHONEOS_DEPLOYMENT_TARGET = 11.0;
				MTL_ENABLE_DEBUG_INFO = NO;
				SDKROOT = iphoneos;
				SWIFT_OPTIMIZATION_LEVEL = "-Owholemodule";
				VALIDATE_PRODUCT = YES;
			};
			name = Release;
		};
		379E1B491FFE499300D507CF /* Debug */ = {
			isa = XCBuildConfiguration;
			baseConfigurationReference = 39B7044318452BF8D633F708 /* Pods-Smack.debug.xcconfig */;
			buildSettings = {
				ASSETCATALOG_COMPILER_APPICON_NAME = AppIcon;
				CLANG_ENABLE_MODULES = YES;
				CODE_SIGN_STYLE = Automatic;
				INFOPLIST_FILE = Smack/Info.plist;
				LD_RUNPATH_SEARCH_PATHS = "$(inherited) @executable_path/Frameworks";
				PRODUCT_BUNDLE_IDENTIFIER = com.nothing.Smack;
				PRODUCT_NAME = "$(TARGET_NAME)";
				SWIFT_INSTALL_OBJC_HEADER = YES;
				SWIFT_OBJC_BRIDGING_HEADER = "Smack/SupportingFiles/Smack-Bridging-Header.h";
				SWIFT_OPTIMIZATION_LEVEL = "-Onone";
				SWIFT_PRECOMPILE_BRIDGING_HEADER = YES;
				SWIFT_VERSION = 4.0;
				TARGETED_DEVICE_FAMILY = "1,2";
			};
			name = Debug;
		};
		379E1B4A1FFE499300D507CF /* Release */ = {
			isa = XCBuildConfiguration;
			baseConfigurationReference = B4966A9AA522333C5AAFD194 /* Pods-Smack.release.xcconfig */;
			buildSettings = {
				ASSETCATALOG_COMPILER_APPICON_NAME = AppIcon;
				CLANG_ENABLE_MODULES = YES;
				CODE_SIGN_STYLE = Automatic;
				INFOPLIST_FILE = Smack/Info.plist;
				LD_RUNPATH_SEARCH_PATHS = "$(inherited) @executable_path/Frameworks";
				PRODUCT_BUNDLE_IDENTIFIER = com.nothing.Smack;
				PRODUCT_NAME = "$(TARGET_NAME)";
				SWIFT_INSTALL_OBJC_HEADER = YES;
				SWIFT_OBJC_BRIDGING_HEADER = "Smack/SupportingFiles/Smack-Bridging-Header.h";
				SWIFT_PRECOMPILE_BRIDGING_HEADER = YES;
				SWIFT_VERSION = 4.0;
				TARGETED_DEVICE_FAMILY = "1,2";
			};
			name = Release;
		};
/* End XCBuildConfiguration section */

/* Begin XCConfigurationList section */
		379E1B311FFE499300D507CF /* Build configuration list for PBXProject "Smack" */ = {
			isa = XCConfigurationList;
			buildConfigurations = (
				379E1B461FFE499300D507CF /* Debug */,
				379E1B471FFE499300D507CF /* Release */,
			);
			defaultConfigurationIsVisible = 0;
			defaultConfigurationName = Release;
		};
		379E1B481FFE499300D507CF /* Build configuration list for PBXNativeTarget "Smack" */ = {
			isa = XCConfigurationList;
			buildConfigurations = (
				379E1B491FFE499300D507CF /* Debug */,
				379E1B4A1FFE499300D507CF /* Release */,
			);
			defaultConfigurationIsVisible = 0;
			defaultConfigurationName = Release;
		};
/* End XCConfigurationList section */
	};
	rootObject = 379E1B2E1FFE499300D507CF /* Project object */;
}
