// !$*UTF8*$!
{
	archiveVersion = 1;
	classes = {
	};
	objectVersion = 46;
	objects = {

/* Begin PBXBuildFile section */
		3768E7A11F08D7D30005A763 /* AppDelegate.swift in Sources */ = {isa = PBXBuildFile; fileRef = 3768E7A01F08D7D30005A763 /* AppDelegate.swift */; };
		3768E7A31F08D7D30005A763 /* ViewController.swift in Sources */ = {isa = PBXBuildFile; fileRef = 3768E7A21F08D7D30005A763 /* ViewController.swift */; };
		3768E7A61F08D7D40005A763 /* Main.storyboard in Resources */ = {isa = PBXBuildFile; fileRef = 3768E7A41F08D7D40005A763 /* Main.storyboard */; };
		3768E7A81F08D7D40005A763 /* Assets.xcassets in Resources */ = {isa = PBXBuildFile; fileRef = 3768E7A71F08D7D40005A763 /* Assets.xcassets */; };
		3768E7AB1F08D7D40005A763 /* LaunchScreen.storyboard in Resources */ = {isa = PBXBuildFile; fileRef = 3768E7A91F08D7D40005A763 /* LaunchScreen.storyboard */; };
		3768E7B61F08D7D40005A763 /* isITPrimeTests.swift in Sources */ = {isa = PBXBuildFile; fileRef = 3768E7B51F08D7D40005A763 /* isITPrimeTests.swift */; };
		3768E7C11F08D7D40005A763 /* isITPrimeUITests.swift in Sources */ = {isa = PBXBuildFile; fileRef = 3768E7C01F08D7D40005A763 /* isITPrimeUITests.swift */; };
/* End PBXBuildFile section */

/* Begin PBXContainerItemProxy section */
		3768E7B21F08D7D40005A763 /* PBXContainerItemProxy */ = {
			isa = PBXContainerItemProxy;
			containerPortal = 3768E7951F08D7D30005A763 /* Project object */;
			proxyType = 1;
			remoteGlobalIDString = 3768E79C1F08D7D30005A763;
			remoteInfo = isITPrime;
		};
		3768E7BD1F08D7D40005A763 /* PBXContainerItemProxy */ = {
			isa = PBXContainerItemProxy;
			containerPortal = 3768E7951F08D7D30005A763 /* Project object */;
			proxyType = 1;
			remoteGlobalIDString = 3768E79C1F08D7D30005A763;
			remoteInfo = isITPrime;
		};
/* End PBXContainerItemProxy section */

/* Begin PBXFileReference section */
		3768E79D1F08D7D30005A763 /* isITPrime.app */ = {isa = PBXFileReference; explicitFileType = wrapper.application; includeInIndex = 0; path = isITPrime.app; sourceTree = BUILT_PRODUCTS_DIR; };
		3768E7A01F08D7D30005A763 /* AppDelegate.swift */ = {isa = PBXFileReference; lastKnownFileType = sourcecode.swift; path = AppDelegate.swift; sourceTree = "<group>"; };
		3768E7A21F08D7D30005A763 /* ViewController.swift */ = {isa = PBXFileReference; lastKnownFileType = sourcecode.swift; path = ViewController.swift; sourceTree = "<group>"; };
		3768E7A51F08D7D40005A763 /* Base */ = {isa = PBXFileReference; lastKnownFileType = file.storyboard; name = Base; path = Base.lproj/Main.storyboard; sourceTree = "<group>"; };
		3768E7A71F08D7D40005A763 /* Assets.xcassets */ = {isa = PBXFileReference; lastKnownFileType = folder.assetcatalog; path = Assets.xcassets; sourceTree = "<group>"; };
		3768E7AA1F08D7D40005A763 /* Base */ = {isa = PBXFileReference; lastKnownFileType = file.storyboard; name = Base; path = Base.lproj/LaunchScreen.storyboard; sourceTree = "<group>"; };
		3768E7AC1F08D7D40005A763 /* Info.plist */ = {isa = PBXFileReference; lastKnownFileType = text.plist.xml; path = Info.plist; sourceTree = "<group>"; };
		3768E7B11F08D7D40005A763 /* isITPrimeTests.xctest */ = {isa = PBXFileReference; explicitFileType = wrapper.cfbundle; includeInIndex = 0; path = isITPrimeTests.xctest; sourceTree = BUILT_PRODUCTS_DIR; };
		3768E7B51F08D7D40005A763 /* isITPrimeTests.swift */ = {isa = PBXFileReference; lastKnownFileType = sourcecode.swift; path = isITPrimeTests.swift; sourceTree = "<group>"; };
		3768E7B71F08D7D40005A763 /* Info.plist */ = {isa = PBXFileReference; lastKnownFileType = text.plist.xml; path = Info.plist; sourceTree = "<group>"; };
		3768E7BC1F08D7D40005A763 /* isITPrimeUITests.xctest */ = {isa = PBXFileReference; explicitFileType = wrapper.cfbundle; includeInIndex = 0; path = isITPrimeUITests.xctest; sourceTree = BUILT_PRODUCTS_DIR; };
		3768E7C01F08D7D40005A763 /* isITPrimeUITests.swift */ = {isa = PBXFileReference; lastKnownFileType = sourcecode.swift; path = isITPrimeUITests.swift; sourceTree = "<group>"; };
		3768E7C21F08D7D40005A763 /* Info.plist */ = {isa = PBXFileReference; lastKnownFileType = text.plist.xml; path = Info.plist; sourceTree = "<group>"; };
/* End PBXFileReference section */

/* Begin PBXFrameworksBuildPhase section */
		3768E79A1F08D7D30005A763 /* Frameworks */ = {
			isa = PBXFrameworksBuildPhase;
			buildActionMask = 2147483647;
			files = (
			);
			runOnlyForDeploymentPostprocessing = 0;
		};
		3768E7AE1F08D7D40005A763 /* Frameworks */ = {
			isa = PBXFrameworksBuildPhase;
			buildActionMask = 2147483647;
			files = (
			);
			runOnlyForDeploymentPostprocessing = 0;
		};
		3768E7B91F08D7D40005A763 /* Frameworks */ = {
			isa = PBXFrameworksBuildPhase;
			buildActionMask = 2147483647;
			files = (
			);
			runOnlyForDeploymentPostprocessing = 0;
		};
/* End PBXFrameworksBuildPhase section */

/* Begin PBXGroup section */
		3768E7941F08D7D30005A763 = {
			isa = PBXGroup;
			children = (
				3768E79F1F08D7D30005A763 /* isITPrime */,
				3768E7B41F08D7D40005A763 /* isITPrimeTests */,
				3768E7BF1F08D7D40005A763 /* isITPrimeUITests */,
				3768E79E1F08D7D30005A763 /* Products */,
			);
			sourceTree = "<group>";
		};
		3768E79E1F08D7D30005A763 /* Products */ = {
			isa = PBXGroup;
			children = (
				3768E79D1F08D7D30005A763 /* isITPrime.app */,
				3768E7B11F08D7D40005A763 /* isITPrimeTests.xctest */,
				3768E7BC1F08D7D40005A763 /* isITPrimeUITests.xctest */,
			);
			name = Products;
			sourceTree = "<group>";
		};
		3768E79F1F08D7D30005A763 /* isITPrime */ = {
			isa = PBXGroup;
			children = (
				3768E7A01F08D7D30005A763 /* AppDelegate.swift */,
				3768E7A21F08D7D30005A763 /* ViewController.swift */,
				3768E7A41F08D7D40005A763 /* Main.storyboard */,
				3768E7A71F08D7D40005A763 /* Assets.xcassets */,
				3768E7A91F08D7D40005A763 /* LaunchScreen.storyboard */,
				3768E7AC1F08D7D40005A763 /* Info.plist */,
			);
			path = isITPrime;
			sourceTree = "<group>";
		};
		3768E7B41F08D7D40005A763 /* isITPrimeTests */ = {
			isa = PBXGroup;
			children = (
				3768E7B51F08D7D40005A763 /* isITPrimeTests.swift */,
				3768E7B71F08D7D40005A763 /* Info.plist */,
			);
			path = isITPrimeTests;
			sourceTree = "<group>";
		};
		3768E7BF1F08D7D40005A763 /* isITPrimeUITests */ = {
			isa = PBXGroup;
			children = (
				3768E7C01F08D7D40005A763 /* isITPrimeUITests.swift */,
				3768E7C21F08D7D40005A763 /* Info.plist */,
			);
			path = isITPrimeUITests;
			sourceTree = "<group>";
		};
/* End PBXGroup section */

/* Begin PBXNativeTarget section */
		3768E79C1F08D7D30005A763 /* isITPrime */ = {
			isa = PBXNativeTarget;
			buildConfigurationList = 3768E7C51F08D7D40005A763 /* Build configuration list for PBXNativeTarget "isITPrime" */;
			buildPhases = (
				3768E7991F08D7D30005A763 /* Sources */,
				3768E79A1F08D7D30005A763 /* Frameworks */,
				3768E79B1F08D7D30005A763 /* Resources */,
			);
			buildRules = (
			);
			dependencies = (
			);
			name = isITPrime;
			productName = isITPrime;
			productReference = 3768E79D1F08D7D30005A763 /* isITPrime.app */;
			productType = "com.apple.product-type.application";
		};
		3768E7B01F08D7D40005A763 /* isITPrimeTests */ = {
			isa = PBXNativeTarget;
			buildConfigurationList = 3768E7C81F08D7D40005A763 /* Build configuration list for PBXNativeTarget "isITPrimeTests" */;
			buildPhases = (
				3768E7AD1F08D7D40005A763 /* Sources */,
				3768E7AE1F08D7D40005A763 /* Frameworks */,
				3768E7AF1F08D7D40005A763 /* Resources */,
			);
			buildRules = (
			);
			dependencies = (
				3768E7B31F08D7D40005A763 /* PBXTargetDependency */,
			);
			name = isITPrimeTests;
			productName = isITPrimeTests;
			productReference = 3768E7B11F08D7D40005A763 /* isITPrimeTests.xctest */;
			productType = "com.apple.product-type.bundle.unit-test";
		};
		3768E7BB1F08D7D40005A763 /* isITPrimeUITests */ = {
			isa = PBXNativeTarget;
			buildConfigurationList = 3768E7CB1F08D7D40005A763 /* Build configuration list for PBXNativeTarget "isITPrimeUITests" */;
			buildPhases = (
				3768E7B81F08D7D40005A763 /* Sources */,
				3768E7B91F08D7D40005A763 /* Frameworks */,
				3768E7BA1F08D7D40005A763 /* Resources */,
			);
			buildRules = (
			);
			dependencies = (
				3768E7BE1F08D7D40005A763 /* PBXTargetDependency */,
			);
			name = isITPrimeUITests;
			productName = isITPrimeUITests;
			productReference = 3768E7BC1F08D7D40005A763 /* isITPrimeUITests.xctest */;
			productType = "com.apple.product-type.bundle.ui-testing";
		};
/* End PBXNativeTarget section */

/* Begin PBXProject section */
		3768E7951F08D7D30005A763 /* Project object */ = {
			isa = PBXProject;
			attributes = {
				LastSwiftUpdateCheck = 0830;
				LastUpgradeCheck = 0830;
				ORGANIZATIONNAME = Ezorro;
				TargetAttributes = {
					3768E79C1F08D7D30005A763 = {
						CreatedOnToolsVersion = 8.3.1;
						DevelopmentTeam = 9456N4A52E;
						ProvisioningStyle = Automatic;
					};
					3768E7B01F08D7D40005A763 = {
						CreatedOnToolsVersion = 8.3.1;
						ProvisioningStyle = Automatic;
						TestTargetID = 3768E79C1F08D7D30005A763;
					};
					3768E7BB1F08D7D40005A763 = {
						CreatedOnToolsVersion = 8.3.1;
						ProvisioningStyle = Automatic;
						TestTargetID = 3768E79C1F08D7D30005A763;
					};
				};
			};
			buildConfigurationList = 3768E7981F08D7D30005A763 /* Build configuration list for PBXProject "isITPrime" */;
			compatibilityVersion = "Xcode 3.2";
			developmentRegion = English;
			hasScannedForEncodings = 0;
			knownRegions = (
				en,
				Base,
			);
			mainGroup = 3768E7941F08D7D30005A763;
			productRefGroup = 3768E79E1F08D7D30005A763 /* Products */;
			projectDirPath = "";
			projectRoot = "";
			targets = (
				3768E79C1F08D7D30005A763 /* isITPrime */,
				3768E7B01F08D7D40005A763 /* isITPrimeTests */,
				3768E7BB1F08D7D40005A763 /* isITPrimeUITests */,
			);
		};
/* End PBXProject section */

/* Begin PBXResourcesBuildPhase section */
		3768E79B1F08D7D30005A763 /* Resources */ = {
			isa = PBXResourcesBuildPhase;
			buildActionMask = 2147483647;
			files = (
				3768E7AB1F08D7D40005A763 /* LaunchScreen.storyboard in Resources */,
				3768E7A81F08D7D40005A763 /* Assets.xcassets in Resources */,
				3768E7A61F08D7D40005A763 /* Main.storyboard in Resources */,
			);
			runOnlyForDeploymentPostprocessing = 0;
		};
		3768E7AF1F08D7D40005A763 /* Resources */ = {
			isa = PBXResourcesBuildPhase;
			buildActionMask = 2147483647;
			files = (
			);
			runOnlyForDeploymentPostprocessing = 0;
		};
		3768E7BA1F08D7D40005A763 /* Resources */ = {
			isa = PBXResourcesBuildPhase;
			buildActionMask = 2147483647;
			files = (
			);
			runOnlyForDeploymentPostprocessing = 0;
		};
/* End PBXResourcesBuildPhase section */

/* Begin PBXSourcesBuildPhase section */
		3768E7991F08D7D30005A763 /* Sources */ = {
			isa = PBXSourcesBuildPhase;
			buildActionMask = 2147483647;
			files = (
				3768E7A31F08D7D30005A763 /* ViewController.swift in Sources */,
				3768E7A11F08D7D30005A763 /* AppDelegate.swift in Sources */,
			);
			runOnlyForDeploymentPostprocessing = 0;
		};
		3768E7AD1F08D7D40005A763 /* Sources */ = {
			isa = PBXSourcesBuildPhase;
			buildActionMask = 2147483647;
			files = (
				3768E7B61F08D7D40005A763 /* isITPrimeTests.swift in Sources */,
			);
			runOnlyForDeploymentPostprocessing = 0;
		};
		3768E7B81F08D7D40005A763 /* Sources */ = {
			isa = PBXSourcesBuildPhase;
			buildActionMask = 2147483647;
			files = (
				3768E7C11F08D7D40005A763 /* isITPrimeUITests.swift in Sources */,
			);
			runOnlyForDeploymentPostprocessing = 0;
		};
/* End PBXSourcesBuildPhase section */

/* Begin PBXTargetDependency section */
		3768E7B31F08D7D40005A763 /* PBXTargetDependency */ = {
			isa = PBXTargetDependency;
			target = 3768E79C1F08D7D30005A763 /* isITPrime */;
			targetProxy = 3768E7B21F08D7D40005A763 /* PBXContainerItemProxy */;
		};
		3768E7BE1F08D7D40005A763 /* PBXTargetDependency */ = {
			isa = PBXTargetDependency;
			target = 3768E79C1F08D7D30005A763 /* isITPrime */;
			targetProxy = 3768E7BD1F08D7D40005A763 /* PBXContainerItemProxy */;
		};
/* End PBXTargetDependency section */

/* Begin PBXVariantGroup section */
		3768E7A41F08D7D40005A763 /* Main.storyboard */ = {
			isa = PBXVariantGroup;
			children = (
				3768E7A51F08D7D40005A763 /* Base */,
			);
			name = Main.storyboard;
			sourceTree = "<group>";
		};
		3768E7A91F08D7D40005A763 /* LaunchScreen.storyboard */ = {
			isa = PBXVariantGroup;
			children = (
				3768E7AA1F08D7D40005A763 /* Base */,
			);
			name = LaunchScreen.storyboard;
			sourceTree = "<group>";
		};
/* End PBXVariantGroup section */

/* Begin XCBuildConfiguration section */
		3768E7C31F08D7D40005A763 /* Debug */ = {
			isa = XCBuildConfiguration;
			buildSettings = {
				ALWAYS_SEARCH_USER_PATHS = NO;
				CLANG_ANALYZER_NONNULL = YES;
				CLANG_ANALYZER_NUMBER_OBJECT_CONVERSION = YES_AGGRESSIVE;
				CLANG_CXX_LANGUAGE_STANDARD = "gnu++0x";
				CLANG_CXX_LIBRARY = "libc++";
				CLANG_ENABLE_MODULES = YES;
				CLANG_ENABLE_OBJC_ARC = YES;
				CLANG_WARN_BOOL_CONVERSION = YES;
				CLANG_WARN_CONSTANT_CONVERSION = YES;
				CLANG_WARN_DIRECT_OBJC_ISA_USAGE = YES_ERROR;
				CLANG_WARN_DOCUMENTATION_COMMENTS = YES;
				CLANG_WARN_EMPTY_BODY = YES;
				CLANG_WARN_ENUM_CONVERSION = YES;
				CLANG_WARN_INFINITE_RECURSION = YES;
				CLANG_WARN_INT_CONVERSION = YES;
				CLANG_WARN_OBJC_ROOT_CLASS = YES_ERROR;
				CLANG_WARN_SUSPICIOUS_MOVE = YES;
				CLANG_WARN_UNREACHABLE_CODE = YES;
				CLANG_WARN__DUPLICATE_METHOD_MATCH = YES;
				"CODE_SIGN_IDENTITY[sdk=iphoneos*]" = "iPhone Developer";
				COPY_PHASE_STRIP = NO;
				DEBUG_INFORMATION_FORMAT = dwarf;
				ENABLE_STRICT_OBJC_MSGSEND = YES;
				ENABLE_TESTABILITY = YES;
				GCC_C_LANGUAGE_STANDARD = gnu99;
				GCC_DYNAMIC_NO_PIC = NO;
				GCC_NO_COMMON_BLOCKS = YES;
				GCC_OPTIMIZATION_LEVEL = 0;
				GCC_PREPROCESSOR_DEFINITIONS = (
					"DEBUG=1",
					"$(inherited)",
				);
				GCC_WARN_64_TO_32_BIT_CONVERSION = YES;
				GCC_WARN_ABOUT_RETURN_TYPE = YES_ERROR;
				GCC_WARN_UNDECLARED_SELECTOR = YES;
				GCC_WARN_UNINITIALIZED_AUTOS = YES_AGGRESSIVE;
				GCC_WARN_UNUSED_FUNCTION = YES;
				GCC_WARN_UNUSED_VARIABLE = YES;
				IPHONEOS_DEPLOYMENT_TARGET = 10.3;
				MTL_ENABLE_DEBUG_INFO = YES;
				ONLY_ACTIVE_ARCH = YES;
				SDKROOT = iphoneos;
				SWIFT_ACTIVE_COMPILATION_CONDITIONS = DEBUG;
				SWIFT_OPTIMIZATION_LEVEL = "-Onone";
			};
			name = Debug;
		};
		3768E7C41F08D7D40005A763 /* Release */ = {
			isa = XCBuildConfiguration;
			buildSettings = {
				ALWAYS_SEARCH_USER_PATHS = NO;
				CLANG_ANALYZER_NONNULL = YES;
				CLANG_ANALYZER_NUMBER_OBJECT_CONVERSION = YES_AGGRESSIVE;
				CLANG_CXX_LANGUAGE_STANDARD = "gnu++0x";
				CLANG_CXX_LIBRARY = "libc++";
				CLANG_ENABLE_MODULES = YES;
				CLANG_ENABLE_OBJC_ARC = YES;
				CLANG_WARN_BOOL_CONVERSION = YES;
				CLANG_WARN_CONSTANT_CONVERSION = YES;
				CLANG_WARN_DIRECT_OBJC_ISA_USAGE = YES_ERROR;
				CLANG_WARN_DOCUMENTATION_COMMENTS = YES;
				CLANG_WARN_EMPTY_BODY = YES;
				CLANG_WARN_ENUM_CONVERSION = YES;
				CLANG_WARN_INFINITE_RECURSION = YES;
				CLANG_WARN_INT_CONVERSION = YES;
				CLANG_WARN_OBJC_ROOT_CLASS = YES_ERROR;
				CLANG_WARN_SUSPICIOUS_MOVE = YES;
				CLANG_WARN_UNREACHABLE_CODE = YES;
				CLANG_WARN__DUPLICATE_METHOD_MATCH = YES;
				"CODE_SIGN_IDENTITY[sdk=iphoneos*]" = "iPhone Developer";
				COPY_PHASE_STRIP = NO;
				DEBUG_INFORMATION_FORMAT = "dwarf-with-dsym";
				ENABLE_NS_ASSERTIONS = NO;
				ENABLE_STRICT_OBJC_MSGSEND = YES;
				GCC_C_LANGUAGE_STANDARD = gnu99;
				GCC_NO_COMMON_BLOCKS = YES;
				GCC_WARN_64_TO_32_BIT_CONVERSION = YES;
				GCC_WARN_ABOUT_RETURN_TYPE = YES_ERROR;
				GCC_WARN_UNDECLARED_SELECTOR = YES;
				GCC_WARN_UNINITIALIZED_AUTOS = YES_AGGRESSIVE;
				GCC_WARN_UNUSED_FUNCTION = YES;
				GCC_WARN_UNUSED_VARIABLE = YES;
				IPHONEOS_DEPLOYMENT_TARGET = 10.3;
				MTL_ENABLE_DEBUG_INFO = NO;
				SDKROOT = iphoneos;
				SWIFT_OPTIMIZATION_LEVEL = "-Owholemodule";
				VALIDATE_PRODUCT = YES;
			};
			name = Release;
		};
		3768E7C61F08D7D40005A763 /* Debug */ = {
			isa = XCBuildConfiguration;
			buildSettings = {
				ASSETCATALOG_COMPILER_APPICON_NAME = AppIcon;
				DEVELOPMENT_TEAM = 9456N4A52E;
				INFOPLIST_FILE = isITPrime/Info.plist;
				IPHONEOS_DEPLOYMENT_TARGET = 10.3;
				LD_RUNPATH_SEARCH_PATHS = "$(inherited) @executable_path/Frameworks";
				PRODUCT_BUNDLE_IDENTIFIER = com.ezorro.isITPrime;
				PRODUCT_NAME = "$(TARGET_NAME)";
				SWIFT_VERSION = 3.0;
			};
			name = Debug;
		};
		3768E7C71F08D7D40005A763 /* Release */ = {
			isa = XCBuildConfiguration;
			buildSettings = {
				ASSETCATALOG_COMPILER_APPICON_NAME = AppIcon;
				DEVELOPMENT_TEAM = 9456N4A52E;
				INFOPLIST_FILE = isITPrime/Info.plist;
				IPHONEOS_DEPLOYMENT_TARGET = 10.3;
				LD_RUNPATH_SEARCH_PATHS = "$(inherited) @executable_path/Frameworks";
				PRODUCT_BUNDLE_IDENTIFIER = com.ezorro.isITPrime;
				PRODUCT_NAME = "$(TARGET_NAME)";
				SWIFT_VERSION = 3.0;
			};
			name = Release;
		};
		3768E7C91F08D7D40005A763 /* Debug */ = {
			isa = XCBuildConfiguration;
			buildSettings = {
				ALWAYS_EMBED_SWIFT_STANDARD_LIBRARIES = YES;
				BUNDLE_LOADER = "$(TEST_HOST)";
				INFOPLIST_FILE = isITPrimeTests/Info.plist;
				LD_RUNPATH_SEARCH_PATHS = "$(inherited) @executable_path/Frameworks @loader_path/Frameworks";
				PRODUCT_BUNDLE_IDENTIFIER = com.ezorro.isITPrimeTests;
				PRODUCT_NAME = "$(TARGET_NAME)";
				SWIFT_VERSION = 3.0;
				TEST_HOST = "$(BUILT_PRODUCTS_DIR)/isITPrime.app/isITPrime";
			};
			name = Debug;
		};
		3768E7CA1F08D7D40005A763 /* Release */ = {
			isa = XCBuildConfiguration;
			buildSettings = {
				ALWAYS_EMBED_SWIFT_STANDARD_LIBRARIES = YES;
				BUNDLE_LOADER = "$(TEST_HOST)";
				INFOPLIST_FILE = isITPrimeTests/Info.plist;
				LD_RUNPATH_SEARCH_PATHS = "$(inherited) @executable_path/Frameworks @loader_path/Frameworks";
				PRODUCT_BUNDLE_IDENTIFIER = com.ezorro.isITPrimeTests;
				PRODUCT_NAME = "$(TARGET_NAME)";
				SWIFT_VERSION = 3.0;
				TEST_HOST = "$(BUILT_PRODUCTS_DIR)/isITPrime.app/isITPrime";
			};
			name = Release;
		};
		3768E7CC1F08D7D40005A763 /* Debug */ = {
			isa = XCBuildConfiguration;
			buildSettings = {
				ALWAYS_EMBED_SWIFT_STANDARD_LIBRARIES = YES;
				INFOPLIST_FILE = isITPrimeUITests/Info.plist;
				LD_RUNPATH_SEARCH_PATHS = "$(inherited) @executable_path/Frameworks @loader_path/Frameworks";
				PRODUCT_BUNDLE_IDENTIFIER = com.ezorro.isITPrimeUITests;
				PRODUCT_NAME = "$(TARGET_NAME)";
				SWIFT_VERSION = 3.0;
				TEST_TARGET_NAME = isITPrime;
			};
			name = Debug;
		};
		3768E7CD1F08D7D40005A763 /* Release */ = {
			isa = XCBuildConfiguration;
			buildSettings = {
				ALWAYS_EMBED_SWIFT_STANDARD_LIBRARIES = YES;
				INFOPLIST_FILE = isITPrimeUITests/Info.plist;
				LD_RUNPATH_SEARCH_PATHS = "$(inherited) @executable_path/Frameworks @loader_path/Frameworks";
				PRODUCT_BUNDLE_IDENTIFIER = com.ezorro.isITPrimeUITests;
				PRODUCT_NAME = "$(TARGET_NAME)";
				SWIFT_VERSION = 3.0;
				TEST_TARGET_NAME = isITPrime;
			};
			name = Release;
		};
/* End XCBuildConfiguration section */

/* Begin XCConfigurationList section */
		3768E7981F08D7D30005A763 /* Build configuration list for PBXProject "isITPrime" */ = {
			isa = XCConfigurationList;
			buildConfigurations = (
				3768E7C31F08D7D40005A763 /* Debug */,
				3768E7C41F08D7D40005A763 /* Release */,
			);
			defaultConfigurationIsVisible = 0;
			defaultConfigurationName = Release;
		};
		3768E7C51F08D7D40005A763 /* Build configuration list for PBXNativeTarget "isITPrime" */ = {
			isa = XCConfigurationList;
			buildConfigurations = (
				3768E7C61F08D7D40005A763 /* Debug */,
				3768E7C71F08D7D40005A763 /* Release */,
			);
			defaultConfigurationIsVisible = 0;
		};
		3768E7C81F08D7D40005A763 /* Build configuration list for PBXNativeTarget "isITPrimeTests" */ = {
			isa = XCConfigurationList;
			buildConfigurations = (
				3768E7C91F08D7D40005A763 /* Debug */,
				3768E7CA1F08D7D40005A763 /* Release */,
			);
			defaultConfigurationIsVisible = 0;
		};
		3768E7CB1F08D7D40005A763 /* Build configuration list for PBXNativeTarget "isITPrimeUITests" */ = {
			isa = XCConfigurationList;
			buildConfigurations = (
				3768E7CC1F08D7D40005A763 /* Debug */,
				3768E7CD1F08D7D40005A763 /* Release */,
			);
			defaultConfigurationIsVisible = 0;
		};
/* End XCConfigurationList section */
	};
	rootObject = 3768E7951F08D7D30005A763 /* Project object */;
}
