// !$*UTF8*$!
{
	archiveVersion = 1;
	classes = {
	};
	objectVersion = 46;
	objects = {

/* Begin PBXBuildFile section */
		370356C11F41DCE800EF2207 /* LoginViewController.swift in Sources */ = {isa = PBXBuildFile; fileRef = 370356C01F41DCE800EF2207 /* LoginViewController.swift */; };
		370356C31F41DDB700EF2207 /* SIgnupViewController.swift in Sources */ = {isa = PBXBuildFile; fileRef = 370356C21F41DDB700EF2207 /* SIgnupViewController.swift */; };
		370356C71F41E72100EF2207 /* Swift+Gif.swift in Sources */ = {isa = PBXBuildFile; fileRef = 370356C61F41E72100EF2207 /* Swift+Gif.swift */; };
		370356C91F41E74800EF2207 /* MainScreenViewController.swift in Sources */ = {isa = PBXBuildFile; fileRef = 370356C81F41E74800EF2207 /* MainScreenViewController.swift */; };
		375755F71F46FEB200179F84 /* BillBoardCell.swift in Sources */ = {isa = PBXBuildFile; fileRef = 375755F61F46FEB200179F84 /* BillBoardCell.swift */; };
		375755FB1F470E9400179F84 /* BillBoardViewController.swift in Sources */ = {isa = PBXBuildFile; fileRef = 375755FA1F470E9400179F84 /* BillBoardViewController.swift */; };
		377C7D501F45D1E300E3BF96 /* Photo.swift in Sources */ = {isa = PBXBuildFile; fileRef = 377C7D4F1F45D1E300E3BF96 /* Photo.swift */; };
		377C7D521F45D81B00E3BF96 /* PhotoViewCell.swift in Sources */ = {isa = PBXBuildFile; fileRef = 377C7D511F45D81B00E3BF96 /* PhotoViewCell.swift */; };
		377C7D541F45D9AB00E3BF96 /* GalleryCollectionViewController.swift in Sources */ = {isa = PBXBuildFile; fileRef = 377C7D531F45D9AB00E3BF96 /* GalleryCollectionViewController.swift */; };
		377C7D561F45E77100E3BF96 /* DetailsViewController.swift in Sources */ = {isa = PBXBuildFile; fileRef = 377C7D551F45E77100E3BF96 /* DetailsViewController.swift */; };
		37D349261F41CAAD00C4EE0D /* AppDelegate.swift in Sources */ = {isa = PBXBuildFile; fileRef = 37D349251F41CAAD00C4EE0D /* AppDelegate.swift */; };
		37D349281F41CAAD00C4EE0D /* ViewController.swift in Sources */ = {isa = PBXBuildFile; fileRef = 37D349271F41CAAD00C4EE0D /* ViewController.swift */; };
		37D3492B1F41CAAD00C4EE0D /* Main.storyboard in Resources */ = {isa = PBXBuildFile; fileRef = 37D349291F41CAAD00C4EE0D /* Main.storyboard */; };
		37D3492D1F41CAAD00C4EE0D /* Assets.xcassets in Resources */ = {isa = PBXBuildFile; fileRef = 37D3492C1F41CAAD00C4EE0D /* Assets.xcassets */; };
		37D349301F41CAAD00C4EE0D /* LaunchScreen.storyboard in Resources */ = {isa = PBXBuildFile; fileRef = 37D3492E1F41CAAD00C4EE0D /* LaunchScreen.storyboard */; };
		37D3493B1F41CAAE00C4EE0D /* AbsoluteDarhkTests.swift in Sources */ = {isa = PBXBuildFile; fileRef = 37D3493A1F41CAAE00C4EE0D /* AbsoluteDarhkTests.swift */; };
		37D349461F41CAAE00C4EE0D /* AbsoluteDarhkUITests.swift in Sources */ = {isa = PBXBuildFile; fileRef = 37D349451F41CAAE00C4EE0D /* AbsoluteDarhkUITests.swift */; };
		37F72DFC1F438789003E5AB6 /* 2.gif in Resources */ = {isa = PBXBuildFile; fileRef = 37F72DFB1F438789003E5AB6 /* 2.gif */; };
		37F72E061F446C20003E5AB6 /* 1.gif in Resources */ = {isa = PBXBuildFile; fileRef = 37F72DFE1F446C20003E5AB6 /* 1.gif */; };
		37F72E071F446C20003E5AB6 /* 3.gif in Resources */ = {isa = PBXBuildFile; fileRef = 37F72DFF1F446C20003E5AB6 /* 3.gif */; };
		37F72E081F446C20003E5AB6 /* 4.gif in Resources */ = {isa = PBXBuildFile; fileRef = 37F72E001F446C20003E5AB6 /* 4.gif */; };
		37F72E091F446C20003E5AB6 /* 5.gif in Resources */ = {isa = PBXBuildFile; fileRef = 37F72E011F446C20003E5AB6 /* 5.gif */; };
		37F72E0A1F446C20003E5AB6 /* 6.gif in Resources */ = {isa = PBXBuildFile; fileRef = 37F72E021F446C20003E5AB6 /* 6.gif */; };
		37F72E0B1F446C20003E5AB6 /* 7.gif in Resources */ = {isa = PBXBuildFile; fileRef = 37F72E031F446C20003E5AB6 /* 7.gif */; };
		37F72E0C1F446C20003E5AB6 /* 8.gif in Resources */ = {isa = PBXBuildFile; fileRef = 37F72E041F446C20003E5AB6 /* 8.gif */; };
		37F72E0D1F446C20003E5AB6 /* 9.gif in Resources */ = {isa = PBXBuildFile; fileRef = 37F72E051F446C20003E5AB6 /* 9.gif */; };
		37F72E0F1F448954003E5AB6 /* WhoWeAreViewController.swift in Sources */ = {isa = PBXBuildFile; fileRef = 37F72E0E1F448954003E5AB6 /* WhoWeAreViewController.swift */; };
		37F72EDB1F44D03F003E5AB6 /* QuartzCore.framework in Frameworks */ = {isa = PBXBuildFile; fileRef = 37F72EDA1F44D03F003E5AB6 /* QuartzCore.framework */; };
/* End PBXBuildFile section */

/* Begin PBXContainerItemProxy section */
		37D349371F41CAAE00C4EE0D /* PBXContainerItemProxy */ = {
			isa = PBXContainerItemProxy;
			containerPortal = 37D3491A1F41CAAD00C4EE0D /* Project object */;
			proxyType = 1;
			remoteGlobalIDString = 37D349211F41CAAD00C4EE0D;
			remoteInfo = AbsoluteDarhk;
		};
		37D349421F41CAAE00C4EE0D /* PBXContainerItemProxy */ = {
			isa = PBXContainerItemProxy;
			containerPortal = 37D3491A1F41CAAD00C4EE0D /* Project object */;
			proxyType = 1;
			remoteGlobalIDString = 37D349211F41CAAD00C4EE0D;
			remoteInfo = AbsoluteDarhk;
		};
/* End PBXContainerItemProxy section */

/* Begin PBXFileReference section */
		370356C01F41DCE800EF2207 /* LoginViewController.swift */ = {isa = PBXFileReference; fileEncoding = 4; lastKnownFileType = sourcecode.swift; name = LoginViewController.swift; path = ../LoginViewController.swift; sourceTree = "<group>"; };
		370356C21F41DDB700EF2207 /* SIgnupViewController.swift */ = {isa = PBXFileReference; fileEncoding = 4; lastKnownFileType = sourcecode.swift; path = SIgnupViewController.swift; sourceTree = "<group>"; };
		370356C61F41E72100EF2207 /* Swift+Gif.swift */ = {isa = PBXFileReference; fileEncoding = 4; lastKnownFileType = sourcecode.swift; path = "Swift+Gif.swift"; sourceTree = "<group>"; };
		370356C81F41E74800EF2207 /* MainScreenViewController.swift */ = {isa = PBXFileReference; fileEncoding = 4; lastKnownFileType = sourcecode.swift; path = MainScreenViewController.swift; sourceTree = "<group>"; };
		375755F61F46FEB200179F84 /* BillBoardCell.swift */ = {isa = PBXFileReference; fileEncoding = 4; lastKnownFileType = sourcecode.swift; path = BillBoardCell.swift; sourceTree = "<group>"; };
		375755FA1F470E9400179F84 /* BillBoardViewController.swift */ = {isa = PBXFileReference; fileEncoding = 4; lastKnownFileType = sourcecode.swift; path = BillBoardViewController.swift; sourceTree = "<group>"; };
		377C7D4F1F45D1E300E3BF96 /* Photo.swift */ = {isa = PBXFileReference; fileEncoding = 4; lastKnownFileType = sourcecode.swift; path = Photo.swift; sourceTree = "<group>"; };
		377C7D511F45D81B00E3BF96 /* PhotoViewCell.swift */ = {isa = PBXFileReference; fileEncoding = 4; lastKnownFileType = sourcecode.swift; path = PhotoViewCell.swift; sourceTree = "<group>"; };
		377C7D531F45D9AB00E3BF96 /* GalleryCollectionViewController.swift */ = {isa = PBXFileReference; fileEncoding = 4; lastKnownFileType = sourcecode.swift; path = GalleryCollectionViewController.swift; sourceTree = "<group>"; };
		377C7D551F45E77100E3BF96 /* DetailsViewController.swift */ = {isa = PBXFileReference; fileEncoding = 4; lastKnownFileType = sourcecode.swift; path = DetailsViewController.swift; sourceTree = "<group>"; };
		37D349221F41CAAD00C4EE0D /* AbsoluteDarhk.app */ = {isa = PBXFileReference; explicitFileType = wrapper.application; includeInIndex = 0; path = AbsoluteDarhk.app; sourceTree = BUILT_PRODUCTS_DIR; };
		37D349251F41CAAD00C4EE0D /* AppDelegate.swift */ = {isa = PBXFileReference; lastKnownFileType = sourcecode.swift; path = AppDelegate.swift; sourceTree = "<group>"; };
		37D349271F41CAAD00C4EE0D /* ViewController.swift */ = {isa = PBXFileReference; lastKnownFileType = sourcecode.swift; path = ViewController.swift; sourceTree = "<group>"; };
		37D3492A1F41CAAD00C4EE0D /* Base */ = {isa = PBXFileReference; lastKnownFileType = file.storyboard; name = Base; path = Base.lproj/Main.storyboard; sourceTree = "<group>"; };
		37D3492C1F41CAAD00C4EE0D /* Assets.xcassets */ = {isa = PBXFileReference; lastKnownFileType = folder.assetcatalog; path = Assets.xcassets; sourceTree = "<group>"; };
		37D3492F1F41CAAD00C4EE0D /* Base */ = {isa = PBXFileReference; lastKnownFileType = file.storyboard; name = Base; path = Base.lproj/LaunchScreen.storyboard; sourceTree = "<group>"; };
		37D349311F41CAAD00C4EE0D /* Info.plist */ = {isa = PBXFileReference; lastKnownFileType = text.plist.xml; path = Info.plist; sourceTree = "<group>"; };
		37D349361F41CAAE00C4EE0D /* AbsoluteDarhkTests.xctest */ = {isa = PBXFileReference; explicitFileType = wrapper.cfbundle; includeInIndex = 0; path = AbsoluteDarhkTests.xctest; sourceTree = BUILT_PRODUCTS_DIR; };
		37D3493A1F41CAAE00C4EE0D /* AbsoluteDarhkTests.swift */ = {isa = PBXFileReference; lastKnownFileType = sourcecode.swift; path = AbsoluteDarhkTests.swift; sourceTree = "<group>"; };
		37D3493C1F41CAAE00C4EE0D /* Info.plist */ = {isa = PBXFileReference; lastKnownFileType = text.plist.xml; path = Info.plist; sourceTree = "<group>"; };
		37D349411F41CAAE00C4EE0D /* AbsoluteDarhkUITests.xctest */ = {isa = PBXFileReference; explicitFileType = wrapper.cfbundle; includeInIndex = 0; path = AbsoluteDarhkUITests.xctest; sourceTree = BUILT_PRODUCTS_DIR; };
		37D349451F41CAAE00C4EE0D /* AbsoluteDarhkUITests.swift */ = {isa = PBXFileReference; lastKnownFileType = sourcecode.swift; path = AbsoluteDarhkUITests.swift; sourceTree = "<group>"; };
		37D349471F41CAAE00C4EE0D /* Info.plist */ = {isa = PBXFileReference; lastKnownFileType = text.plist.xml; path = Info.plist; sourceTree = "<group>"; };
		37F72DFB1F438789003E5AB6 /* 2.gif */ = {isa = PBXFileReference; lastKnownFileType = image.gif; name = 2.gif; path = "../../../new GIFs/2.gif"; sourceTree = "<group>"; };
		37F72DFE1F446C20003E5AB6 /* 1.gif */ = {isa = PBXFileReference; lastKnownFileType = image.gif; name = 1.gif; path = "../../../new GIFs/1.gif"; sourceTree = "<group>"; };
		37F72DFF1F446C20003E5AB6 /* 3.gif */ = {isa = PBXFileReference; lastKnownFileType = image.gif; name = 3.gif; path = "../../../new GIFs/3.gif"; sourceTree = "<group>"; };
		37F72E001F446C20003E5AB6 /* 4.gif */ = {isa = PBXFileReference; lastKnownFileType = image.gif; name = 4.gif; path = "../../../new GIFs/4.gif"; sourceTree = "<group>"; };
		37F72E011F446C20003E5AB6 /* 5.gif */ = {isa = PBXFileReference; lastKnownFileType = image.gif; name = 5.gif; path = "../../../new GIFs/5.gif"; sourceTree = "<group>"; };
		37F72E021F446C20003E5AB6 /* 6.gif */ = {isa = PBXFileReference; lastKnownFileType = image.gif; name = 6.gif; path = "../../../new GIFs/6.gif"; sourceTree = "<group>"; };
		37F72E031F446C20003E5AB6 /* 7.gif */ = {isa = PBXFileReference; lastKnownFileType = image.gif; name = 7.gif; path = "../../../new GIFs/7.gif"; sourceTree = "<group>"; };
		37F72E041F446C20003E5AB6 /* 8.gif */ = {isa = PBXFileReference; lastKnownFileType = image.gif; name = 8.gif; path = "../../../new GIFs/8.gif"; sourceTree = "<group>"; };
		37F72E051F446C20003E5AB6 /* 9.gif */ = {isa = PBXFileReference; lastKnownFileType = image.gif; name = 9.gif; path = "../../../new GIFs/9.gif"; sourceTree = "<group>"; };
		37F72E0E1F448954003E5AB6 /* WhoWeAreViewController.swift */ = {isa = PBXFileReference; fileEncoding = 4; lastKnownFileType = sourcecode.swift; path = WhoWeAreViewController.swift; sourceTree = "<group>"; };
		37F72EDA1F44D03F003E5AB6 /* QuartzCore.framework */ = {isa = PBXFileReference; lastKnownFileType = wrapper.framework; name = QuartzCore.framework; path = System/Library/Frameworks/QuartzCore.framework; sourceTree = SDKROOT; };
/* End PBXFileReference section */

/* Begin PBXFrameworksBuildPhase section */
		37D3491F1F41CAAD00C4EE0D /* Frameworks */ = {
			isa = PBXFrameworksBuildPhase;
			buildActionMask = 2147483647;
			files = (
				37F72EDB1F44D03F003E5AB6 /* QuartzCore.framework in Frameworks */,
			);
			runOnlyForDeploymentPostprocessing = 0;
		};
		37D349331F41CAAD00C4EE0D /* Frameworks */ = {
			isa = PBXFrameworksBuildPhase;
			buildActionMask = 2147483647;
			files = (
			);
			runOnlyForDeploymentPostprocessing = 0;
		};
		37D3493E1F41CAAE00C4EE0D /* Frameworks */ = {
			isa = PBXFrameworksBuildPhase;
			buildActionMask = 2147483647;
			files = (
			);
			runOnlyForDeploymentPostprocessing = 0;
		};
/* End PBXFrameworksBuildPhase section */

/* Begin PBXGroup section */
		373D10131F41D5CB003043C9 /* ViewController */ = {
			isa = PBXGroup;
			children = (
				370356C01F41DCE800EF2207 /* LoginViewController.swift */,
				37D349271F41CAAD00C4EE0D /* ViewController.swift */,
				370356C21F41DDB700EF2207 /* SIgnupViewController.swift */,
				370356C81F41E74800EF2207 /* MainScreenViewController.swift */,
				37F72E0E1F448954003E5AB6 /* WhoWeAreViewController.swift */,
				377C7D531F45D9AB00E3BF96 /* GalleryCollectionViewController.swift */,
				377C7D551F45E77100E3BF96 /* DetailsViewController.swift */,
				375755FA1F470E9400179F84 /* BillBoardViewController.swift */,
			);
			name = ViewController;
			sourceTree = "<group>";
		};
		3776F5821F45FBCB001AE7AC /* Views */ = {
			isa = PBXGroup;
			children = (
				377C7D511F45D81B00E3BF96 /* PhotoViewCell.swift */,
				375755F61F46FEB200179F84 /* BillBoardCell.swift */,
			);
			name = Views;
			sourceTree = "<group>";
		};
		377C7D4E1F45D1D300E3BF96 /* Model */ = {
			isa = PBXGroup;
			children = (
				377C7D4F1F45D1E300E3BF96 /* Photo.swift */,
			);
			name = Model;
			sourceTree = "<group>";
		};
		37D349191F41CAAD00C4EE0D = {
			isa = PBXGroup;
			children = (
				37D349241F41CAAD00C4EE0D /* AbsoluteDarhk */,
				37D349391F41CAAE00C4EE0D /* AbsoluteDarhkTests */,
				37D349441F41CAAE00C4EE0D /* AbsoluteDarhkUITests */,
				37D349231F41CAAD00C4EE0D /* Products */,
				37F72ED91F44D03F003E5AB6 /* Frameworks */,
			);
			sourceTree = "<group>";
		};
		37D349231F41CAAD00C4EE0D /* Products */ = {
			isa = PBXGroup;
			children = (
				37D349221F41CAAD00C4EE0D /* AbsoluteDarhk.app */,
				37D349361F41CAAE00C4EE0D /* AbsoluteDarhkTests.xctest */,
				37D349411F41CAAE00C4EE0D /* AbsoluteDarhkUITests.xctest */,
			);
			name = Products;
			sourceTree = "<group>";
		};
		37D349241F41CAAD00C4EE0D /* AbsoluteDarhk */ = {
			isa = PBXGroup;
			children = (
				37D349251F41CAAD00C4EE0D /* AppDelegate.swift */,
				3776F5821F45FBCB001AE7AC /* Views */,
				377C7D4E1F45D1D300E3BF96 /* Model */,
				37F72DFD1F440A69003E5AB6 /* GIFs */,
				373D10131F41D5CB003043C9 /* ViewController */,
				37D349291F41CAAD00C4EE0D /* Main.storyboard */,
				370356C61F41E72100EF2207 /* Swift+Gif.swift */,
				37D3492C1F41CAAD00C4EE0D /* Assets.xcassets */,
				37D3492E1F41CAAD00C4EE0D /* LaunchScreen.storyboard */,
				37D349311F41CAAD00C4EE0D /* Info.plist */,
			);
			path = AbsoluteDarhk;
			sourceTree = "<group>";
		};
		37D349391F41CAAE00C4EE0D /* AbsoluteDarhkTests */ = {
			isa = PBXGroup;
			children = (
				37D3493A1F41CAAE00C4EE0D /* AbsoluteDarhkTests.swift */,
				37D3493C1F41CAAE00C4EE0D /* Info.plist */,
			);
			path = AbsoluteDarhkTests;
			sourceTree = "<group>";
		};
		37D349441F41CAAE00C4EE0D /* AbsoluteDarhkUITests */ = {
			isa = PBXGroup;
			children = (
				37D349451F41CAAE00C4EE0D /* AbsoluteDarhkUITests.swift */,
				37D349471F41CAAE00C4EE0D /* Info.plist */,
			);
			path = AbsoluteDarhkUITests;
			sourceTree = "<group>";
		};
		37F72DFD1F440A69003E5AB6 /* GIFs */ = {
			isa = PBXGroup;
			children = (
				37F72DFB1F438789003E5AB6 /* 2.gif */,
				37F72DFE1F446C20003E5AB6 /* 1.gif */,
				37F72DFF1F446C20003E5AB6 /* 3.gif */,
				37F72E001F446C20003E5AB6 /* 4.gif */,
				37F72E011F446C20003E5AB6 /* 5.gif */,
				37F72E021F446C20003E5AB6 /* 6.gif */,
				37F72E031F446C20003E5AB6 /* 7.gif */,
				37F72E041F446C20003E5AB6 /* 8.gif */,
				37F72E051F446C20003E5AB6 /* 9.gif */,
			);
			name = GIFs;
			sourceTree = "<group>";
		};
		37F72ED91F44D03F003E5AB6 /* Frameworks */ = {
			isa = PBXGroup;
			children = (
				37F72EDA1F44D03F003E5AB6 /* QuartzCore.framework */,
			);
			name = Frameworks;
			sourceTree = "<group>";
		};
/* End PBXGroup section */

/* Begin PBXNativeTarget section */
		37D349211F41CAAD00C4EE0D /* AbsoluteDarhk */ = {
			isa = PBXNativeTarget;
			buildConfigurationList = 37D3494A1F41CAAE00C4EE0D /* Build configuration list for PBXNativeTarget "AbsoluteDarhk" */;
			buildPhases = (
				37D3491E1F41CAAD00C4EE0D /* Sources */,
				37D3491F1F41CAAD00C4EE0D /* Frameworks */,
				37D349201F41CAAD00C4EE0D /* Resources */,
			);
			buildRules = (
			);
			dependencies = (
			);
			name = AbsoluteDarhk;
			productName = AbsoluteDarhk;
			productReference = 37D349221F41CAAD00C4EE0D /* AbsoluteDarhk.app */;
			productType = "com.apple.product-type.application";
		};
		37D349351F41CAAD00C4EE0D /* AbsoluteDarhkTests */ = {
			isa = PBXNativeTarget;
			buildConfigurationList = 37D3494D1F41CAAE00C4EE0D /* Build configuration list for PBXNativeTarget "AbsoluteDarhkTests" */;
			buildPhases = (
				37D349321F41CAAD00C4EE0D /* Sources */,
				37D349331F41CAAD00C4EE0D /* Frameworks */,
				37D349341F41CAAD00C4EE0D /* Resources */,
			);
			buildRules = (
			);
			dependencies = (
				37D349381F41CAAE00C4EE0D /* PBXTargetDependency */,
			);
			name = AbsoluteDarhkTests;
			productName = AbsoluteDarhkTests;
			productReference = 37D349361F41CAAE00C4EE0D /* AbsoluteDarhkTests.xctest */;
			productType = "com.apple.product-type.bundle.unit-test";
		};
		37D349401F41CAAE00C4EE0D /* AbsoluteDarhkUITests */ = {
			isa = PBXNativeTarget;
			buildConfigurationList = 37D349501F41CAAE00C4EE0D /* Build configuration list for PBXNativeTarget "AbsoluteDarhkUITests" */;
			buildPhases = (
				37D3493D1F41CAAE00C4EE0D /* Sources */,
				37D3493E1F41CAAE00C4EE0D /* Frameworks */,
				37D3493F1F41CAAE00C4EE0D /* Resources */,
			);
			buildRules = (
			);
			dependencies = (
				37D349431F41CAAE00C4EE0D /* PBXTargetDependency */,
			);
			name = AbsoluteDarhkUITests;
			productName = AbsoluteDarhkUITests;
			productReference = 37D349411F41CAAE00C4EE0D /* AbsoluteDarhkUITests.xctest */;
			productType = "com.apple.product-type.bundle.ui-testing";
		};
/* End PBXNativeTarget section */

/* Begin PBXProject section */
		37D3491A1F41CAAD00C4EE0D /* Project object */ = {
			isa = PBXProject;
			attributes = {
				LastSwiftUpdateCheck = 0830;
				LastUpgradeCheck = 0830;
				ORGANIZATIONNAME = Ezorro;
				TargetAttributes = {
					37D349211F41CAAD00C4EE0D = {
						CreatedOnToolsVersion = 8.3.1;
						DevelopmentTeam = 9456N4A52E;
						ProvisioningStyle = Automatic;
					};
					37D349351F41CAAD00C4EE0D = {
						CreatedOnToolsVersion = 8.3.1;
						ProvisioningStyle = Automatic;
						TestTargetID = 37D349211F41CAAD00C4EE0D;
					};
					37D349401F41CAAE00C4EE0D = {
						CreatedOnToolsVersion = 8.3.1;
						ProvisioningStyle = Automatic;
						TestTargetID = 37D349211F41CAAD00C4EE0D;
					};
				};
			};
			buildConfigurationList = 37D3491D1F41CAAD00C4EE0D /* Build configuration list for PBXProject "AbsoluteDarhk" */;
			compatibilityVersion = "Xcode 3.2";
			developmentRegion = English;
			hasScannedForEncodings = 0;
			knownRegions = (
				en,
				Base,
			);
			mainGroup = 37D349191F41CAAD00C4EE0D;
			productRefGroup = 37D349231F41CAAD00C4EE0D /* Products */;
			projectDirPath = "";
			projectRoot = "";
			targets = (
				37D349211F41CAAD00C4EE0D /* AbsoluteDarhk */,
				37D349351F41CAAD00C4EE0D /* AbsoluteDarhkTests */,
				37D349401F41CAAE00C4EE0D /* AbsoluteDarhkUITests */,
			);
		};
/* End PBXProject section */

/* Begin PBXResourcesBuildPhase section */
		37D349201F41CAAD00C4EE0D /* Resources */ = {
			isa = PBXResourcesBuildPhase;
			buildActionMask = 2147483647;
			files = (
				37F72E0C1F446C20003E5AB6 /* 8.gif in Resources */,
				37F72E0A1F446C20003E5AB6 /* 6.gif in Resources */,
				37F72E071F446C20003E5AB6 /* 3.gif in Resources */,
				37D349301F41CAAD00C4EE0D /* LaunchScreen.storyboard in Resources */,
				37F72DFC1F438789003E5AB6 /* 2.gif in Resources */,
				37D3492D1F41CAAD00C4EE0D /* Assets.xcassets in Resources */,
				37F72E0D1F446C20003E5AB6 /* 9.gif in Resources */,
				37F72E061F446C20003E5AB6 /* 1.gif in Resources */,
				37F72E0B1F446C20003E5AB6 /* 7.gif in Resources */,
				37D3492B1F41CAAD00C4EE0D /* Main.storyboard in Resources */,
				37F72E091F446C20003E5AB6 /* 5.gif in Resources */,
				37F72E081F446C20003E5AB6 /* 4.gif in Resources */,
			);
			runOnlyForDeploymentPostprocessing = 0;
		};
		37D349341F41CAAD00C4EE0D /* Resources */ = {
			isa = PBXResourcesBuildPhase;
			buildActionMask = 2147483647;
			files = (
			);
			runOnlyForDeploymentPostprocessing = 0;
		};
		37D3493F1F41CAAE00C4EE0D /* Resources */ = {
			isa = PBXResourcesBuildPhase;
			buildActionMask = 2147483647;
			files = (
			);
			runOnlyForDeploymentPostprocessing = 0;
		};
/* End PBXResourcesBuildPhase section */

/* Begin PBXSourcesBuildPhase section */
		37D3491E1F41CAAD00C4EE0D /* Sources */ = {
			isa = PBXSourcesBuildPhase;
			buildActionMask = 2147483647;
			files = (
				370356C11F41DCE800EF2207 /* LoginViewController.swift in Sources */,
				37D349281F41CAAD00C4EE0D /* ViewController.swift in Sources */,
				377C7D521F45D81B00E3BF96 /* PhotoViewCell.swift in Sources */,
				377C7D561F45E77100E3BF96 /* DetailsViewController.swift in Sources */,
				370356C31F41DDB700EF2207 /* SIgnupViewController.swift in Sources */,
				377C7D501F45D1E300E3BF96 /* Photo.swift in Sources */,
				377C7D541F45D9AB00E3BF96 /* GalleryCollectionViewController.swift in Sources */,
				375755FB1F470E9400179F84 /* BillBoardViewController.swift in Sources */,
				37D349261F41CAAD00C4EE0D /* AppDelegate.swift in Sources */,
				370356C71F41E72100EF2207 /* Swift+Gif.swift in Sources */,
				37F72E0F1F448954003E5AB6 /* WhoWeAreViewController.swift in Sources */,
				370356C91F41E74800EF2207 /* MainScreenViewController.swift in Sources */,
				375755F71F46FEB200179F84 /* BillBoardCell.swift in Sources */,
			);
			runOnlyForDeploymentPostprocessing = 0;
		};
		37D349321F41CAAD00C4EE0D /* Sources */ = {
			isa = PBXSourcesBuildPhase;
			buildActionMask = 2147483647;
			files = (
				37D3493B1F41CAAE00C4EE0D /* AbsoluteDarhkTests.swift in Sources */,
			);
			runOnlyForDeploymentPostprocessing = 0;
		};
		37D3493D1F41CAAE00C4EE0D /* Sources */ = {
			isa = PBXSourcesBuildPhase;
			buildActionMask = 2147483647;
			files = (
				37D349461F41CAAE00C4EE0D /* AbsoluteDarhkUITests.swift in Sources */,
			);
			runOnlyForDeploymentPostprocessing = 0;
		};
/* End PBXSourcesBuildPhase section */

/* Begin PBXTargetDependency section */
		37D349381F41CAAE00C4EE0D /* PBXTargetDependency */ = {
			isa = PBXTargetDependency;
			target = 37D349211F41CAAD00C4EE0D /* AbsoluteDarhk */;
			targetProxy = 37D349371F41CAAE00C4EE0D /* PBXContainerItemProxy */;
		};
		37D349431F41CAAE00C4EE0D /* PBXTargetDependency */ = {
			isa = PBXTargetDependency;
			target = 37D349211F41CAAD00C4EE0D /* AbsoluteDarhk */;
			targetProxy = 37D349421F41CAAE00C4EE0D /* PBXContainerItemProxy */;
		};
/* End PBXTargetDependency section */

/* Begin PBXVariantGroup section */
		37D349291F41CAAD00C4EE0D /* Main.storyboard */ = {
			isa = PBXVariantGroup;
			children = (
				37D3492A1F41CAAD00C4EE0D /* Base */,
			);
			name = Main.storyboard;
			sourceTree = "<group>";
		};
		37D3492E1F41CAAD00C4EE0D /* LaunchScreen.storyboard */ = {
			isa = PBXVariantGroup;
			children = (
				37D3492F1F41CAAD00C4EE0D /* Base */,
			);
			name = LaunchScreen.storyboard;
			sourceTree = "<group>";
		};
/* End PBXVariantGroup section */

/* Begin XCBuildConfiguration section */
		37D349481F41CAAE00C4EE0D /* Debug */ = {
			isa = XCBuildConfiguration;
			buildSettings = {
				ALWAYS_SEARCH_USER_PATHS = NO;
				CLANG_ANALYZER_NONNULL = YES;
				CLANG_ANALYZER_NUMBER_OBJECT_CONVERSION = YES_AGGRESSIVE;
				CLANG_CXX_LANGUAGE_STANDARD = "gnu++0x";
				CLANG_CXX_LIBRARY = "libc++";
				CLANG_ENABLE_MODULES = YES;
				CLANG_ENABLE_OBJC_ARC = YES;
				CLANG_WARN_BOOL_CONVERSION = YES;
				CLANG_WARN_CONSTANT_CONVERSION = YES;
				CLANG_WARN_DIRECT_OBJC_ISA_USAGE = YES_ERROR;
				CLANG_WARN_DOCUMENTATION_COMMENTS = YES;
				CLANG_WARN_EMPTY_BODY = YES;
				CLANG_WARN_ENUM_CONVERSION = YES;
				CLANG_WARN_INFINITE_RECURSION = YES;
				CLANG_WARN_INT_CONVERSION = YES;
				CLANG_WARN_OBJC_ROOT_CLASS = YES_ERROR;
				CLANG_WARN_SUSPICIOUS_MOVE = YES;
				CLANG_WARN_UNREACHABLE_CODE = YES;
				CLANG_WARN__DUPLICATE_METHOD_MATCH = YES;
				"CODE_SIGN_IDENTITY[sdk=iphoneos*]" = "iPhone Developer";
				COPY_PHASE_STRIP = NO;
				DEBUG_INFORMATION_FORMAT = dwarf;
				ENABLE_STRICT_OBJC_MSGSEND = YES;
				ENABLE_TESTABILITY = YES;
				GCC_C_LANGUAGE_STANDARD = gnu99;
				GCC_DYNAMIC_NO_PIC = NO;
				GCC_NO_COMMON_BLOCKS = YES;
				GCC_OPTIMIZATION_LEVEL = 0;
				GCC_PREPROCESSOR_DEFINITIONS = (
					"DEBUG=1",
					"$(inherited)",
				);
				GCC_WARN_64_TO_32_BIT_CONVERSION = YES;
				GCC_WARN_ABOUT_RETURN_TYPE = YES_ERROR;
				GCC_WARN_UNDECLARED_SELECTOR = YES;
				GCC_WARN_UNINITIALIZED_AUTOS = YES_AGGRESSIVE;
				GCC_WARN_UNUSED_FUNCTION = YES;
				GCC_WARN_UNUSED_VARIABLE = YES;
				IPHONEOS_DEPLOYMENT_TARGET = 10.3;
				MTL_ENABLE_DEBUG_INFO = YES;
				ONLY_ACTIVE_ARCH = YES;
				SDKROOT = iphoneos;
				SWIFT_ACTIVE_COMPILATION_CONDITIONS = DEBUG;
				SWIFT_OPTIMIZATION_LEVEL = "-Onone";
			};
			name = Debug;
		};
		37D349491F41CAAE00C4EE0D /* Release */ = {
			isa = XCBuildConfiguration;
			buildSettings = {
				ALWAYS_SEARCH_USER_PATHS = NO;
				CLANG_ANALYZER_NONNULL = YES;
				CLANG_ANALYZER_NUMBER_OBJECT_CONVERSION = YES_AGGRESSIVE;
				CLANG_CXX_LANGUAGE_STANDARD = "gnu++0x";
				CLANG_CXX_LIBRARY = "libc++";
				CLANG_ENABLE_MODULES = YES;
				CLANG_ENABLE_OBJC_ARC = YES;
				CLANG_WARN_BOOL_CONVERSION = YES;
				CLANG_WARN_CONSTANT_CONVERSION = YES;
				CLANG_WARN_DIRECT_OBJC_ISA_USAGE = YES_ERROR;
				CLANG_WARN_DOCUMENTATION_COMMENTS = YES;
				CLANG_WARN_EMPTY_BODY = YES;
				CLANG_WARN_ENUM_CONVERSION = YES;
				CLANG_WARN_INFINITE_RECURSION = YES;
				CLANG_WARN_INT_CONVERSION = YES;
				CLANG_WARN_OBJC_ROOT_CLASS = YES_ERROR;
				CLANG_WARN_SUSPICIOUS_MOVE = YES;
				CLANG_WARN_UNREACHABLE_CODE = YES;
				CLANG_WARN__DUPLICATE_METHOD_MATCH = YES;
				"CODE_SIGN_IDENTITY[sdk=iphoneos*]" = "iPhone Developer";
				COPY_PHASE_STRIP = NO;
				DEBUG_INFORMATION_FORMAT = "dwarf-with-dsym";
				ENABLE_NS_ASSERTIONS = NO;
				ENABLE_STRICT_OBJC_MSGSEND = YES;
				GCC_C_LANGUAGE_STANDARD = gnu99;
				GCC_NO_COMMON_BLOCKS = YES;
				GCC_WARN_64_TO_32_BIT_CONVERSION = YES;
				GCC_WARN_ABOUT_RETURN_TYPE = YES_ERROR;
				GCC_WARN_UNDECLARED_SELECTOR = YES;
				GCC_WARN_UNINITIALIZED_AUTOS = YES_AGGRESSIVE;
				GCC_WARN_UNUSED_FUNCTION = YES;
				GCC_WARN_UNUSED_VARIABLE = YES;
				IPHONEOS_DEPLOYMENT_TARGET = 10.3;
				MTL_ENABLE_DEBUG_INFO = NO;
				SDKROOT = iphoneos;
				SWIFT_OPTIMIZATION_LEVEL = "-Owholemodule";
				VALIDATE_PRODUCT = YES;
			};
			name = Release;
		};
		37D3494B1F41CAAE00C4EE0D /* Debug */ = {
			isa = XCBuildConfiguration;
			buildSettings = {
				ASSETCATALOG_COMPILER_APPICON_NAME = AppIcon;
				DEVELOPMENT_TEAM = 9456N4A52E;
				INFOPLIST_FILE = AbsoluteDarhk/Info.plist;
				LD_RUNPATH_SEARCH_PATHS = "$(inherited) @executable_path/Frameworks";
				PRODUCT_BUNDLE_IDENTIFIER = com.ezorro.AbsoluteDarhk;
				PRODUCT_NAME = "$(TARGET_NAME)";
				SWIFT_VERSION = 3.0;
			};
			name = Debug;
		};
		37D3494C1F41CAAE00C4EE0D /* Release */ = {
			isa = XCBuildConfiguration;
			buildSettings = {
				ASSETCATALOG_COMPILER_APPICON_NAME = AppIcon;
				DEVELOPMENT_TEAM = 9456N4A52E;
				INFOPLIST_FILE = AbsoluteDarhk/Info.plist;
				LD_RUNPATH_SEARCH_PATHS = "$(inherited) @executable_path/Frameworks";
				PRODUCT_BUNDLE_IDENTIFIER = com.ezorro.AbsoluteDarhk;
				PRODUCT_NAME = "$(TARGET_NAME)";
				SWIFT_VERSION = 3.0;
			};
			name = Release;
		};
		37D3494E1F41CAAE00C4EE0D /* Debug */ = {
			isa = XCBuildConfiguration;
			buildSettings = {
				ALWAYS_EMBED_SWIFT_STANDARD_LIBRARIES = YES;
				BUNDLE_LOADER = "$(TEST_HOST)";
				INFOPLIST_FILE = AbsoluteDarhkTests/Info.plist;
				LD_RUNPATH_SEARCH_PATHS = "$(inherited) @executable_path/Frameworks @loader_path/Frameworks";
				PRODUCT_BUNDLE_IDENTIFIER = com.ezorro.AbsoluteDarhkTests;
				PRODUCT_NAME = "$(TARGET_NAME)";
				SWIFT_VERSION = 3.0;
				TEST_HOST = "$(BUILT_PRODUCTS_DIR)/AbsoluteDarhk.app/AbsoluteDarhk";
			};
			name = Debug;
		};
		37D3494F1F41CAAE00C4EE0D /* Release */ = {
			isa = XCBuildConfiguration;
			buildSettings = {
				ALWAYS_EMBED_SWIFT_STANDARD_LIBRARIES = YES;
				BUNDLE_LOADER = "$(TEST_HOST)";
				INFOPLIST_FILE = AbsoluteDarhkTests/Info.plist;
				LD_RUNPATH_SEARCH_PATHS = "$(inherited) @executable_path/Frameworks @loader_path/Frameworks";
				PRODUCT_BUNDLE_IDENTIFIER = com.ezorro.AbsoluteDarhkTests;
				PRODUCT_NAME = "$(TARGET_NAME)";
				SWIFT_VERSION = 3.0;
				TEST_HOST = "$(BUILT_PRODUCTS_DIR)/AbsoluteDarhk.app/AbsoluteDarhk";
			};
			name = Release;
		};
		37D349511F41CAAE00C4EE0D /* Debug */ = {
			isa = XCBuildConfiguration;
			buildSettings = {
				ALWAYS_EMBED_SWIFT_STANDARD_LIBRARIES = YES;
				INFOPLIST_FILE = AbsoluteDarhkUITests/Info.plist;
				LD_RUNPATH_SEARCH_PATHS = "$(inherited) @executable_path/Frameworks @loader_path/Frameworks";
				PRODUCT_BUNDLE_IDENTIFIER = com.ezorro.AbsoluteDarhkUITests;
				PRODUCT_NAME = "$(TARGET_NAME)";
				SWIFT_VERSION = 3.0;
				TEST_TARGET_NAME = AbsoluteDarhk;
			};
			name = Debug;
		};
		37D349521F41CAAE00C4EE0D /* Release */ = {
			isa = XCBuildConfiguration;
			buildSettings = {
				ALWAYS_EMBED_SWIFT_STANDARD_LIBRARIES = YES;
				INFOPLIST_FILE = AbsoluteDarhkUITests/Info.plist;
				LD_RUNPATH_SEARCH_PATHS = "$(inherited) @executable_path/Frameworks @loader_path/Frameworks";
				PRODUCT_BUNDLE_IDENTIFIER = com.ezorro.AbsoluteDarhkUITests;
				PRODUCT_NAME = "$(TARGET_NAME)";
				SWIFT_VERSION = 3.0;
				TEST_TARGET_NAME = AbsoluteDarhk;
			};
			name = Release;
		};
/* End XCBuildConfiguration section */

/* Begin XCConfigurationList section */
		37D3491D1F41CAAD00C4EE0D /* Build configuration list for PBXProject "AbsoluteDarhk" */ = {
			isa = XCConfigurationList;
			buildConfigurations = (
				37D349481F41CAAE00C4EE0D /* Debug */,
				37D349491F41CAAE00C4EE0D /* Release */,
			);
			defaultConfigurationIsVisible = 0;
			defaultConfigurationName = Release;
		};
		37D3494A1F41CAAE00C4EE0D /* Build configuration list for PBXNativeTarget "AbsoluteDarhk" */ = {
			isa = XCConfigurationList;
			buildConfigurations = (
				37D3494B1F41CAAE00C4EE0D /* Debug */,
				37D3494C1F41CAAE00C4EE0D /* Release */,
			);
			defaultConfigurationIsVisible = 0;
			defaultConfigurationName = Release;
		};
		37D3494D1F41CAAE00C4EE0D /* Build configuration list for PBXNativeTarget "AbsoluteDarhkTests" */ = {
			isa = XCConfigurationList;
			buildConfigurations = (
				37D3494E1F41CAAE00C4EE0D /* Debug */,
				37D3494F1F41CAAE00C4EE0D /* Release */,
			);
			defaultConfigurationIsVisible = 0;
			defaultConfigurationName = Release;
		};
		37D349501F41CAAE00C4EE0D /* Build configuration list for PBXNativeTarget "AbsoluteDarhkUITests" */ = {
			isa = XCConfigurationList;
			buildConfigurations = (
				37D349511F41CAAE00C4EE0D /* Debug */,
				37D349521F41CAAE00C4EE0D /* Release */,
			);
			defaultConfigurationIsVisible = 0;
			defaultConfigurationName = Release;
		};
/* End XCConfigurationList section */
	};
	rootObject = 37D3491A1F41CAAD00C4EE0D /* Project object */;
}
