// !$*UTF8*$!
{
	archiveVersion = 1;
	classes = {
	};
	objectVersion = 48;
	objects = {

/* Begin PBXBuildFile section */
		37EF801A1FE6C2C0001C7B3E /* AppDelegate.swift in Sources */ = {isa = PBXBuildFile; fileRef = 37EF80191FE6C2C0001C7B3E /* AppDelegate.swift */; };
		37EF801C1FE6C2C0001C7B3E /* ViewController.swift in Sources */ = {isa = PBXBuildFile; fileRef = 37EF801B1FE6C2C0001C7B3E /* ViewController.swift */; };
		37EF801F1FE6C2C0001C7B3E /* Main.storyboard in Resources */ = {isa = PBXBuildFile; fileRef = 37EF801D1FE6C2C0001C7B3E /* Main.storyboard */; };
		37EF80211FE6C2C0001C7B3E /* Assets.xcassets in Resources */ = {isa = PBXBuildFile; fileRef = 37EF80201FE6C2C0001C7B3E /* Assets.xcassets */; };
		37EF80241FE6C2C0001C7B3E /* LaunchScreen.storyboard in Resources */ = {isa = PBXBuildFile; fileRef = 37EF80221FE6C2C0001C7B3E /* LaunchScreen.storyboard */; };
		37EF802D1FE6C2F1001C7B3E /* PlayingCard.swift in Sources */ = {isa = PBXBuildFile; fileRef = 37EF802C1FE6C2F1001C7B3E /* PlayingCard.swift */; };
		37EF802F1FE6C558001C7B3E /* PlayingCardDeck.swift in Sources */ = {isa = PBXBuildFile; fileRef = 37EF802E1FE6C558001C7B3E /* PlayingCardDeck.swift */; };
		37EF80311FE6D512001C7B3E /* PlayingCardView.swift in Sources */ = {isa = PBXBuildFile; fileRef = 37EF80301FE6D512001C7B3E /* PlayingCardView.swift */; };
/* End PBXBuildFile section */

/* Begin PBXFileReference section */
		37EF80161FE6C2C0001C7B3E /* PlayingCard.app */ = {isa = PBXFileReference; explicitFileType = wrapper.application; includeInIndex = 0; path = PlayingCard.app; sourceTree = BUILT_PRODUCTS_DIR; };
		37EF80191FE6C2C0001C7B3E /* AppDelegate.swift */ = {isa = PBXFileReference; lastKnownFileType = sourcecode.swift; path = AppDelegate.swift; sourceTree = "<group>"; };
		37EF801B1FE6C2C0001C7B3E /* ViewController.swift */ = {isa = PBXFileReference; lastKnownFileType = sourcecode.swift; path = ViewController.swift; sourceTree = "<group>"; };
		37EF801E1FE6C2C0001C7B3E /* Base */ = {isa = PBXFileReference; lastKnownFileType = file.storyboard; name = Base; path = Base.lproj/Main.storyboard; sourceTree = "<group>"; };
		37EF80201FE6C2C0001C7B3E /* Assets.xcassets */ = {isa = PBXFileReference; lastKnownFileType = folder.assetcatalog; path = Assets.xcassets; sourceTree = "<group>"; };
		37EF80231FE6C2C0001C7B3E /* Base */ = {isa = PBXFileReference; lastKnownFileType = file.storyboard; name = Base; path = Base.lproj/LaunchScreen.storyboard; sourceTree = "<group>"; };
		37EF80251FE6C2C0001C7B3E /* Info.plist */ = {isa = PBXFileReference; lastKnownFileType = text.plist.xml; path = Info.plist; sourceTree = "<group>"; };
		37EF802C1FE6C2F1001C7B3E /* PlayingCard.swift */ = {isa = PBXFileReference; lastKnownFileType = sourcecode.swift; path = PlayingCard.swift; sourceTree = "<group>"; };
		37EF802E1FE6C558001C7B3E /* PlayingCardDeck.swift */ = {isa = PBXFileReference; lastKnownFileType = sourcecode.swift; path = PlayingCardDeck.swift; sourceTree = "<group>"; };
		37EF80301FE6D512001C7B3E /* PlayingCardView.swift */ = {isa = PBXFileReference; lastKnownFileType = sourcecode.swift; path = PlayingCardView.swift; sourceTree = "<group>"; };
/* End PBXFileReference section */

/* Begin PBXFrameworksBuildPhase section */
		37EF80131FE6C2C0001C7B3E /* Frameworks */ = {
			isa = PBXFrameworksBuildPhase;
			buildActionMask = 2147483647;
			files = (
			);
			runOnlyForDeploymentPostprocessing = 0;
		};
/* End PBXFrameworksBuildPhase section */

/* Begin PBXGroup section */
		37EF800D1FE6C2C0001C7B3E = {
			isa = PBXGroup;
			children = (
				37EF80181FE6C2C0001C7B3E /* PlayingCard */,
				37EF80171FE6C2C0001C7B3E /* Products */,
			);
			sourceTree = "<group>";
		};
		37EF80171FE6C2C0001C7B3E /* Products */ = {
			isa = PBXGroup;
			children = (
				37EF80161FE6C2C0001C7B3E /* PlayingCard.app */,
			);
			name = Products;
			sourceTree = "<group>";
		};
		37EF80181FE6C2C0001C7B3E /* PlayingCard */ = {
			isa = PBXGroup;
			children = (
				37EF802B1FE6C2D8001C7B3E /* SupportingFiles */,
				37EF801B1FE6C2C0001C7B3E /* ViewController.swift */,
				37EF80301FE6D512001C7B3E /* PlayingCardView.swift */,
				37EF801D1FE6C2C0001C7B3E /* Main.storyboard */,
				37EF80201FE6C2C0001C7B3E /* Assets.xcassets */,
				37EF80251FE6C2C0001C7B3E /* Info.plist */,
				37EF802C1FE6C2F1001C7B3E /* PlayingCard.swift */,
				37EF802E1FE6C558001C7B3E /* PlayingCardDeck.swift */,
			);
			path = PlayingCard;
			sourceTree = "<group>";
		};
		37EF802B1FE6C2D8001C7B3E /* SupportingFiles */ = {
			isa = PBXGroup;
			children = (
				37EF80191FE6C2C0001C7B3E /* AppDelegate.swift */,
				37EF80221FE6C2C0001C7B3E /* LaunchScreen.storyboard */,
			);
			path = SupportingFiles;
			sourceTree = "<group>";
		};
/* End PBXGroup section */

/* Begin PBXNativeTarget section */
		37EF80151FE6C2C0001C7B3E /* PlayingCard */ = {
			isa = PBXNativeTarget;
			buildConfigurationList = 37EF80281FE6C2C0001C7B3E /* Build configuration list for PBXNativeTarget "PlayingCard" */;
			buildPhases = (
				37EF80121FE6C2C0001C7B3E /* Sources */,
				37EF80131FE6C2C0001C7B3E /* Frameworks */,
				37EF80141FE6C2C0001C7B3E /* Resources */,
			);
			buildRules = (
			);
			dependencies = (
			);
			name = PlayingCard;
			productName = PlayingCard;
			productReference = 37EF80161FE6C2C0001C7B3E /* PlayingCard.app */;
			productType = "com.apple.product-type.application";
		};
/* End PBXNativeTarget section */

/* Begin PBXProject section */
		37EF800E1FE6C2C0001C7B3E /* Project object */ = {
			isa = PBXProject;
			attributes = {
				LastSwiftUpdateCheck = 0900;
				LastUpgradeCheck = 0900;
				ORGANIZATIONNAME = nothing;
				TargetAttributes = {
					37EF80151FE6C2C0001C7B3E = {
						CreatedOnToolsVersion = 9.0;
						ProvisioningStyle = Automatic;
					};
				};
			};
			buildConfigurationList = 37EF80111FE6C2C0001C7B3E /* Build configuration list for PBXProject "PlayingCard" */;
			compatibilityVersion = "Xcode 8.0";
			developmentRegion = en;
			hasScannedForEncodings = 0;
			knownRegions = (
				en,
				Base,
			);
			mainGroup = 37EF800D1FE6C2C0001C7B3E;
			productRefGroup = 37EF80171FE6C2C0001C7B3E /* Products */;
			projectDirPath = "";
			projectRoot = "";
			targets = (
				37EF80151FE6C2C0001C7B3E /* PlayingCard */,
			);
		};
/* End PBXProject section */

/* Begin PBXResourcesBuildPhase section */
		37EF80141FE6C2C0001C7B3E /* Resources */ = {
			isa = PBXResourcesBuildPhase;
			buildActionMask = 2147483647;
			files = (
				37EF80241FE6C2C0001C7B3E /* LaunchScreen.storyboard in Resources */,
				37EF80211FE6C2C0001C7B3E /* Assets.xcassets in Resources */,
				37EF801F1FE6C2C0001C7B3E /* Main.storyboard in Resources */,
			);
			runOnlyForDeploymentPostprocessing = 0;
		};
/* End PBXResourcesBuildPhase section */

/* Begin PBXSourcesBuildPhase section */
		37EF80121FE6C2C0001C7B3E /* Sources */ = {
			isa = PBXSourcesBuildPhase;
			buildActionMask = 2147483647;
			files = (
				37EF801C1FE6C2C0001C7B3E /* ViewController.swift in Sources */,
				37EF802F1FE6C558001C7B3E /* PlayingCardDeck.swift in Sources */,
				37EF802D1FE6C2F1001C7B3E /* PlayingCard.swift in Sources */,
				37EF80311FE6D512001C7B3E /* PlayingCardView.swift in Sources */,
				37EF801A1FE6C2C0001C7B3E /* AppDelegate.swift in Sources */,
			);
			runOnlyForDeploymentPostprocessing = 0;
		};
/* End PBXSourcesBuildPhase section */

/* Begin PBXVariantGroup section */
		37EF801D1FE6C2C0001C7B3E /* Main.storyboard */ = {
			isa = PBXVariantGroup;
			children = (
				37EF801E1FE6C2C0001C7B3E /* Base */,
			);
			name = Main.storyboard;
			sourceTree = "<group>";
		};
		37EF80221FE6C2C0001C7B3E /* LaunchScreen.storyboard */ = {
			isa = PBXVariantGroup;
			children = (
				37EF80231FE6C2C0001C7B3E /* Base */,
			);
			name = LaunchScreen.storyboard;
			sourceTree = "<group>";
		};
/* End PBXVariantGroup section */

/* Begin XCBuildConfiguration section */
		37EF80261FE6C2C0001C7B3E /* Debug */ = {
			isa = XCBuildConfiguration;
			buildSettings = {
				ALWAYS_SEARCH_USER_PATHS = NO;
				CLANG_ANALYZER_NONNULL = YES;
				CLANG_ANALYZER_NUMBER_OBJECT_CONVERSION = YES_AGGRESSIVE;
				CLANG_CXX_LANGUAGE_STANDARD = "gnu++14";
				CLANG_CXX_LIBRARY = "libc++";
				CLANG_ENABLE_MODULES = YES;
				CLANG_ENABLE_OBJC_ARC = YES;
				CLANG_WARN_BLOCK_CAPTURE_AUTORELEASING = YES;
				CLANG_WARN_BOOL_CONVERSION = YES;
				CLANG_WARN_COMMA = YES;
				CLANG_WARN_CONSTANT_CONVERSION = YES;
				CLANG_WARN_DIRECT_OBJC_ISA_USAGE = YES_ERROR;
				CLANG_WARN_DOCUMENTATION_COMMENTS = YES;
				CLANG_WARN_EMPTY_BODY = YES;
				CLANG_WARN_ENUM_CONVERSION = YES;
				CLANG_WARN_INFINITE_RECURSION = YES;
				CLANG_WARN_INT_CONVERSION = YES;
				CLANG_WARN_NON_LITERAL_NULL_CONVERSION = YES;
				CLANG_WARN_OBJC_LITERAL_CONVERSION = YES;
				CLANG_WARN_OBJC_ROOT_CLASS = YES_ERROR;
				CLANG_WARN_RANGE_LOOP_ANALYSIS = YES;
				CLANG_WARN_STRICT_PROTOTYPES = YES;
				CLANG_WARN_SUSPICIOUS_MOVE = YES;
				CLANG_WARN_UNGUARDED_AVAILABILITY = YES_AGGRESSIVE;
				CLANG_WARN_UNREACHABLE_CODE = YES;
				CLANG_WARN__DUPLICATE_METHOD_MATCH = YES;
				CODE_SIGN_IDENTITY = "iPhone Developer";
				COPY_PHASE_STRIP = NO;
				DEBUG_INFORMATION_FORMAT = dwarf;
				ENABLE_STRICT_OBJC_MSGSEND = YES;
				ENABLE_TESTABILITY = YES;
				GCC_C_LANGUAGE_STANDARD = gnu11;
				GCC_DYNAMIC_NO_PIC = NO;
				GCC_NO_COMMON_BLOCKS = YES;
				GCC_OPTIMIZATION_LEVEL = 0;
				GCC_PREPROCESSOR_DEFINITIONS = (
					"DEBUG=1",
					"$(inherited)",
				);
				GCC_WARN_64_TO_32_BIT_CONVERSION = YES;
				GCC_WARN_ABOUT_RETURN_TYPE = YES_ERROR;
				GCC_WARN_UNDECLARED_SELECTOR = YES;
				GCC_WARN_UNINITIALIZED_AUTOS = YES_AGGRESSIVE;
				GCC_WARN_UNUSED_FUNCTION = YES;
				GCC_WARN_UNUSED_VARIABLE = YES;
				IPHONEOS_DEPLOYMENT_TARGET = 11.0;
				MTL_ENABLE_DEBUG_INFO = YES;
				ONLY_ACTIVE_ARCH = YES;
				SDKROOT = iphoneos;
				SWIFT_ACTIVE_COMPILATION_CONDITIONS = DEBUG;
				SWIFT_OPTIMIZATION_LEVEL = "-Onone";
			};
			name = Debug;
		};
		37EF80271FE6C2C0001C7B3E /* Release */ = {
			isa = XCBuildConfiguration;
			buildSettings = {
				ALWAYS_SEARCH_USER_PATHS = NO;
				CLANG_ANALYZER_NONNULL = YES;
				CLANG_ANALYZER_NUMBER_OBJECT_CONVERSION = YES_AGGRESSIVE;
				CLANG_CXX_LANGUAGE_STANDARD = "gnu++14";
				CLANG_CXX_LIBRARY = "libc++";
				CLANG_ENABLE_MODULES = YES;
				CLANG_ENABLE_OBJC_ARC = YES;
				CLANG_WARN_BLOCK_CAPTURE_AUTORELEASING = YES;
				CLANG_WARN_BOOL_CONVERSION = YES;
				CLANG_WARN_COMMA = YES;
				CLANG_WARN_CONSTANT_CONVERSION = YES;
				CLANG_WARN_DIRECT_OBJC_ISA_USAGE = YES_ERROR;
				CLANG_WARN_DOCUMENTATION_COMMENTS = YES;
				CLANG_WARN_EMPTY_BODY = YES;
				CLANG_WARN_ENUM_CONVERSION = YES;
				CLANG_WARN_INFINITE_RECURSION = YES;
				CLANG_WARN_INT_CONVERSION = YES;
				CLANG_WARN_NON_LITERAL_NULL_CONVERSION = YES;
				CLANG_WARN_OBJC_LITERAL_CONVERSION = YES;
				CLANG_WARN_OBJC_ROOT_CLASS = YES_ERROR;
				CLANG_WARN_RANGE_LOOP_ANALYSIS = YES;
				CLANG_WARN_STRICT_PROTOTYPES = YES;
				CLANG_WARN_SUSPICIOUS_MOVE = YES;
				CLANG_WARN_UNGUARDED_AVAILABILITY = YES_AGGRESSIVE;
				CLANG_WARN_UNREACHABLE_CODE = YES;
				CLANG_WARN__DUPLICATE_METHOD_MATCH = YES;
				CODE_SIGN_IDENTITY = "iPhone Developer";
				COPY_PHASE_STRIP = NO;
				DEBUG_INFORMATION_FORMAT = "dwarf-with-dsym";
				ENABLE_NS_ASSERTIONS = NO;
				ENABLE_STRICT_OBJC_MSGSEND = YES;
				GCC_C_LANGUAGE_STANDARD = gnu11;
				GCC_NO_COMMON_BLOCKS = YES;
				GCC_WARN_64_TO_32_BIT_CONVERSION = YES;
				GCC_WARN_ABOUT_RETURN_TYPE = YES_ERROR;
				GCC_WARN_UNDECLARED_SELECTOR = YES;
				GCC_WARN_UNINITIALIZED_AUTOS = YES_AGGRESSIVE;
				GCC_WARN_UNUSED_FUNCTION = YES;
				GCC_WARN_UNUSED_VARIABLE = YES;
				IPHONEOS_DEPLOYMENT_TARGET = 11.0;
				MTL_ENABLE_DEBUG_INFO = NO;
				SDKROOT = iphoneos;
				SWIFT_OPTIMIZATION_LEVEL = "-Owholemodule";
				VALIDATE_PRODUCT = YES;
			};
			name = Release;
		};
		37EF80291FE6C2C0001C7B3E /* Debug */ = {
			isa = XCBuildConfiguration;
			buildSettings = {
				ASSETCATALOG_COMPILER_APPICON_NAME = AppIcon;
				CODE_SIGN_STYLE = Automatic;
				INFOPLIST_FILE = PlayingCard/Info.plist;
				LD_RUNPATH_SEARCH_PATHS = "$(inherited) @executable_path/Frameworks";
				PRODUCT_BUNDLE_IDENTIFIER = com.nothing.PlayingCard;
				PRODUCT_NAME = "$(TARGET_NAME)";
				SWIFT_VERSION = 4.0;
				TARGETED_DEVICE_FAMILY = "1,2";
			};
			name = Debug;
		};
		37EF802A1FE6C2C0001C7B3E /* Release */ = {
			isa = XCBuildConfiguration;
			buildSettings = {
				ASSETCATALOG_COMPILER_APPICON_NAME = AppIcon;
				CODE_SIGN_STYLE = Automatic;
				INFOPLIST_FILE = PlayingCard/Info.plist;
				LD_RUNPATH_SEARCH_PATHS = "$(inherited) @executable_path/Frameworks";
				PRODUCT_BUNDLE_IDENTIFIER = com.nothing.PlayingCard;
				PRODUCT_NAME = "$(TARGET_NAME)";
				SWIFT_VERSION = 4.0;
				TARGETED_DEVICE_FAMILY = "1,2";
			};
			name = Release;
		};
/* End XCBuildConfiguration section */

/* Begin XCConfigurationList section */
		37EF80111FE6C2C0001C7B3E /* Build configuration list for PBXProject "PlayingCard" */ = {
			isa = XCConfigurationList;
			buildConfigurations = (
				37EF80261FE6C2C0001C7B3E /* Debug */,
				37EF80271FE6C2C0001C7B3E /* Release */,
			);
			defaultConfigurationIsVisible = 0;
			defaultConfigurationName = Release;
		};
		37EF80281FE6C2C0001C7B3E /* Build configuration list for PBXNativeTarget "PlayingCard" */ = {
			isa = XCConfigurationList;
			buildConfigurations = (
				37EF80291FE6C2C0001C7B3E /* Debug */,
				37EF802A1FE6C2C0001C7B3E /* Release */,
			);
			defaultConfigurationIsVisible = 0;
			defaultConfigurationName = Release;
		};
/* End XCConfigurationList section */
	};
	rootObject = 37EF800E1FE6C2C0001C7B3E /* Project object */;
}
